// !$*UTF8*$!
{
	archiveVersion = 1;
	classes = {
	};
	objectVersion = 46;
	objects = {

/* Begin PBXAggregateTarget section */
		B023EEAD18A9BF0500A3DBF8 /* Documentation */ = {
			isa = PBXAggregateTarget;
			buildConfigurationList = B023EEB018A9BF0500A3DBF8 /* Build configuration list for PBXAggregateTarget "Documentation" */;
			buildPhases = (
				B023EEB118A9BF8100A3DBF8 /* ShellScript */,
			);
			dependencies = (
			);
			name = Documentation;
			productName = Documentation;
		};
/* End PBXAggregateTarget section */

/* Begin PBXBuildFile section */
		171EA89D189B043F002DEFEF /* MMDietaryRestrictionCell.m in Sources */ = {isa = PBXBuildFile; fileRef = 171EA89C189B043F002DEFEF /* MMDietaryRestrictionCell.m */; };
		171EA8A0189B094E002DEFEF /* MMRestrictionSwitch.m in Sources */ = {isa = PBXBuildFile; fileRef = 171EA89F189B094E002DEFEF /* MMRestrictionSwitch.m */; };
		1731DFAC18A59B0F008BE05B /* 06-magnify.png in Resources */ = {isa = PBXBuildFile; fileRef = 1731DFAB18A59B0F008BE05B /* 06-magnify.png */; };
		1731DFAE18A6CFB2008BE05B /* MenuItemCell.xib in Resources */ = {isa = PBXBuildFile; fileRef = 1731DFAD18A6CFB2008BE05B /* MenuItemCell.xib */; };
		1731DFB118A6D28B008BE05B /* MMMenuItemCell.m in Sources */ = {isa = PBXBuildFile; fileRef = 1731DFB018A6D28B008BE05B /* MMMenuItemCell.m */; };
		174FE0C218945E5900CB82C0 /* RestaurantCell.m in Sources */ = {isa = PBXBuildFile; fileRef = 174FE0C118945E5800CB82C0 /* RestaurantCell.m */; };
		174FE0C418945FE000CB82C0 /* RestaurantTableCell.xib in Resources */ = {isa = PBXBuildFile; fileRef = 174FE0C318945FE000CB82C0 /* RestaurantTableCell.xib */; };
		17F6531D189D83F200D63D3D /* MMRestaurantViewController.m in Sources */ = {isa = PBXBuildFile; fileRef = 17F6531C189D83F200D63D3D /* MMRestaurantViewController.m */; };
		17F9F80918AAEA17006B7DD0 /* MMMenuItemViewController.m in Sources */ = {isa = PBXBuildFile; fileRef = 17F9F80818AAEA17006B7DD0 /* MMMenuItemViewController.m */; };
		17FEDDFD1896FF1400058ABD /* MMRoundedView.m in Sources */ = {isa = PBXBuildFile; fileRef = 17FEDDFC1896FF1400058ABD /* MMRoundedView.m */; };
		833C8C83189D9B85007CB562 /* logo.png in Resources */ = {isa = PBXBuildFile; fileRef = 833C8C82189D9B85007CB562 /* logo.png */; };
		83527CB5189AE16D008285C8 /* MMSpecialsViewController.m in Sources */ = {isa = PBXBuildFile; fileRef = 83527CB4189AE16D008285C8 /* MMSpecialsViewController.m */; };
		83655AA01891E2DF005EBF8A /* MapViewToolbar.xib in Resources */ = {isa = PBXBuildFile; fileRef = 83655A9F1891E2DF005EBF8A /* MapViewToolbar.xib */; };
		837FE29418945CB800A0720E /* MMButton.m in Sources */ = {isa = PBXBuildFile; fileRef = 837FE29318945CB800A0720E /* MMButton.m */; };
		83893EAB18919AD400D36670 /* Foundation.framework in Frameworks */ = {isa = PBXBuildFile; fileRef = 83893EAA18919AD400D36670 /* Foundation.framework */; };
		83893EAD18919AD400D36670 /* CoreGraphics.framework in Frameworks */ = {isa = PBXBuildFile; fileRef = 83893EAC18919AD400D36670 /* CoreGraphics.framework */; };
		83893EAF18919AD400D36670 /* UIKit.framework in Frameworks */ = {isa = PBXBuildFile; fileRef = 83893EAE18919AD400D36670 /* UIKit.framework */; };
		83893EB518919AD400D36670 /* InfoPlist.strings in Resources */ = {isa = PBXBuildFile; fileRef = 83893EB318919AD400D36670 /* InfoPlist.strings */; };
		83893EB718919AD400D36670 /* main.m in Sources */ = {isa = PBXBuildFile; fileRef = 83893EB618919AD400D36670 /* main.m */; };
		83893EBB18919AD400D36670 /* MMAppDelegate.m in Sources */ = {isa = PBXBuildFile; fileRef = 83893EBA18919AD400D36670 /* MMAppDelegate.m */; };
		83893EBE18919AD400D36670 /* Main.storyboard in Resources */ = {isa = PBXBuildFile; fileRef = 83893EBC18919AD400D36670 /* Main.storyboard */; };
		83893EC618919AD400D36670 /* Images.xcassets in Resources */ = {isa = PBXBuildFile; fileRef = 83893EC518919AD400D36670 /* Images.xcassets */; };
		83893ECD18919AD400D36670 /* XCTest.framework in Frameworks */ = {isa = PBXBuildFile; fileRef = 83893ECC18919AD400D36670 /* XCTest.framework */; };
		83893ECE18919AD400D36670 /* Foundation.framework in Frameworks */ = {isa = PBXBuildFile; fileRef = 83893EAA18919AD400D36670 /* Foundation.framework */; };
		83893ECF18919AD400D36670 /* UIKit.framework in Frameworks */ = {isa = PBXBuildFile; fileRef = 83893EAE18919AD400D36670 /* UIKit.framework */; };
		83893ED718919AD400D36670 /* InfoPlist.strings in Resources */ = {isa = PBXBuildFile; fileRef = 83893ED518919AD400D36670 /* InfoPlist.strings */; };
		83A61ED118922E4E00269357 /* MapKit.framework in Frameworks */ = {isa = PBXBuildFile; fileRef = 83A61ED018922E4E00269357 /* MapKit.framework */; };
		83B7E44D1891EE0700946784 /* MMMasterViewController.m in Sources */ = {isa = PBXBuildFile; fileRef = 83B7E44A1891EE0700946784 /* MMMasterViewController.m */; };
		83B7E44E1891EE0700946784 /* MMDetailViewController.m in Sources */ = {isa = PBXBuildFile; fileRef = 83B7E44C1891EE0700946784 /* MMDetailViewController.m */; };
		83B7E4511891F15100946784 /* MMSplitViewController.m in Sources */ = {isa = PBXBuildFile; fileRef = 83B7E4501891F15100946784 /* MMSplitViewController.m */; };
		83B85B861897029100195F05 /* MMSpecialsCollectionViewController.m in Sources */ = {isa = PBXBuildFile; fileRef = 83B85B851897029100195F05 /* MMSpecialsCollectionViewController.m */; };
		83B85B8B18971A3D00195F05 /* MMSpecialType.m in Sources */ = {isa = PBXBuildFile; fileRef = 83B85B8A18971A3D00195F05 /* MMSpecialType.m */; };
		9B1CFF7D18A442C700E9F778 /* MMLocationManager.m in Sources */ = {isa = PBXBuildFile; fileRef = 9B1CFF7C18A442C700E9F778 /* MMLocationManager.m */; };
		9B1CFF7E18A442C700E9F778 /* MMLocationManager.m in Sources */ = {isa = PBXBuildFile; fileRef = 9B1CFF7C18A442C700E9F778 /* MMLocationManager.m */; };
		9B4E24701891D37500F5B955 /* MMUser.m in Sources */ = {isa = PBXBuildFile; fileRef = 9B4E246F1891D37500F5B955 /* MMUser.m */; };
		9B4E24711891D37500F5B955 /* MMUser.m in Sources */ = {isa = PBXBuildFile; fileRef = 9B4E246F1891D37500F5B955 /* MMUser.m */; };
		9B4E24741891D67300F5B955 /* MMMenuItem.m in Sources */ = {isa = PBXBuildFile; fileRef = 9B4E24731891D67300F5B955 /* MMMenuItem.m */; };
		9B4E24751891D67300F5B955 /* MMMenuItem.m in Sources */ = {isa = PBXBuildFile; fileRef = 9B4E24731891D67300F5B955 /* MMMenuItem.m */; };
		9B4E24781891D8C600F5B955 /* MMMerchant.m in Sources */ = {isa = PBXBuildFile; fileRef = 9B4E24771891D8C600F5B955 /* MMMerchant.m */; };
		9B4E24791891D8C600F5B955 /* MMMerchant.m in Sources */ = {isa = PBXBuildFile; fileRef = 9B4E24771891D8C600F5B955 /* MMMerchant.m */; };
		9B4E24801891DAC700F5B955 /* MMMenuItemFavLink.m in Sources */ = {isa = PBXBuildFile; fileRef = 9B4E247F1891DAC700F5B955 /* MMMenuItemFavLink.m */; };
		9B4E24811891DAC700F5B955 /* MMMenuItemFavLink.m in Sources */ = {isa = PBXBuildFile; fileRef = 9B4E247F1891DAC700F5B955 /* MMMenuItemFavLink.m */; };
		9B4E24881891DCD100F5B955 /* MMMenuItemRating.m in Sources */ = {isa = PBXBuildFile; fileRef = 9B4E24871891DCD100F5B955 /* MMMenuItemRating.m */; };
		9B4E24891891DCD100F5B955 /* MMMenuItemRating.m in Sources */ = {isa = PBXBuildFile; fileRef = 9B4E24871891DCD100F5B955 /* MMMenuItemRating.m */; };
		9B4E248D1891E02B00F5B955 /* MMRestriction.m in Sources */ = {isa = PBXBuildFile; fileRef = 9B4E248C1891E02B00F5B955 /* MMRestriction.m */; };
		9B4E248E1891E02B00F5B955 /* MMRestriction.m in Sources */ = {isa = PBXBuildFile; fileRef = 9B4E248C1891E02B00F5B955 /* MMRestriction.m */; };
		9B4E24911891E06200F5B955 /* MMSpecial.m in Sources */ = {isa = PBXBuildFile; fileRef = 9B4E24901891E06200F5B955 /* MMSpecial.m */; };
		9B4E24921891E06200F5B955 /* MMSpecial.m in Sources */ = {isa = PBXBuildFile; fileRef = 9B4E24901891E06200F5B955 /* MMSpecial.m */; };
		9B776FDF18A564D00057B6E1 /* NSArray+MerchantSort.m in Sources */ = {isa = PBXBuildFile; fileRef = 9B776FDE18A564D00057B6E1 /* NSArray+MerchantSort.m */; };
		9B776FE018A564D00057B6E1 /* NSArray+MerchantSort.m in Sources */ = {isa = PBXBuildFile; fileRef = 9B776FDE18A564D00057B6E1 /* NSArray+MerchantSort.m */; };
		9BBD913318943D77006DDBCE /* MMDBFetcher.m in Sources */ = {isa = PBXBuildFile; fileRef = 9BBD913218943D77006DDBCE /* MMDBFetcher.m */; };
		9BBD913418943D77006DDBCE /* MMDBFetcher.m in Sources */ = {isa = PBXBuildFile; fileRef = 9BBD913218943D77006DDBCE /* MMDBFetcher.m */; };
		9BBDE03318A1A59D005EDA0B /* MMParentViewController.m in Sources */ = {isa = PBXBuildFile; fileRef = 9BBDE03218A1A59D005EDA0B /* MMParentViewController.m */; };
		9BBDE03418A1A59D005EDA0B /* MMParentViewController.m in Sources */ = {isa = PBXBuildFile; fileRef = 9BBDE03218A1A59D005EDA0B /* MMParentViewController.m */; };
		9BBDE03D18A1B6E9005EDA0B /* MMSettingsViewController.m in Sources */ = {isa = PBXBuildFile; fileRef = 9BBDE03C18A1B6E9005EDA0B /* MMSettingsViewController.m */; };
		9BBDE03E18A1B6E9005EDA0B /* MMSettingsViewController.m in Sources */ = {isa = PBXBuildFile; fileRef = 9BBDE03C18A1B6E9005EDA0B /* MMSettingsViewController.m */; };
		B027167818A3527D0027BF4E /* MMMockDBFetcherDelegate.m in Sources */ = {isa = PBXBuildFile; fileRef = B027167718A3527D0027BF4E /* MMMockDBFetcherDelegate.m */; };
		B027167A18A3574B0027BF4E /* MMDBFetcherTests.m in Sources */ = {isa = PBXBuildFile; fileRef = B027167918A3574B0027BF4E /* MMDBFetcherTests.m */; };
		B0627E2C18A2CB3700EAA045 /* 19-gear.png in Resources */ = {isa = PBXBuildFile; fileRef = B0627E2818A2CB3700EAA045 /* 19-gear.png */; };
		B0627E2D18A2CB3700EAA045 /* 125-food.png in Resources */ = {isa = PBXBuildFile; fileRef = B0627E2918A2CB3700EAA045 /* 125-food.png */; };
		B0627E2E18A2CB3700EAA045 /* 172-pricetag.png in Resources */ = {isa = PBXBuildFile; fileRef = B0627E2A18A2CB3700EAA045 /* 172-pricetag.png */; };
		B0627E2F18A2CB3700EAA045 /* 184-warning.png in Resources */ = {isa = PBXBuildFile; fileRef = B0627E2B18A2CB3700EAA045 /* 184-warning.png */; };
		B065BEAD18A40F8700EEA46B /* libPods-SDWebImage.a in Frameworks */ = {isa = PBXBuildFile; fileRef = B065BEAC18A40F8700EEA46B /* libPods-SDWebImage.a */; };
		B068A13218A738B5005E8036 /* MMSocialMediaService.m in Sources */ = {isa = PBXBuildFile; fileRef = B068A13118A738B5005E8036 /* MMSocialMediaService.m */; };
		B068A13418A738F4005E8036 /* Social.framework in Frameworks */ = {isa = PBXBuildFile; fileRef = B068A13318A738F4005E8036 /* Social.framework */; };
		B06B61A8189F4AD300A51A81 /* restriction_placeholder.png in Resources */ = {isa = PBXBuildFile; fileRef = B06B61A7189F4AD300A51A81 /* restriction_placeholder.png */; };
		B07A57281893084E00DEBAD8 /* MMLoginViewController.m in Sources */ = {isa = PBXBuildFile; fileRef = B07A57251893084E00DEBAD8 /* MMLoginViewController.m */; };
		B07A57291893084E00DEBAD8 /* UIColor+MyMenuColors.m in Sources */ = {isa = PBXBuildFile; fileRef = B07A57271893084E00DEBAD8 /* UIColor+MyMenuColors.m */; };
		B083AFD918A37CA200CDD0C9 /* MMNetworkClientProxy.m in Sources */ = {isa = PBXBuildFile; fileRef = B083AFD818A37CA200CDD0C9 /* MMNetworkClientProxy.m */; };
		B083C7D8189D85550074F7DC /* MMDBFetcherResponse.m in Sources */ = {isa = PBXBuildFile; fileRef = B083C7D7189D85550074F7DC /* MMDBFetcherResponse.m */; };
		B097D6F91893608300142F8D /* MMDietaryRestrictionsViewController.m in Sources */ = {isa = PBXBuildFile; fileRef = B097D6F81893608300142F8D /* MMDietaryRestrictionsViewController.m */; };
		B097D6FC189360A500142F8D /* MMRegistrationViewController.m in Sources */ = {isa = PBXBuildFile; fileRef = B097D6FB189360A500142F8D /* MMRegistrationViewController.m */; };
		B097D701189392FC00142F8D /* MMMainTabBarViewController.m in Sources */ = {isa = PBXBuildFile; fileRef = B097D700189392FC00142F8D /* MMMainTabBarViewController.m */; };
		B097D7091893A6B200142F8D /* MMMainTabViewSegue.m in Sources */ = {isa = PBXBuildFile; fileRef = B097D7081893A6B200142F8D /* MMMainTabViewSegue.m */; };
		B09C25EA18A38E3E00E05289 /* libPods-RaptureXML.a in Frameworks */ = {isa = PBXBuildFile; fileRef = B09C25E918A38E3E00E05289 /* libPods-RaptureXML.a */; };
		B09C25EC18A38EE000E05289 /* libPods.a in Frameworks */ = {isa = PBXBuildFile; fileRef = B09C25EB18A38EE000E05289 /* libPods.a */; };
		B0AC55BF1896F8CB000BC0DD /* MMPopoverDataPair.m in Sources */ = {isa = PBXBuildFile; fileRef = B0AC55BE1896F8CB000BC0DD /* MMPopoverDataPair.m */; };
		B0AC55C21896F8E9000BC0DD /* MMRegistrationPopoverViewController.m in Sources */ = {isa = PBXBuildFile; fileRef = B0AC55C11896F8E9000BC0DD /* MMRegistrationPopoverViewController.m */; };
		B0B0C4DB18A81FAE00BA47CB /* MMRestaurantMapDelegate.m in Sources */ = {isa = PBXBuildFile; fileRef = B0B0C4DA18A81FAE00BA47CB /* MMRestaurantMapDelegate.m */; };
		B0B0C4DE18A8245600BA47CB /* CurrentLocation.png in Resources */ = {isa = PBXBuildFile; fileRef = B0B0C4DC18A8245600BA47CB /* CurrentLocation.png */; };
		B0B0C4DF18A8245600BA47CB /* LocationMarker.png in Resources */ = {isa = PBXBuildFile; fileRef = B0B0C4DD18A8245600BA47CB /* LocationMarker.png */; };
		B0EB0C8418A397A200CAAF44 /* MMMockNetworkClient.m in Sources */ = {isa = PBXBuildFile; fileRef = B0EB0C8318A397A200CAAF44 /* MMMockNetworkClient.m */; };
		B0EB0C8518A39C0500CAAF44 /* MMDBFetcherResponse.m in Sources */ = {isa = PBXBuildFile; fileRef = B083C7D7189D85550074F7DC /* MMDBFetcherResponse.m */; };
		B0EB0C8718A40E2E00CAAF44 /* libPods-MBProgressHUD.a in Frameworks */ = {isa = PBXBuildFile; fileRef = B0EB0C8618A40E2E00CAAF44 /* libPods-MBProgressHUD.a */; };
/* End PBXBuildFile section */

/* Begin PBXContainerItemProxy section */
		83893ED018919AD400D36670 /* PBXContainerItemProxy */ = {
			isa = PBXContainerItemProxy;
			containerPortal = 83893E9F18919AD400D36670 /* Project object */;
			proxyType = 1;
			remoteGlobalIDString = 83893EA618919AD400D36670;
			remoteInfo = MyMenu;
		};
/* End PBXContainerItemProxy section */

/* Begin PBXFileReference section */
		171EA89B189B043F002DEFEF /* MMDietaryRestrictionCell.h */ = {isa = PBXFileReference; fileEncoding = 4; lastKnownFileType = sourcecode.c.h; path = MMDietaryRestrictionCell.h; sourceTree = "<group>"; };
		171EA89C189B043F002DEFEF /* MMDietaryRestrictionCell.m */ = {isa = PBXFileReference; fileEncoding = 4; lastKnownFileType = sourcecode.c.objc; path = MMDietaryRestrictionCell.m; sourceTree = "<group>"; };
		171EA89E189B094E002DEFEF /* MMRestrictionSwitch.h */ = {isa = PBXFileReference; fileEncoding = 4; lastKnownFileType = sourcecode.c.h; path = MMRestrictionSwitch.h; sourceTree = "<group>"; };
		171EA89F189B094E002DEFEF /* MMRestrictionSwitch.m */ = {isa = PBXFileReference; fileEncoding = 4; lastKnownFileType = sourcecode.c.objc; path = MMRestrictionSwitch.m; sourceTree = "<group>"; };
		1731DFAB18A59B0F008BE05B /* 06-magnify.png */ = {isa = PBXFileReference; lastKnownFileType = image.png; path = "06-magnify.png"; sourceTree = "<group>"; };
		1731DFAD18A6CFB2008BE05B /* MenuItemCell.xib */ = {isa = PBXFileReference; fileEncoding = 4; lastKnownFileType = file.xib; path = MenuItemCell.xib; sourceTree = "<group>"; };
		1731DFAF18A6D28B008BE05B /* MMMenuItemCell.h */ = {isa = PBXFileReference; fileEncoding = 4; lastKnownFileType = sourcecode.c.h; path = MMMenuItemCell.h; sourceTree = "<group>"; };
		1731DFB018A6D28B008BE05B /* MMMenuItemCell.m */ = {isa = PBXFileReference; fileEncoding = 4; lastKnownFileType = sourcecode.c.objc; path = MMMenuItemCell.m; sourceTree = "<group>"; };
		174FE0C018945E5800CB82C0 /* RestaurantCell.h */ = {isa = PBXFileReference; fileEncoding = 4; lastKnownFileType = sourcecode.c.h; path = RestaurantCell.h; sourceTree = "<group>"; };
		174FE0C118945E5800CB82C0 /* RestaurantCell.m */ = {isa = PBXFileReference; fileEncoding = 4; lastKnownFileType = sourcecode.c.objc; path = RestaurantCell.m; sourceTree = "<group>"; };
		174FE0C318945FE000CB82C0 /* RestaurantTableCell.xib */ = {isa = PBXFileReference; fileEncoding = 4; lastKnownFileType = file.xib; path = RestaurantTableCell.xib; sourceTree = "<group>"; };
		17F6531B189D83F200D63D3D /* MMRestaurantViewController.h */ = {isa = PBXFileReference; fileEncoding = 4; lastKnownFileType = sourcecode.c.h; name = MMRestaurantViewController.h; path = ../MMRestaurantViewController.h; sourceTree = "<group>"; };
		17F6531C189D83F200D63D3D /* MMRestaurantViewController.m */ = {isa = PBXFileReference; fileEncoding = 4; lastKnownFileType = sourcecode.c.objc; name = MMRestaurantViewController.m; path = ../MMRestaurantViewController.m; sourceTree = "<group>"; };
		17F9F80718AAEA17006B7DD0 /* MMMenuItemViewController.h */ = {isa = PBXFileReference; fileEncoding = 4; lastKnownFileType = sourcecode.c.h; path = MMMenuItemViewController.h; sourceTree = "<group>"; };
		17F9F80818AAEA17006B7DD0 /* MMMenuItemViewController.m */ = {isa = PBXFileReference; fileEncoding = 4; lastKnownFileType = sourcecode.c.objc; path = MMMenuItemViewController.m; sourceTree = "<group>"; };
		17FEDDFB1896FF1400058ABD /* MMRoundedView.h */ = {isa = PBXFileReference; fileEncoding = 4; lastKnownFileType = sourcecode.c.h; path = MMRoundedView.h; sourceTree = "<group>"; };
		17FEDDFC1896FF1400058ABD /* MMRoundedView.m */ = {isa = PBXFileReference; fileEncoding = 4; lastKnownFileType = sourcecode.c.objc; path = MMRoundedView.m; sourceTree = "<group>"; };
		5C67526E59F84C8AAF4F8411 /* Pods.xcconfig */ = {isa = PBXFileReference; includeInIndex = 1; lastKnownFileType = text.xcconfig; name = Pods.xcconfig; path = Pods/Pods.xcconfig; sourceTree = "<group>"; };
		833C8C82189D9B85007CB562 /* logo.png */ = {isa = PBXFileReference; lastKnownFileType = image.png; path = logo.png; sourceTree = "<group>"; };
		83527CB3189AE16D008285C8 /* MMSpecialsViewController.h */ = {isa = PBXFileReference; fileEncoding = 4; lastKnownFileType = sourcecode.c.h; path = MMSpecialsViewController.h; sourceTree = "<group>"; };
		83527CB4189AE16D008285C8 /* MMSpecialsViewController.m */ = {isa = PBXFileReference; fileEncoding = 4; lastKnownFileType = sourcecode.c.objc; path = MMSpecialsViewController.m; sourceTree = "<group>"; };
		83655A9F1891E2DF005EBF8A /* MapViewToolbar.xib */ = {isa = PBXFileReference; fileEncoding = 4; lastKnownFileType = file.xib; path = MapViewToolbar.xib; sourceTree = "<group>"; };
		837FE29218945CB800A0720E /* MMButton.h */ = {isa = PBXFileReference; fileEncoding = 4; lastKnownFileType = sourcecode.c.h; path = MMButton.h; sourceTree = "<group>"; };
		837FE29318945CB800A0720E /* MMButton.m */ = {isa = PBXFileReference; fileEncoding = 4; lastKnownFileType = sourcecode.c.objc; path = MMButton.m; sourceTree = "<group>"; };
		83893EA718919AD400D36670 /* MyMenu.app */ = {isa = PBXFileReference; explicitFileType = wrapper.application; includeInIndex = 0; path = MyMenu.app; sourceTree = BUILT_PRODUCTS_DIR; };
		83893EAA18919AD400D36670 /* Foundation.framework */ = {isa = PBXFileReference; lastKnownFileType = wrapper.framework; name = Foundation.framework; path = System/Library/Frameworks/Foundation.framework; sourceTree = SDKROOT; };
		83893EAC18919AD400D36670 /* CoreGraphics.framework */ = {isa = PBXFileReference; lastKnownFileType = wrapper.framework; name = CoreGraphics.framework; path = System/Library/Frameworks/CoreGraphics.framework; sourceTree = SDKROOT; };
		83893EAE18919AD400D36670 /* UIKit.framework */ = {isa = PBXFileReference; lastKnownFileType = wrapper.framework; name = UIKit.framework; path = System/Library/Frameworks/UIKit.framework; sourceTree = SDKROOT; };
		83893EB218919AD400D36670 /* MyMenu-Info.plist */ = {isa = PBXFileReference; lastKnownFileType = text.plist.xml; path = "MyMenu-Info.plist"; sourceTree = "<group>"; };
		83893EB418919AD400D36670 /* en */ = {isa = PBXFileReference; lastKnownFileType = text.plist.strings; name = en; path = en.lproj/InfoPlist.strings; sourceTree = "<group>"; };
		83893EB618919AD400D36670 /* main.m */ = {isa = PBXFileReference; lastKnownFileType = sourcecode.c.objc; path = main.m; sourceTree = "<group>"; };
		83893EB818919AD400D36670 /* MyMenu-Prefix.pch */ = {isa = PBXFileReference; lastKnownFileType = sourcecode.c.h; path = "MyMenu-Prefix.pch"; sourceTree = "<group>"; };
		83893EB918919AD400D36670 /* MMAppDelegate.h */ = {isa = PBXFileReference; lastKnownFileType = sourcecode.c.h; path = MMAppDelegate.h; sourceTree = "<group>"; };
		83893EBA18919AD400D36670 /* MMAppDelegate.m */ = {isa = PBXFileReference; lastKnownFileType = sourcecode.c.objc; path = MMAppDelegate.m; sourceTree = "<group>"; };
		83893EBD18919AD400D36670 /* Base */ = {isa = PBXFileReference; lastKnownFileType = file.storyboard; name = Base; path = Base.lproj/Main.storyboard; sourceTree = "<group>"; };
		83893EC518919AD400D36670 /* Images.xcassets */ = {isa = PBXFileReference; lastKnownFileType = folder.assetcatalog; path = Images.xcassets; sourceTree = "<group>"; };
		83893ECB18919AD400D36670 /* MyMenuTests.xctest */ = {isa = PBXFileReference; explicitFileType = wrapper.cfbundle; includeInIndex = 0; path = MyMenuTests.xctest; sourceTree = BUILT_PRODUCTS_DIR; };
		83893ECC18919AD400D36670 /* XCTest.framework */ = {isa = PBXFileReference; lastKnownFileType = wrapper.framework; name = XCTest.framework; path = Library/Frameworks/XCTest.framework; sourceTree = DEVELOPER_DIR; };
		83893ED418919AD400D36670 /* MyMenuTests-Info.plist */ = {isa = PBXFileReference; lastKnownFileType = text.plist.xml; path = "MyMenuTests-Info.plist"; sourceTree = "<group>"; };
		83893ED618919AD400D36670 /* en */ = {isa = PBXFileReference; lastKnownFileType = text.plist.strings; name = en; path = en.lproj/InfoPlist.strings; sourceTree = "<group>"; };
		83A61ED018922E4E00269357 /* MapKit.framework */ = {isa = PBXFileReference; lastKnownFileType = wrapper.framework; name = MapKit.framework; path = System/Library/Frameworks/MapKit.framework; sourceTree = SDKROOT; };
		83B7E4491891EE0700946784 /* MMMasterViewController.h */ = {isa = PBXFileReference; fileEncoding = 4; lastKnownFileType = sourcecode.c.h; path = MMMasterViewController.h; sourceTree = "<group>"; };
		83B7E44A1891EE0700946784 /* MMMasterViewController.m */ = {isa = PBXFileReference; fileEncoding = 4; lastKnownFileType = sourcecode.c.objc; path = MMMasterViewController.m; sourceTree = "<group>"; };
		83B7E44B1891EE0700946784 /* MMDetailViewController.h */ = {isa = PBXFileReference; fileEncoding = 4; lastKnownFileType = sourcecode.c.h; path = MMDetailViewController.h; sourceTree = "<group>"; };
		83B7E44C1891EE0700946784 /* MMDetailViewController.m */ = {isa = PBXFileReference; fileEncoding = 4; lastKnownFileType = sourcecode.c.objc; path = MMDetailViewController.m; sourceTree = "<group>"; };
		83B7E44F1891F15100946784 /* MMSplitViewController.h */ = {isa = PBXFileReference; fileEncoding = 4; lastKnownFileType = sourcecode.c.h; path = MMSplitViewController.h; sourceTree = "<group>"; };
		83B7E4501891F15100946784 /* MMSplitViewController.m */ = {isa = PBXFileReference; fileEncoding = 4; lastKnownFileType = sourcecode.c.objc; path = MMSplitViewController.m; sourceTree = "<group>"; };
		83B85B841897029100195F05 /* MMSpecialsCollectionViewController.h */ = {isa = PBXFileReference; fileEncoding = 4; lastKnownFileType = sourcecode.c.h; path = MMSpecialsCollectionViewController.h; sourceTree = "<group>"; };
		83B85B851897029100195F05 /* MMSpecialsCollectionViewController.m */ = {isa = PBXFileReference; fileEncoding = 4; lastKnownFileType = sourcecode.c.objc; path = MMSpecialsCollectionViewController.m; sourceTree = "<group>"; };
		83B85B8918971A3D00195F05 /* MMSpecialType.h */ = {isa = PBXFileReference; fileEncoding = 4; lastKnownFileType = sourcecode.c.h; path = MMSpecialType.h; sourceTree = "<group>"; };
		83B85B8A18971A3D00195F05 /* MMSpecialType.m */ = {isa = PBXFileReference; fileEncoding = 4; lastKnownFileType = sourcecode.c.objc; path = MMSpecialType.m; sourceTree = "<group>"; };
		8FD0A88C83664DE885E9A628 /* libPods.a */ = {isa = PBXFileReference; explicitFileType = archive.ar; includeInIndex = 0; path = libPods.a; sourceTree = BUILT_PRODUCTS_DIR; };
		9B1CFF7B18A442C700E9F778 /* MMLocationManager.h */ = {isa = PBXFileReference; fileEncoding = 4; lastKnownFileType = sourcecode.c.h; path = MMLocationManager.h; sourceTree = "<group>"; };
		9B1CFF7C18A442C700E9F778 /* MMLocationManager.m */ = {isa = PBXFileReference; fileEncoding = 4; lastKnownFileType = sourcecode.c.objc; path = MMLocationManager.m; sourceTree = "<group>"; };
		9B1CFF7F18A46CF600E9F778 /* libPods-NSString-UrlEncode.a */ = {isa = PBXFileReference; lastKnownFileType = archive.ar; name = "libPods-NSString-UrlEncode.a"; path = "Pods/build/Debug-iphoneos/libPods-NSString-UrlEncode.a"; sourceTree = "<group>"; };
		9B4E246E1891D37500F5B955 /* MMUser.h */ = {isa = PBXFileReference; fileEncoding = 4; lastKnownFileType = sourcecode.c.h; path = MMUser.h; sourceTree = "<group>"; };
		9B4E246F1891D37500F5B955 /* MMUser.m */ = {isa = PBXFileReference; fileEncoding = 4; lastKnownFileType = sourcecode.c.objc; path = MMUser.m; sourceTree = "<group>"; };
		9B4E24721891D67300F5B955 /* MMMenuItem.h */ = {isa = PBXFileReference; fileEncoding = 4; lastKnownFileType = sourcecode.c.h; path = MMMenuItem.h; sourceTree = "<group>"; };
		9B4E24731891D67300F5B955 /* MMMenuItem.m */ = {isa = PBXFileReference; fileEncoding = 4; lastKnownFileType = sourcecode.c.objc; path = MMMenuItem.m; sourceTree = "<group>"; };
		9B4E24761891D8C600F5B955 /* MMMerchant.h */ = {isa = PBXFileReference; fileEncoding = 4; lastKnownFileType = sourcecode.c.h; path = MMMerchant.h; sourceTree = "<group>"; };
		9B4E24771891D8C600F5B955 /* MMMerchant.m */ = {isa = PBXFileReference; fileEncoding = 4; lastKnownFileType = sourcecode.c.objc; path = MMMerchant.m; sourceTree = "<group>"; };
		9B4E247E1891DAC700F5B955 /* MMMenuItemFavLink.h */ = {isa = PBXFileReference; fileEncoding = 4; lastKnownFileType = sourcecode.c.h; path = MMMenuItemFavLink.h; sourceTree = "<group>"; };
		9B4E247F1891DAC700F5B955 /* MMMenuItemFavLink.m */ = {isa = PBXFileReference; fileEncoding = 4; lastKnownFileType = sourcecode.c.objc; path = MMMenuItemFavLink.m; sourceTree = "<group>"; };
		9B4E24861891DCD100F5B955 /* MMMenuItemRating.h */ = {isa = PBXFileReference; fileEncoding = 4; lastKnownFileType = sourcecode.c.h; path = MMMenuItemRating.h; sourceTree = "<group>"; };
		9B4E24871891DCD100F5B955 /* MMMenuItemRating.m */ = {isa = PBXFileReference; fileEncoding = 4; lastKnownFileType = sourcecode.c.objc; path = MMMenuItemRating.m; sourceTree = "<group>"; };
		9B4E248B1891E02B00F5B955 /* MMRestriction.h */ = {isa = PBXFileReference; fileEncoding = 4; lastKnownFileType = sourcecode.c.h; path = MMRestriction.h; sourceTree = "<group>"; };
		9B4E248C1891E02B00F5B955 /* MMRestriction.m */ = {isa = PBXFileReference; fileEncoding = 4; lastKnownFileType = sourcecode.c.objc; path = MMRestriction.m; sourceTree = "<group>"; };
		9B4E248F1891E06200F5B955 /* MMSpecial.h */ = {isa = PBXFileReference; fileEncoding = 4; lastKnownFileType = sourcecode.c.h; path = MMSpecial.h; sourceTree = "<group>"; };
		9B4E24901891E06200F5B955 /* MMSpecial.m */ = {isa = PBXFileReference; fileEncoding = 4; lastKnownFileType = sourcecode.c.objc; path = MMSpecial.m; sourceTree = "<group>"; };
		9B776FDD18A564D00057B6E1 /* NSArray+MerchantSort.h */ = {isa = PBXFileReference; fileEncoding = 4; lastKnownFileType = sourcecode.c.h; path = "NSArray+MerchantSort.h"; sourceTree = "<group>"; };
		9B776FDE18A564D00057B6E1 /* NSArray+MerchantSort.m */ = {isa = PBXFileReference; fileEncoding = 4; lastKnownFileType = sourcecode.c.objc; path = "NSArray+MerchantSort.m"; sourceTree = "<group>"; };
		9BBD913118943D77006DDBCE /* MMDBFetcher.h */ = {isa = PBXFileReference; fileEncoding = 4; lastKnownFileType = sourcecode.c.h; path = MMDBFetcher.h; sourceTree = "<group>"; };
		9BBD913218943D77006DDBCE /* MMDBFetcher.m */ = {isa = PBXFileReference; fileEncoding = 4; lastKnownFileType = sourcecode.c.objc; path = MMDBFetcher.m; sourceTree = "<group>"; };
		9BBD913F189478CF006DDBCE /* libz.dylib */ = {isa = PBXFileReference; lastKnownFileType = "compiled.mach-o.dylib"; name = libz.dylib; path = usr/lib/libz.dylib; sourceTree = SDKROOT; };
		9BBD9141189478DB006DDBCE /* libxml2.dylib */ = {isa = PBXFileReference; lastKnownFileType = "compiled.mach-o.dylib"; name = libxml2.dylib; path = usr/lib/libxml2.dylib; sourceTree = SDKROOT; };
		9BBDE03118A1A59D005EDA0B /* MMParentViewController.h */ = {isa = PBXFileReference; fileEncoding = 4; lastKnownFileType = sourcecode.c.h; path = MMParentViewController.h; sourceTree = "<group>"; };
		9BBDE03218A1A59D005EDA0B /* MMParentViewController.m */ = {isa = PBXFileReference; fileEncoding = 4; lastKnownFileType = sourcecode.c.objc; path = MMParentViewController.m; sourceTree = "<group>"; };
		9BBDE03B18A1B6E9005EDA0B /* MMSettingsViewController.h */ = {isa = PBXFileReference; fileEncoding = 4; lastKnownFileType = sourcecode.c.h; path = MMSettingsViewController.h; sourceTree = "<group>"; };
		9BBDE03C18A1B6E9005EDA0B /* MMSettingsViewController.m */ = {isa = PBXFileReference; fileEncoding = 4; lastKnownFileType = sourcecode.c.objc; path = MMSettingsViewController.m; sourceTree = "<group>"; };
		B027167618A3527D0027BF4E /* MMMockDBFetcherDelegate.h */ = {isa = PBXFileReference; fileEncoding = 4; lastKnownFileType = sourcecode.c.h; path = MMMockDBFetcherDelegate.h; sourceTree = "<group>"; };
		B027167718A3527D0027BF4E /* MMMockDBFetcherDelegate.m */ = {isa = PBXFileReference; fileEncoding = 4; lastKnownFileType = sourcecode.c.objc; path = MMMockDBFetcherDelegate.m; sourceTree = "<group>"; };
		B027167918A3574B0027BF4E /* MMDBFetcherTests.m */ = {isa = PBXFileReference; fileEncoding = 4; lastKnownFileType = sourcecode.c.objc; path = MMDBFetcherTests.m; sourceTree = "<group>"; };
		B0627E2818A2CB3700EAA045 /* 19-gear.png */ = {isa = PBXFileReference; lastKnownFileType = image.png; path = "19-gear.png"; sourceTree = "<group>"; };
		B0627E2918A2CB3700EAA045 /* 125-food.png */ = {isa = PBXFileReference; lastKnownFileType = image.png; path = "125-food.png"; sourceTree = "<group>"; };
		B0627E2A18A2CB3700EAA045 /* 172-pricetag.png */ = {isa = PBXFileReference; lastKnownFileType = image.png; path = "172-pricetag.png"; sourceTree = "<group>"; };
		B0627E2B18A2CB3700EAA045 /* 184-warning.png */ = {isa = PBXFileReference; lastKnownFileType = image.png; path = "184-warning.png"; sourceTree = "<group>"; };
		B065BEAC18A40F8700EEA46B /* libPods-SDWebImage.a */ = {isa = PBXFileReference; lastKnownFileType = archive.ar; name = "libPods-SDWebImage.a"; path = "Pods/build/Debug-iphoneos/libPods-SDWebImage.a"; sourceTree = "<group>"; };
		B068A13018A738B5005E8036 /* MMSocialMediaService.h */ = {isa = PBXFileReference; fileEncoding = 4; lastKnownFileType = sourcecode.c.h; name = MMSocialMediaService.h; path = ../MMSocialMediaService.h; sourceTree = "<group>"; };
		B068A13118A738B5005E8036 /* MMSocialMediaService.m */ = {isa = PBXFileReference; fileEncoding = 4; lastKnownFileType = sourcecode.c.objc; name = MMSocialMediaService.m; path = ../MMSocialMediaService.m; sourceTree = "<group>"; };
		B068A13318A738F4005E8036 /* Social.framework */ = {isa = PBXFileReference; lastKnownFileType = wrapper.framework; name = Social.framework; path = System/Library/Frameworks/Social.framework; sourceTree = SDKROOT; };
		B06B61A7189F4AD300A51A81 /* restriction_placeholder.png */ = {isa = PBXFileReference; lastKnownFileType = image.png; path = restriction_placeholder.png; sourceTree = "<group>"; };
		B0760F14189ED18D00C40D15 /* libMBProgressHUD.a */ = {isa = PBXFileReference; lastKnownFileType = archive.ar; name = libMBProgressHUD.a; path = MyMenu/lib/libMBProgressHUD.a; sourceTree = "<group>"; };
		B07A57241893084E00DEBAD8 /* MMLoginViewController.h */ = {isa = PBXFileReference; fileEncoding = 4; lastKnownFileType = sourcecode.c.h; path = MMLoginViewController.h; sourceTree = "<group>"; };
		B07A57251893084E00DEBAD8 /* MMLoginViewController.m */ = {isa = PBXFileReference; fileEncoding = 4; lastKnownFileType = sourcecode.c.objc; path = MMLoginViewController.m; sourceTree = "<group>"; };
		B07A57261893084E00DEBAD8 /* UIColor+MyMenuColors.h */ = {isa = PBXFileReference; fileEncoding = 4; lastKnownFileType = sourcecode.c.h; path = "UIColor+MyMenuColors.h"; sourceTree = "<group>"; };
		B07A57271893084E00DEBAD8 /* UIColor+MyMenuColors.m */ = {isa = PBXFileReference; fileEncoding = 4; lastKnownFileType = sourcecode.c.objc; path = "UIColor+MyMenuColors.m"; sourceTree = "<group>"; };
		B083AFD618A37C7C00CDD0C9 /* MMNetworkClientProtocol.h */ = {isa = PBXFileReference; lastKnownFileType = sourcecode.c.h; path = MMNetworkClientProtocol.h; sourceTree = "<group>"; };
		B083AFD718A37CA200CDD0C9 /* MMNetworkClientProxy.h */ = {isa = PBXFileReference; fileEncoding = 4; lastKnownFileType = sourcecode.c.h; path = MMNetworkClientProxy.h; sourceTree = "<group>"; };
		B083AFD818A37CA200CDD0C9 /* MMNetworkClientProxy.m */ = {isa = PBXFileReference; fileEncoding = 4; lastKnownFileType = sourcecode.c.objc; path = MMNetworkClientProxy.m; sourceTree = "<group>"; };
		B083C7D5189D85210074F7DC /* MMDBFetcherDelegate.h */ = {isa = PBXFileReference; lastKnownFileType = sourcecode.c.h; path = MMDBFetcherDelegate.h; sourceTree = "<group>"; };
		B083C7D6189D85550074F7DC /* MMDBFetcherResponse.h */ = {isa = PBXFileReference; fileEncoding = 4; lastKnownFileType = sourcecode.c.h; path = MMDBFetcherResponse.h; sourceTree = "<group>"; };
		B083C7D7189D85550074F7DC /* MMDBFetcherResponse.m */ = {isa = PBXFileReference; fileEncoding = 4; lastKnownFileType = sourcecode.c.objc; path = MMDBFetcherResponse.m; sourceTree = "<group>"; };
		B097D6F71893608300142F8D /* MMDietaryRestrictionsViewController.h */ = {isa = PBXFileReference; fileEncoding = 4; lastKnownFileType = sourcecode.c.h; path = MMDietaryRestrictionsViewController.h; sourceTree = "<group>"; };
		B097D6F81893608300142F8D /* MMDietaryRestrictionsViewController.m */ = {isa = PBXFileReference; fileEncoding = 4; lastKnownFileType = sourcecode.c.objc; path = MMDietaryRestrictionsViewController.m; sourceTree = "<group>"; };
		B097D6FA189360A500142F8D /* MMRegistrationViewController.h */ = {isa = PBXFileReference; fileEncoding = 4; lastKnownFileType = sourcecode.c.h; path = MMRegistrationViewController.h; sourceTree = "<group>"; };
		B097D6FB189360A500142F8D /* MMRegistrationViewController.m */ = {isa = PBXFileReference; fileEncoding = 4; lastKnownFileType = sourcecode.c.objc; path = MMRegistrationViewController.m; sourceTree = "<group>"; };
		B097D6FF189392FC00142F8D /* MMMainTabBarViewController.h */ = {isa = PBXFileReference; fileEncoding = 4; lastKnownFileType = sourcecode.c.h; path = MMMainTabBarViewController.h; sourceTree = "<group>"; };
		B097D700189392FC00142F8D /* MMMainTabBarViewController.m */ = {isa = PBXFileReference; fileEncoding = 4; lastKnownFileType = sourcecode.c.objc; path = MMMainTabBarViewController.m; sourceTree = "<group>"; };
		B097D7071893A6B200142F8D /* MMMainTabViewSegue.h */ = {isa = PBXFileReference; fileEncoding = 4; lastKnownFileType = sourcecode.c.h; path = MMMainTabViewSegue.h; sourceTree = "<group>"; };
		B097D7081893A6B200142F8D /* MMMainTabViewSegue.m */ = {isa = PBXFileReference; fileEncoding = 4; lastKnownFileType = sourcecode.c.objc; path = MMMainTabViewSegue.m; sourceTree = "<group>"; };
		B09C25E718A38DF400E05289 /* libPods-OCMock.a */ = {isa = PBXFileReference; lastKnownFileType = archive.ar; name = "libPods-OCMock.a"; path = "Pods/build/Debug-iphoneos/libPods-OCMock.a"; sourceTree = "<group>"; };
		B09C25E918A38E3E00E05289 /* libPods-RaptureXML.a */ = {isa = PBXFileReference; lastKnownFileType = archive.ar; name = "libPods-RaptureXML.a"; path = "Pods/build/Debug-iphoneos/libPods-RaptureXML.a"; sourceTree = "<group>"; };
		B09C25EB18A38EE000E05289 /* libPods.a */ = {isa = PBXFileReference; lastKnownFileType = archive.ar; name = libPods.a; path = "Pods/build/Debug-iphoneos/libPods.a"; sourceTree = "<group>"; };
		B0AC55BD1896F8CB000BC0DD /* MMPopoverDataPair.h */ = {isa = PBXFileReference; fileEncoding = 4; lastKnownFileType = sourcecode.c.h; path = MMPopoverDataPair.h; sourceTree = "<group>"; };
		B0AC55BE1896F8CB000BC0DD /* MMPopoverDataPair.m */ = {isa = PBXFileReference; fileEncoding = 4; lastKnownFileType = sourcecode.c.objc; path = MMPopoverDataPair.m; sourceTree = "<group>"; };
		B0AC55C01896F8E9000BC0DD /* MMRegistrationPopoverViewController.h */ = {isa = PBXFileReference; fileEncoding = 4; lastKnownFileType = sourcecode.c.h; path = MMRegistrationPopoverViewController.h; sourceTree = "<group>"; };
		B0AC55C11896F8E9000BC0DD /* MMRegistrationPopoverViewController.m */ = {isa = PBXFileReference; fileEncoding = 4; lastKnownFileType = sourcecode.c.objc; path = MMRegistrationPopoverViewController.m; sourceTree = "<group>"; };
		B0AC55C41896F927000BC0DD /* MMRegistrationPopoverDelegate.h */ = {isa = PBXFileReference; fileEncoding = 4; lastKnownFileType = sourcecode.c.h; path = MMRegistrationPopoverDelegate.h; sourceTree = "<group>"; };
		B0B0C4D918A81FAE00BA47CB /* MMRestaurantMapDelegate.h */ = {isa = PBXFileReference; fileEncoding = 4; lastKnownFileType = sourcecode.c.h; path = MMRestaurantMapDelegate.h; sourceTree = "<group>"; };
		B0B0C4DA18A81FAE00BA47CB /* MMRestaurantMapDelegate.m */ = {isa = PBXFileReference; fileEncoding = 4; lastKnownFileType = sourcecode.c.objc; path = MMRestaurantMapDelegate.m; sourceTree = "<group>"; };
		B0B0C4DC18A8245600BA47CB /* CurrentLocation.png */ = {isa = PBXFileReference; lastKnownFileType = image.png; path = CurrentLocation.png; sourceTree = "<group>"; };
		B0B0C4DD18A8245600BA47CB /* LocationMarker.png */ = {isa = PBXFileReference; lastKnownFileType = image.png; path = LocationMarker.png; sourceTree = "<group>"; };
		B0EB0C8218A397A200CAAF44 /* MMMockNetworkClient.h */ = {isa = PBXFileReference; fileEncoding = 4; lastKnownFileType = sourcecode.c.h; path = MMMockNetworkClient.h; sourceTree = "<group>"; };
		B0EB0C8318A397A200CAAF44 /* MMMockNetworkClient.m */ = {isa = PBXFileReference; fileEncoding = 4; lastKnownFileType = sourcecode.c.objc; path = MMMockNetworkClient.m; sourceTree = "<group>"; };
		B0EB0C8618A40E2E00CAAF44 /* libPods-MBProgressHUD.a */ = {isa = PBXFileReference; lastKnownFileType = archive.ar; name = "libPods-MBProgressHUD.a"; path = "Pods/build/Debug-iphoneos/libPods-MBProgressHUD.a"; sourceTree = "<group>"; };
/* End PBXFileReference section */

/* Begin PBXFrameworksBuildPhase section */
		83893EA418919AD400D36670 /* Frameworks */ = {
			isa = PBXFrameworksBuildPhase;
			buildActionMask = 2147483647;
			files = (
				B065BEAD18A40F8700EEA46B /* libPods-SDWebImage.a in Frameworks */,
				B0EB0C8718A40E2E00CAAF44 /* libPods-MBProgressHUD.a in Frameworks */,
				B09C25EA18A38E3E00E05289 /* libPods-RaptureXML.a in Frameworks */,
				B068A13418A738F4005E8036 /* Social.framework in Frameworks */,
				83A61ED118922E4E00269357 /* MapKit.framework in Frameworks */,
				83893EAD18919AD400D36670 /* CoreGraphics.framework in Frameworks */,
				83893EAF18919AD400D36670 /* UIKit.framework in Frameworks */,
				83893EAB18919AD400D36670 /* Foundation.framework in Frameworks */,
			);
			runOnlyForDeploymentPostprocessing = 0;
		};
		83893EC818919AD400D36670 /* Frameworks */ = {
			isa = PBXFrameworksBuildPhase;
			buildActionMask = 2147483647;
			files = (
				B09C25EC18A38EE000E05289 /* libPods.a in Frameworks */,
				83893ECD18919AD400D36670 /* XCTest.framework in Frameworks */,
				83893ECF18919AD400D36670 /* UIKit.framework in Frameworks */,
				83893ECE18919AD400D36670 /* Foundation.framework in Frameworks */,
			);
			runOnlyForDeploymentPostprocessing = 0;
		};
/* End PBXFrameworksBuildPhase section */

/* Begin PBXGroup section */
		8333C3EC1894B5680028FFBE /* image_pack */ = {
			isa = PBXGroup;
			children = (
				1731DFAB18A59B0F008BE05B /* 06-magnify.png */,
				B0B0C4DC18A8245600BA47CB /* CurrentLocation.png */,
				B0B0C4DD18A8245600BA47CB /* LocationMarker.png */,
				B0627E2818A2CB3700EAA045 /* 19-gear.png */,
				B0627E2918A2CB3700EAA045 /* 125-food.png */,
				B0627E2A18A2CB3700EAA045 /* 172-pricetag.png */,
				B0627E2B18A2CB3700EAA045 /* 184-warning.png */,
				B06B61A7189F4AD300A51A81 /* restriction_placeholder.png */,
				833C8C82189D9B85007CB562 /* logo.png */,
			);
			name = image_pack;
			path = simpletable_image_pack;
			sourceTree = "<group>";
		};
		837FE29118945C9E00A0720E /* Views */ = {
			isa = PBXGroup;
			children = (
				837FE29218945CB800A0720E /* MMButton.h */,
				837FE29318945CB800A0720E /* MMButton.m */,
				17FEDDFB1896FF1400058ABD /* MMRoundedView.h */,
				17FEDDFC1896FF1400058ABD /* MMRoundedView.m */,
			);
			name = Views;
			sourceTree = "<group>";
		};
		83893E9E18919AD400D36670 = {
			isa = PBXGroup;
			children = (
				83893EB018919AD400D36670 /* MyMenu */,
				83893ED218919AD400D36670 /* MyMenuTests */,
				83893EA918919AD400D36670 /* Frameworks */,
				83893EA818919AD400D36670 /* Products */,
				5C67526E59F84C8AAF4F8411 /* Pods.xcconfig */,
			);
			sourceTree = "<group>";
		};
		83893EA818919AD400D36670 /* Products */ = {
			isa = PBXGroup;
			children = (
				83893EA718919AD400D36670 /* MyMenu.app */,
				83893ECB18919AD400D36670 /* MyMenuTests.xctest */,
			);
			name = Products;
			sourceTree = "<group>";
		};
		83893EA918919AD400D36670 /* Frameworks */ = {
			isa = PBXGroup;
			children = (
				B068A13318A738F4005E8036 /* Social.framework */,
				9B1CFF7F18A46CF600E9F778 /* libPods-NSString-UrlEncode.a */,
				B065BEAC18A40F8700EEA46B /* libPods-SDWebImage.a */,
				B0EB0C8618A40E2E00CAAF44 /* libPods-MBProgressHUD.a */,
				B09C25EB18A38EE000E05289 /* libPods.a */,
				B09C25E918A38E3E00E05289 /* libPods-RaptureXML.a */,
				B09C25E718A38DF400E05289 /* libPods-OCMock.a */,
				B0760F14189ED18D00C40D15 /* libMBProgressHUD.a */,
				9BBD9141189478DB006DDBCE /* libxml2.dylib */,
				9BBD913F189478CF006DDBCE /* libz.dylib */,
				83A61ED018922E4E00269357 /* MapKit.framework */,
				83893EAA18919AD400D36670 /* Foundation.framework */,
				83893EAC18919AD400D36670 /* CoreGraphics.framework */,
				83893EAE18919AD400D36670 /* UIKit.framework */,
				83893ECC18919AD400D36670 /* XCTest.framework */,
				8FD0A88C83664DE885E9A628 /* libPods.a */,
			);
			name = Frameworks;
			sourceTree = "<group>";
		};
		83893EB018919AD400D36670 /* MyMenu */ = {
			isa = PBXGroup;
			children = (
				8333C3EC1894B5680028FFBE /* image_pack */,
				837FE29118945C9E00A0720E /* Views */,
				83893EB918919AD400D36670 /* MMAppDelegate.h */,
				83893EBA18919AD400D36670 /* MMAppDelegate.m */,
				83893EBC18919AD400D36670 /* Main.storyboard */,
				83655A9F1891E2DF005EBF8A /* MapViewToolbar.xib */,
				83893EC518919AD400D36670 /* Images.xcassets */,
				B097D7061893A68000142F8D /* CustomSegue */,
				B097D6FE18938EBE00142F8D /* Category */,
				B097D6FD18938EA300142F8D /* Controller */,
				B0AC55C31896F90D000BC0DD /* Delegate */,
				9B4E248A1891E00100F5B955 /* Model */,
				83893EB118919AD400D36670 /* Supporting Files */,
				174FE0C018945E5800CB82C0 /* RestaurantCell.h */,
				171EA89B189B043F002DEFEF /* MMDietaryRestrictionCell.h */,
				171EA89E189B094E002DEFEF /* MMRestrictionSwitch.h */,
				171EA89F189B094E002DEFEF /* MMRestrictionSwitch.m */,
				171EA89C189B043F002DEFEF /* MMDietaryRestrictionCell.m */,
				174FE0C118945E5800CB82C0 /* RestaurantCell.m */,
				1731DFAF18A6D28B008BE05B /* MMMenuItemCell.h */,
				1731DFB018A6D28B008BE05B /* MMMenuItemCell.m */,
				B068A13018A738B5005E8036 /* MMSocialMediaService.h */,
				B068A13118A738B5005E8036 /* MMSocialMediaService.m */,
			);
			path = MyMenu;
			sourceTree = "<group>";
		};
		83893EB118919AD400D36670 /* Supporting Files */ = {
			isa = PBXGroup;
			children = (
				1731DFAD18A6CFB2008BE05B /* MenuItemCell.xib */,
				174FE0C318945FE000CB82C0 /* RestaurantTableCell.xib */,
				83893EB218919AD400D36670 /* MyMenu-Info.plist */,
				83893EB318919AD400D36670 /* InfoPlist.strings */,
				83893EB618919AD400D36670 /* main.m */,
				83893EB818919AD400D36670 /* MyMenu-Prefix.pch */,
			);
			name = "Supporting Files";
			sourceTree = "<group>";
		};
		83893ED218919AD400D36670 /* MyMenuTests */ = {
			isa = PBXGroup;
			children = (
				B0EB0C8218A397A200CAAF44 /* MMMockNetworkClient.h */,
				B0EB0C8318A397A200CAAF44 /* MMMockNetworkClient.m */,
				B027167618A3527D0027BF4E /* MMMockDBFetcherDelegate.h */,
				B027167718A3527D0027BF4E /* MMMockDBFetcherDelegate.m */,
				B027167918A3574B0027BF4E /* MMDBFetcherTests.m */,
				83893ED318919AD400D36670 /* Supporting Files */,
			);
			path = MyMenuTests;
			sourceTree = "<group>";
		};
		83893ED318919AD400D36670 /* Supporting Files */ = {
			isa = PBXGroup;
			children = (
				83893ED418919AD400D36670 /* MyMenuTests-Info.plist */,
				83893ED518919AD400D36670 /* InfoPlist.strings */,
			);
			name = "Supporting Files";
			sourceTree = "<group>";
		};
		9B4E248A1891E00100F5B955 /* Model */ = {
			isa = PBXGroup;
			children = (
				9B4E246E1891D37500F5B955 /* MMUser.h */,
				9B4E246F1891D37500F5B955 /* MMUser.m */,
				9B4E24721891D67300F5B955 /* MMMenuItem.h */,
				9B4E24761891D8C600F5B955 /* MMMerchant.h */,
				9B4E247E1891DAC700F5B955 /* MMMenuItemFavLink.h */,
				9B4E24861891DCD100F5B955 /* MMMenuItemRating.h */,
				9B4E24871891DCD100F5B955 /* MMMenuItemRating.m */,
				9B4E247F1891DAC700F5B955 /* MMMenuItemFavLink.m */,
				9B4E24771891D8C600F5B955 /* MMMerchant.m */,
				9B4E24731891D67300F5B955 /* MMMenuItem.m */,
				9B4E248B1891E02B00F5B955 /* MMRestriction.h */,
				9B4E248C1891E02B00F5B955 /* MMRestriction.m */,
				9B4E248F1891E06200F5B955 /* MMSpecial.h */,
				9B4E24901891E06200F5B955 /* MMSpecial.m */,
				9BBD913118943D77006DDBCE /* MMDBFetcher.h */,
				9BBD913218943D77006DDBCE /* MMDBFetcher.m */,
				B0AC55BD1896F8CB000BC0DD /* MMPopoverDataPair.h */,
				B0AC55BE1896F8CB000BC0DD /* MMPopoverDataPair.m */,
				83B85B8918971A3D00195F05 /* MMSpecialType.h */,
				83B85B8A18971A3D00195F05 /* MMSpecialType.m */,
				B083C7D6189D85550074F7DC /* MMDBFetcherResponse.h */,
				B083C7D7189D85550074F7DC /* MMDBFetcherResponse.m */,
				B083AFD618A37C7C00CDD0C9 /* MMNetworkClientProtocol.h */,
				B083AFD718A37CA200CDD0C9 /* MMNetworkClientProxy.h */,
				B083AFD818A37CA200CDD0C9 /* MMNetworkClientProxy.m */,
				9B1CFF7B18A442C700E9F778 /* MMLocationManager.h */,
				9B1CFF7C18A442C700E9F778 /* MMLocationManager.m */,
				9B776FDD18A564D00057B6E1 /* NSArray+MerchantSort.h */,
				9B776FDE18A564D00057B6E1 /* NSArray+MerchantSort.m */,
				B0B0C4D918A81FAE00BA47CB /* MMRestaurantMapDelegate.h */,
				B0B0C4DA18A81FAE00BA47CB /* MMRestaurantMapDelegate.m */,
			);
			name = Model;
			sourceTree = "<group>";
		};
		B097D6FD18938EA300142F8D /* Controller */ = {
			isa = PBXGroup;
			children = (
				17F6531B189D83F200D63D3D /* MMRestaurantViewController.h */,
				17F6531C189D83F200D63D3D /* MMRestaurantViewController.m */,
				B0AC55C01896F8E9000BC0DD /* MMRegistrationPopoverViewController.h */,
				B0AC55C11896F8E9000BC0DD /* MMRegistrationPopoverViewController.m */,
				B097D6FA189360A500142F8D /* MMRegistrationViewController.h */,
				B097D6FB189360A500142F8D /* MMRegistrationViewController.m */,
				B07A57241893084E00DEBAD8 /* MMLoginViewController.h */,
				B07A57251893084E00DEBAD8 /* MMLoginViewController.m */,
				B097D6F71893608300142F8D /* MMDietaryRestrictionsViewController.h */,
				B097D6F81893608300142F8D /* MMDietaryRestrictionsViewController.m */,
				83B7E44F1891F15100946784 /* MMSplitViewController.h */,
				83B7E4501891F15100946784 /* MMSplitViewController.m */,
				83B7E4491891EE0700946784 /* MMMasterViewController.h */,
				83B7E44A1891EE0700946784 /* MMMasterViewController.m */,
				83B7E44B1891EE0700946784 /* MMDetailViewController.h */,
				83B7E44C1891EE0700946784 /* MMDetailViewController.m */,
				B097D6FF189392FC00142F8D /* MMMainTabBarViewController.h */,
				B097D700189392FC00142F8D /* MMMainTabBarViewController.m */,
				83B85B841897029100195F05 /* MMSpecialsCollectionViewController.h */,
				83B85B851897029100195F05 /* MMSpecialsCollectionViewController.m */,
				83527CB3189AE16D008285C8 /* MMSpecialsViewController.h */,
				83527CB4189AE16D008285C8 /* MMSpecialsViewController.m */,
				9BBDE03118A1A59D005EDA0B /* MMParentViewController.h */,
				9BBDE03218A1A59D005EDA0B /* MMParentViewController.m */,
				9BBDE03B18A1B6E9005EDA0B /* MMSettingsViewController.h */,
				9BBDE03C18A1B6E9005EDA0B /* MMSettingsViewController.m */,
				17F9F80718AAEA17006B7DD0 /* MMMenuItemViewController.h */,
				17F9F80818AAEA17006B7DD0 /* MMMenuItemViewController.m */,
			);
			name = Controller;
			sourceTree = "<group>";
		};
		B097D6FE18938EBE00142F8D /* Category */ = {
			isa = PBXGroup;
			children = (
				B07A57261893084E00DEBAD8 /* UIColor+MyMenuColors.h */,
				B07A57271893084E00DEBAD8 /* UIColor+MyMenuColors.m */,
			);
			name = Category;
			sourceTree = "<group>";
		};
		B097D7061893A68000142F8D /* CustomSegue */ = {
			isa = PBXGroup;
			children = (
				B097D7071893A6B200142F8D /* MMMainTabViewSegue.h */,
				B097D7081893A6B200142F8D /* MMMainTabViewSegue.m */,
			);
			name = CustomSegue;
			sourceTree = "<group>";
		};
		B0AC55C31896F90D000BC0DD /* Delegate */ = {
			isa = PBXGroup;
			children = (
				B0AC55C41896F927000BC0DD /* MMRegistrationPopoverDelegate.h */,
				B083C7D5189D85210074F7DC /* MMDBFetcherDelegate.h */,
			);
			name = Delegate;
			sourceTree = "<group>";
		};
/* End PBXGroup section */

/* Begin PBXNativeTarget section */
		83893EA618919AD400D36670 /* MyMenu */ = {
			isa = PBXNativeTarget;
			buildConfigurationList = 83893EDC18919AD400D36670 /* Build configuration list for PBXNativeTarget "MyMenu" */;
			buildPhases = (
				B531E901D50543BAB3F10BB7 /* Check Pods Manifest.lock */,
				83893EA318919AD400D36670 /* Sources */,
				83893EA418919AD400D36670 /* Frameworks */,
				83893EA518919AD400D36670 /* Resources */,
				DE3EA861C8CC4304A8C47F73 /* Copy Pods Resources */,
			);
			buildRules = (
			);
			dependencies = (
			);
			name = MyMenu;
			productName = MyMenu;
			productReference = 83893EA718919AD400D36670 /* MyMenu.app */;
			productType = "com.apple.product-type.application";
		};
		83893ECA18919AD400D36670 /* MyMenuTests */ = {
			isa = PBXNativeTarget;
			buildConfigurationList = 83893EDF18919AD400D36670 /* Build configuration list for PBXNativeTarget "MyMenuTests" */;
			buildPhases = (
				83893EC718919AD400D36670 /* Sources */,
				83893EC818919AD400D36670 /* Frameworks */,
				83893EC918919AD400D36670 /* Resources */,
			);
			buildRules = (
			);
			dependencies = (
				83893ED118919AD400D36670 /* PBXTargetDependency */,
			);
			name = MyMenuTests;
			productName = MyMenuTests;
			productReference = 83893ECB18919AD400D36670 /* MyMenuTests.xctest */;
			productType = "com.apple.product-type.bundle.unit-test";
		};
/* End PBXNativeTarget section */

/* Begin PBXProject section */
		83893E9F18919AD400D36670 /* Project object */ = {
			isa = PBXProject;
			attributes = {
				CLASSPREFIX = MM;
				LastUpgradeCheck = 0500;
				ORGANIZATIONNAME = "";
				TargetAttributes = {
					83893ECA18919AD400D36670 = {
						TestTargetID = 83893EA618919AD400D36670;
					};
				};
			};
			buildConfigurationList = 83893EA218919AD400D36670 /* Build configuration list for PBXProject "MyMenu" */;
			compatibilityVersion = "Xcode 3.2";
			developmentRegion = English;
			hasScannedForEncodings = 0;
			knownRegions = (
				en,
				Base,
			);
			mainGroup = 83893E9E18919AD400D36670;
			productRefGroup = 83893EA818919AD400D36670 /* Products */;
			projectDirPath = "";
			projectRoot = "";
			targets = (
				83893EA618919AD400D36670 /* MyMenu */,
				83893ECA18919AD400D36670 /* MyMenuTests */,
				B023EEAD18A9BF0500A3DBF8 /* Documentation */,
			);
		};
/* End PBXProject section */

/* Begin PBXResourcesBuildPhase section */
		83893EA518919AD400D36670 /* Resources */ = {
			isa = PBXResourcesBuildPhase;
			buildActionMask = 2147483647;
			files = (
				B0627E2D18A2CB3700EAA045 /* 125-food.png in Resources */,
				1731DFAE18A6CFB2008BE05B /* MenuItemCell.xib in Resources */,
				B0627E2E18A2CB3700EAA045 /* 172-pricetag.png in Resources */,
				833C8C83189D9B85007CB562 /* logo.png in Resources */,
				B0627E2F18A2CB3700EAA045 /* 184-warning.png in Resources */,
				B0B0C4DE18A8245600BA47CB /* CurrentLocation.png in Resources */,
				174FE0C418945FE000CB82C0 /* RestaurantTableCell.xib in Resources */,
				83893EC618919AD400D36670 /* Images.xcassets in Resources */,
				B0627E2C18A2CB3700EAA045 /* 19-gear.png in Resources */,
				B06B61A8189F4AD300A51A81 /* restriction_placeholder.png in Resources */,
				1731DFAC18A59B0F008BE05B /* 06-magnify.png in Resources */,
				83893EB518919AD400D36670 /* InfoPlist.strings in Resources */,
				83893EBE18919AD400D36670 /* Main.storyboard in Resources */,
				83655AA01891E2DF005EBF8A /* MapViewToolbar.xib in Resources */,
				B0B0C4DF18A8245600BA47CB /* LocationMarker.png in Resources */,
			);
			runOnlyForDeploymentPostprocessing = 0;
		};
		83893EC918919AD400D36670 /* Resources */ = {
			isa = PBXResourcesBuildPhase;
			buildActionMask = 2147483647;
			files = (
				83893ED718919AD400D36670 /* InfoPlist.strings in Resources */,
			);
			runOnlyForDeploymentPostprocessing = 0;
		};
/* End PBXResourcesBuildPhase section */

/* Begin PBXShellScriptBuildPhase section */
		B023EEB118A9BF8100A3DBF8 /* ShellScript */ = {
			isa = PBXShellScriptBuildPhase;
			buildActionMask = 2147483647;
			files = (
			);
			inputPaths = (
			);
			outputPaths = (
			);
			runOnlyForDeploymentPostprocessing = 0;
			shellPath = /bin/sh;
			shellScript = "# Start constants\ncompany=\"MyMenu\";\ncompanyID=\"ca.mymenu\";\ncompanyURL=\"http://mymenuapp.ca\";\ntarget=\"iphoneos\";\noutputPath=\"../docs/ios\";\n\n# End constants\n./appledoc/bin/appledoc \\\n--project-name \"${PROJECT_NAME}\" \\\n--project-company \"${company}\" \\\n--company-id \"${companyID}\" \\\n--docset-atom-filename \"${company}.atom\" \\\n--docset-feed-url \"${companyURL}/${company}/%DOCSETATOMFILENAME\" \\\n--docset-package-url \"${companyURL}/${company}/%DOCSETPACKAGEFILENAME\" \\\n--docset-fallback-url \"${companyURL}/${company}\" \\\n--output \"${outputPath}\" \\\n--publish-docset \\\n--docset-platform-family \"${target}\" \\\n--logformat xcode \\\n--keep-intermediate-files \\\n--no-repeat-first-par \\\n--no-warn-invalid-crossref \\\n--exit-threshold 2 \\\n\"${PROJECT_DIR}\"";
		};
		B531E901D50543BAB3F10BB7 /* Check Pods Manifest.lock */ = {
			isa = PBXShellScriptBuildPhase;
			buildActionMask = 2147483647;
			files = (
			);
			inputPaths = (
			);
			name = "Check Pods Manifest.lock";
			outputPaths = (
			);
			runOnlyForDeploymentPostprocessing = 0;
			shellPath = /bin/sh;
			shellScript = "diff \"${PODS_ROOT}/../Podfile.lock\" \"${PODS_ROOT}/Manifest.lock\" > /dev/null\nif [[ $? != 0 ]] ; then\n    cat << EOM\nerror: The sandbox is not in sync with the Podfile.lock. Run 'pod install' or update your CocoaPods installation.\nEOM\n    exit 1\nfi\n";
			showEnvVarsInLog = 0;
		};
		DE3EA861C8CC4304A8C47F73 /* Copy Pods Resources */ = {
			isa = PBXShellScriptBuildPhase;
			buildActionMask = 2147483647;
			files = (
			);
			inputPaths = (
			);
			name = "Copy Pods Resources";
			outputPaths = (
			);
			runOnlyForDeploymentPostprocessing = 0;
			shellPath = /bin/sh;
			shellScript = "\"${SRCROOT}/Pods/Pods-resources.sh\"\n";
			showEnvVarsInLog = 0;
		};
/* End PBXShellScriptBuildPhase section */

/* Begin PBXSourcesBuildPhase section */
		83893EA318919AD400D36670 /* Sources */ = {
			isa = PBXSourcesBuildPhase;
			buildActionMask = 2147483647;
			files = (
				9B776FDF18A564D00057B6E1 /* NSArray+MerchantSort.m in Sources */,
				83527CB5189AE16D008285C8 /* MMSpecialsViewController.m in Sources */,
				174FE0C218945E5900CB82C0 /* RestaurantCell.m in Sources */,
				9B4E24701891D37500F5B955 /* MMUser.m in Sources */,
				9BBD913318943D77006DDBCE /* MMDBFetcher.m in Sources */,
				9BBDE03D18A1B6E9005EDA0B /* MMSettingsViewController.m in Sources */,
				83B85B861897029100195F05 /* MMSpecialsCollectionViewController.m in Sources */,
				B097D6F91893608300142F8D /* MMDietaryRestrictionsViewController.m in Sources */,
				9B4E24741891D67300F5B955 /* MMMenuItem.m in Sources */,
				B0AC55C21896F8E9000BC0DD /* MMRegistrationPopoverViewController.m in Sources */,
				17F9F80918AAEA17006B7DD0 /* MMMenuItemViewController.m in Sources */,
				9B4E248D1891E02B00F5B955 /* MMRestriction.m in Sources */,
				9B4E24801891DAC700F5B955 /* MMMenuItemFavLink.m in Sources */,
				171EA8A0189B094E002DEFEF /* MMRestrictionSwitch.m in Sources */,
				B07A57281893084E00DEBAD8 /* MMLoginViewController.m in Sources */,
				171EA89D189B043F002DEFEF /* MMDietaryRestrictionCell.m in Sources */,
				1731DFB118A6D28B008BE05B /* MMMenuItemCell.m in Sources */,
				837FE29418945CB800A0720E /* MMButton.m in Sources */,
				B07A57291893084E00DEBAD8 /* UIColor+MyMenuColors.m in Sources */,
				83893EBB18919AD400D36670 /* MMAppDelegate.m in Sources */,
				B083C7D8189D85550074F7DC /* MMDBFetcherResponse.m in Sources */,
				B097D6FC189360A500142F8D /* MMRegistrationViewController.m in Sources */,
				83B7E44D1891EE0700946784 /* MMMasterViewController.m in Sources */,
				B0AC55BF1896F8CB000BC0DD /* MMPopoverDataPair.m in Sources */,
				83B7E4511891F15100946784 /* MMSplitViewController.m in Sources */,
				17FEDDFD1896FF1400058ABD /* MMRoundedView.m in Sources */,
				83893EB718919AD400D36670 /* main.m in Sources */,
				9B4E24911891E06200F5B955 /* MMSpecial.m in Sources */,
				17F6531D189D83F200D63D3D /* MMRestaurantViewController.m in Sources */,
				B083AFD918A37CA200CDD0C9 /* MMNetworkClientProxy.m in Sources */,
				B097D701189392FC00142F8D /* MMMainTabBarViewController.m in Sources */,
				83B85B8B18971A3D00195F05 /* MMSpecialType.m in Sources */,
				B0B0C4DB18A81FAE00BA47CB /* MMRestaurantMapDelegate.m in Sources */,
				9B4E24881891DCD100F5B955 /* MMMenuItemRating.m in Sources */,
				B097D7091893A6B200142F8D /* MMMainTabViewSegue.m in Sources */,
				9BBDE03318A1A59D005EDA0B /* MMParentViewController.m in Sources */,
				9B4E24781891D8C600F5B955 /* MMMerchant.m in Sources */,
				9B1CFF7D18A442C700E9F778 /* MMLocationManager.m in Sources */,
				83B7E44E1891EE0700946784 /* MMDetailViewController.m in Sources */,
				B068A13218A738B5005E8036 /* MMSocialMediaService.m in Sources */,
			);
			runOnlyForDeploymentPostprocessing = 0;
		};
		83893EC718919AD400D36670 /* Sources */ = {
			isa = PBXSourcesBuildPhase;
			buildActionMask = 2147483647;
			files = (
				B0EB0C8518A39C0500CAAF44 /* MMDBFetcherResponse.m in Sources */,
				9B4E24891891DCD100F5B955 /* MMMenuItemRating.m in Sources */,
				B027167A18A3574B0027BF4E /* MMDBFetcherTests.m in Sources */,
				B0EB0C8418A397A200CAAF44 /* MMMockNetworkClient.m in Sources */,
				9BBDE03418A1A59D005EDA0B /* MMParentViewController.m in Sources */,
				9BBD913418943D77006DDBCE /* MMDBFetcher.m in Sources */,
				9B776FE018A564D00057B6E1 /* NSArray+MerchantSort.m in Sources */,
				B027167818A3527D0027BF4E /* MMMockDBFetcherDelegate.m in Sources */,
				9B4E24811891DAC700F5B955 /* MMMenuItemFavLink.m in Sources */,
				9B4E24711891D37500F5B955 /* MMUser.m in Sources */,
				9B4E24751891D67300F5B955 /* MMMenuItem.m in Sources */,
				9B4E248E1891E02B00F5B955 /* MMRestriction.m in Sources */,
				9B1CFF7E18A442C700E9F778 /* MMLocationManager.m in Sources */,
				9B4E24791891D8C600F5B955 /* MMMerchant.m in Sources */,
				9B4E24921891E06200F5B955 /* MMSpecial.m in Sources */,
				9BBDE03E18A1B6E9005EDA0B /* MMSettingsViewController.m in Sources */,
			);
			runOnlyForDeploymentPostprocessing = 0;
		};
/* End PBXSourcesBuildPhase section */

/* Begin PBXTargetDependency section */
		83893ED118919AD400D36670 /* PBXTargetDependency */ = {
			isa = PBXTargetDependency;
			target = 83893EA618919AD400D36670 /* MyMenu */;
			targetProxy = 83893ED018919AD400D36670 /* PBXContainerItemProxy */;
		};
/* End PBXTargetDependency section */

/* Begin PBXVariantGroup section */
		83893EB318919AD400D36670 /* InfoPlist.strings */ = {
			isa = PBXVariantGroup;
			children = (
				83893EB418919AD400D36670 /* en */,
			);
			name = InfoPlist.strings;
			sourceTree = "<group>";
		};
		83893EBC18919AD400D36670 /* Main.storyboard */ = {
			isa = PBXVariantGroup;
			children = (
				83893EBD18919AD400D36670 /* Base */,
			);
			name = Main.storyboard;
			sourceTree = "<group>";
		};
		83893ED518919AD400D36670 /* InfoPlist.strings */ = {
			isa = PBXVariantGroup;
			children = (
				83893ED618919AD400D36670 /* en */,
			);
			name = InfoPlist.strings;
			sourceTree = "<group>";
		};
/* End PBXVariantGroup section */

/* Begin XCBuildConfiguration section */
		83893EDA18919AD400D36670 /* Debug */ = {
			isa = XCBuildConfiguration;
			buildSettings = {
				ALWAYS_SEARCH_USER_PATHS = YES;
				ARCHS = "$(ARCHS_STANDARD_INCLUDING_64_BIT)";
				ASSETCATALOG_COMPILER_APPICON_NAME = "";
				CLANG_CXX_LANGUAGE_STANDARD = "gnu++0x";
				CLANG_CXX_LIBRARY = "libc++";
				CLANG_ENABLE_MODULES = YES;
				CLANG_ENABLE_OBJC_ARC = YES;
				CLANG_WARN_BOOL_CONVERSION = YES;
				CLANG_WARN_CONSTANT_CONVERSION = YES;
				CLANG_WARN_DIRECT_OBJC_ISA_USAGE = YES_ERROR;
				CLANG_WARN_EMPTY_BODY = YES;
				CLANG_WARN_ENUM_CONVERSION = YES;
				CLANG_WARN_INT_CONVERSION = YES;
				CLANG_WARN_OBJC_ROOT_CLASS = YES_ERROR;
				CLANG_WARN__DUPLICATE_METHOD_MATCH = YES;
				"CODE_SIGN_IDENTITY[sdk=iphoneos*]" = "iPhone Developer: Louis Lim (F9XGHU68GK)";
				COPY_PHASE_STRIP = NO;
				DEPLOYMENT_LOCATION = YES;
				GCC_C_LANGUAGE_STANDARD = gnu99;
				GCC_DYNAMIC_NO_PIC = NO;
				GCC_OPTIMIZATION_LEVEL = 0;
				GCC_PREPROCESSOR_DEFINITIONS = (
					"DEBUG=1",
					"$(inherited)",
				);
				GCC_SYMBOLS_PRIVATE_EXTERN = NO;
				GCC_WARN_64_TO_32_BIT_CONVERSION = YES;
				GCC_WARN_ABOUT_RETURN_TYPE = YES_ERROR;
				GCC_WARN_UNDECLARED_SELECTOR = YES;
				GCC_WARN_UNINITIALIZED_AUTOS = YES;
				GCC_WARN_UNUSED_FUNCTION = YES;
				GCC_WARN_UNUSED_VARIABLE = YES;
				HEADER_SEARCH_PATHS = (
					"$(inherited)",
					/Applications/Xcode.app/Contents/Developer/Toolchains/XcodeDefault.xctoolchain/usr/include,
				);
				IPHONEOS_DEPLOYMENT_TARGET = 7.0;
				ONLY_ACTIVE_ARCH = YES;
				PROVISIONING_PROFILE = "C242E115-B748-4086-BF5D-14FDBE4FF357";
				SDKROOT = iphoneos;
				TARGETED_DEVICE_FAMILY = 2;
			};
			name = Debug;
		};
		83893EDB18919AD400D36670 /* Release */ = {
			isa = XCBuildConfiguration;
			buildSettings = {
				ALWAYS_SEARCH_USER_PATHS = YES;
				ARCHS = "$(ARCHS_STANDARD_INCLUDING_64_BIT)";
				CLANG_CXX_LANGUAGE_STANDARD = "gnu++0x";
				CLANG_CXX_LIBRARY = "libc++";
				CLANG_ENABLE_MODULES = YES;
				CLANG_ENABLE_OBJC_ARC = YES;
				CLANG_WARN_BOOL_CONVERSION = YES;
				CLANG_WARN_CONSTANT_CONVERSION = YES;
				CLANG_WARN_DIRECT_OBJC_ISA_USAGE = YES_ERROR;
				CLANG_WARN_EMPTY_BODY = YES;
				CLANG_WARN_ENUM_CONVERSION = YES;
				CLANG_WARN_INT_CONVERSION = YES;
				CLANG_WARN_OBJC_ROOT_CLASS = YES_ERROR;
				CLANG_WARN__DUPLICATE_METHOD_MATCH = YES;
				"CODE_SIGN_IDENTITY[sdk=iphoneos*]" = "iPhone Developer: Louis Lim (F9XGHU68GK)";
				COPY_PHASE_STRIP = YES;
				DEPLOYMENT_LOCATION = YES;
				ENABLE_NS_ASSERTIONS = NO;
				GCC_C_LANGUAGE_STANDARD = gnu99;
				GCC_WARN_64_TO_32_BIT_CONVERSION = YES;
				GCC_WARN_ABOUT_RETURN_TYPE = YES_ERROR;
				GCC_WARN_UNDECLARED_SELECTOR = YES;
				GCC_WARN_UNINITIALIZED_AUTOS = YES;
				GCC_WARN_UNUSED_FUNCTION = YES;
				GCC_WARN_UNUSED_VARIABLE = YES;
				HEADER_SEARCH_PATHS = (
					"$(inherited)",
					/Applications/Xcode.app/Contents/Developer/Toolchains/XcodeDefault.xctoolchain/usr/include,
				);
				IPHONEOS_DEPLOYMENT_TARGET = 7.0;
				PROVISIONING_PROFILE = "C242E115-B748-4086-BF5D-14FDBE4FF357";
				SDKROOT = iphoneos;
				TARGETED_DEVICE_FAMILY = 2;
				VALIDATE_PRODUCT = YES;
			};
			name = Release;
		};
		83893EDD18919AD400D36670 /* Debug */ = {
			isa = XCBuildConfiguration;
			baseConfigurationReference = 5C67526E59F84C8AAF4F8411 /* Pods.xcconfig */;
			buildSettings = {
				ASSETCATALOG_COMPILER_LAUNCHIMAGE_NAME = LaunchImage;
				GCC_PRECOMPILE_PREFIX_HEADER = YES;
				GCC_PREFIX_HEADER = "MyMenu/MyMenu-Prefix.pch";
				HEADER_SEARCH_PATHS = (
					"$(inherited)",
					/Applications/Xcode.app/Contents/Developer/Toolchains/XcodeDefault.xctoolchain/usr/include,
				);
				INFOPLIST_FILE = "MyMenu/MyMenu-Info.plist";
				IPHONEOS_DEPLOYMENT_TARGET = 7.0;
				LIBRARY_SEARCH_PATHS = "$(inherited)";
				PRODUCT_NAME = "$(TARGET_NAME)";
				WRAPPER_EXTENSION = app;
			};
			name = Debug;
		};
		83893EDE18919AD400D36670 /* Release */ = {
			isa = XCBuildConfiguration;
			baseConfigurationReference = 5C67526E59F84C8AAF4F8411 /* Pods.xcconfig */;
			buildSettings = {
				ASSETCATALOG_COMPILER_LAUNCHIMAGE_NAME = LaunchImage;
				GCC_PRECOMPILE_PREFIX_HEADER = YES;
				GCC_PREFIX_HEADER = "MyMenu/MyMenu-Prefix.pch";
				HEADER_SEARCH_PATHS = (
					"$(inherited)",
					/Applications/Xcode.app/Contents/Developer/Toolchains/XcodeDefault.xctoolchain/usr/include,
				);
				INFOPLIST_FILE = "MyMenu/MyMenu-Info.plist";
				IPHONEOS_DEPLOYMENT_TARGET = 7.0;
				LIBRARY_SEARCH_PATHS = "$(inherited)";
				PRODUCT_NAME = "$(TARGET_NAME)";
				WRAPPER_EXTENSION = app;
			};
			name = Release;
		};
		83893EE018919AD400D36670 /* Debug */ = {
			isa = XCBuildConfiguration;
			baseConfigurationReference = 5C67526E59F84C8AAF4F8411 /* Pods.xcconfig */;
			buildSettings = {
				ALWAYS_SEARCH_USER_PATHS = YES;
				ARCHS = "$(ARCHS_STANDARD_INCLUDING_64_BIT)";
				BUNDLE_LOADER = "$(BUILT_PRODUCTS_DIR)/MyMenu.app/MyMenu";
				FRAMEWORK_SEARCH_PATHS = (
					"$(SDKROOT)/Developer/Library/Frameworks",
					"$(inherited)",
					"$(DEVELOPER_FRAMEWORKS_DIR)",
				);
				GCC_PRECOMPILE_PREFIX_HEADER = YES;
				GCC_PREFIX_HEADER = "MyMenu/MyMenu-Prefix.pch";
				GCC_PREPROCESSOR_DEFINITIONS = (
					"DEBUG=1",
					"$(inherited)",
				);
				INFOPLIST_FILE = "MyMenuTests/MyMenuTests-Info.plist";
				PRODUCT_NAME = "$(TARGET_NAME)";
				TEST_HOST = "$(BUNDLE_LOADER)";
				WRAPPER_EXTENSION = xctest;
			};
			name = Debug;
		};
		83893EE118919AD400D36670 /* Release */ = {
			isa = XCBuildConfiguration;
			baseConfigurationReference = 5C67526E59F84C8AAF4F8411 /* Pods.xcconfig */;
			buildSettings = {
				ALWAYS_SEARCH_USER_PATHS = YES;
				ARCHS = "$(ARCHS_STANDARD_INCLUDING_64_BIT)";
				BUNDLE_LOADER = "$(BUILT_PRODUCTS_DIR)/MyMenu.app/MyMenu";
				FRAMEWORK_SEARCH_PATHS = (
					"$(SDKROOT)/Developer/Library/Frameworks",
					"$(inherited)",
					"$(DEVELOPER_FRAMEWORKS_DIR)",
				);
				GCC_PRECOMPILE_PREFIX_HEADER = YES;
				GCC_PREFIX_HEADER = "MyMenu/MyMenu-Prefix.pch";
				INFOPLIST_FILE = "MyMenuTests/MyMenuTests-Info.plist";
				PRODUCT_NAME = "$(TARGET_NAME)";
				TEST_HOST = "$(BUNDLE_LOADER)";
				WRAPPER_EXTENSION = xctest;
			};
			name = Release;
		};
		B023EEAE18A9BF0500A3DBF8 /* Debug */ = {
			isa = XCBuildConfiguration;
			buildSettings = {
				PRODUCT_NAME = "$(TARGET_NAME)";
			};
			name = Debug;
		};
		B023EEAF18A9BF0500A3DBF8 /* Release */ = {
			isa = XCBuildConfiguration;
			buildSettings = {
				PRODUCT_NAME = "$(TARGET_NAME)";
			};
			name = Release;
		};
/* End XCBuildConfiguration section */

/* Begin XCConfigurationList section */
		83893EA218919AD400D36670 /* Build configuration list for PBXProject "MyMenu" */ = {
			isa = XCConfigurationList;
			buildConfigurations = (
				83893EDA18919AD400D36670 /* Debug */,
				83893EDB18919AD400D36670 /* Release */,
			);
			defaultConfigurationIsVisible = 0;
			defaultConfigurationName = Release;
		};
		83893EDC18919AD400D36670 /* Build configuration list for PBXNativeTarget "MyMenu" */ = {
			isa = XCConfigurationList;
			buildConfigurations = (
				83893EDD18919AD400D36670 /* Debug */,
				83893EDE18919AD400D36670 /* Release */,
			);
			defaultConfigurationIsVisible = 0;
			defaultConfigurationName = Release;
		};
		83893EDF18919AD400D36670 /* Build configuration list for PBXNativeTarget "MyMenuTests" */ = {
			isa = XCConfigurationList;
			buildConfigurations = (
				83893EE018919AD400D36670 /* Debug */,
				83893EE118919AD400D36670 /* Release */,
			);
			defaultConfigurationIsVisible = 0;
			defaultConfigurationName = Release;
		};
		B023EEB018A9BF0500A3DBF8 /* Build configuration list for PBXAggregateTarget "Documentation" */ = {
			isa = XCConfigurationList;
			buildConfigurations = (
				B023EEAE18A9BF0500A3DBF8 /* Debug */,
				B023EEAF18A9BF0500A3DBF8 /* Release */,
			);
			defaultConfigurationIsVisible = 0;
			defaultConfigurationName = Release;
		};
/* End XCConfigurationList section */
	};
	rootObject = 83893E9F18919AD400D36670 /* Project object */;
}
