// !$*UTF8*$!
{
	archiveVersion = 1;
	classes = {
	};
	objectVersion = 46;
	objects = {

/* Begin PBXAggregateTarget section */
		B023EEAD18A9BF0500A3DBF8 /* Documentation */ = {
			isa = PBXAggregateTarget;
			buildConfigurationList = B023EEB018A9BF0500A3DBF8 /* Build configuration list for PBXAggregateTarget "Documentation" */;
			buildPhases = (
				B023EEB118A9BF8100A3DBF8 /* ShellScript */,
			);
			dependencies = (
			);
			name = Documentation;
			productName = Documentation;
		};
/* End PBXAggregateTarget section */

/* Begin PBXBuildFile section */
		1722200318C279380022FE8B /* MenuItemReviewCell.xib in Resources */ = {isa = PBXBuildFile; fileRef = 1722200218C279380022FE8B /* MenuItemReviewCell.xib */; };
		1731DFAC18A59B0F008BE05B /* 06-magnify.png in Resources */ = {isa = PBXBuildFile; fileRef = 1731DFAB18A59B0F008BE05B /* 06-magnify.png */; };
		1731DFAE18A6CFB2008BE05B /* MenuItemCell.xib in Resources */ = {isa = PBXBuildFile; fileRef = 1731DFAD18A6CFB2008BE05B /* MenuItemCell.xib */; };
		1744F9BF18C524FD009CCC95 /* upvote.png in Resources */ = {isa = PBXBuildFile; fileRef = 1744F9BD18C524FD009CCC95 /* upvote.png */; };
		1744F9C018C524FD009CCC95 /* upvote@2x.png in Resources */ = {isa = PBXBuildFile; fileRef = 1744F9BE18C524FD009CCC95 /* upvote@2x.png */; };
		174FE0C418945FE000CB82C0 /* RestaurantTableCell.xib in Resources */ = {isa = PBXBuildFile; fileRef = 174FE0C318945FE000CB82C0 /* RestaurantTableCell.xib */; };
		17F9F80D18AC3565006B7DD0 /* facebookshare.jpg in Resources */ = {isa = PBXBuildFile; fileRef = 17F9F80C18AC3565006B7DD0 /* facebookshare.jpg */; };
		17F9F80F18AC356F006B7DD0 /* twittershare.jpg in Resources */ = {isa = PBXBuildFile; fileRef = 17F9F80E18AC356F006B7DD0 /* twittershare.jpg */; };
		833C8C83189D9B85007CB562 /* logo.png in Resources */ = {isa = PBXBuildFile; fileRef = 833C8C82189D9B85007CB562 /* logo.png */; };
		83655AA01891E2DF005EBF8A /* MapViewToolbar.xib in Resources */ = {isa = PBXBuildFile; fileRef = 83655A9F1891E2DF005EBF8A /* MapViewToolbar.xib */; };
		83893EAB18919AD400D36670 /* Foundation.framework in Frameworks */ = {isa = PBXBuildFile; fileRef = 83893EAA18919AD400D36670 /* Foundation.framework */; };
		83893EAD18919AD400D36670 /* CoreGraphics.framework in Frameworks */ = {isa = PBXBuildFile; fileRef = 83893EAC18919AD400D36670 /* CoreGraphics.framework */; };
		83893EAF18919AD400D36670 /* UIKit.framework in Frameworks */ = {isa = PBXBuildFile; fileRef = 83893EAE18919AD400D36670 /* UIKit.framework */; };
		83893EB518919AD400D36670 /* InfoPlist.strings in Resources */ = {isa = PBXBuildFile; fileRef = 83893EB318919AD400D36670 /* InfoPlist.strings */; };
		83893EB718919AD400D36670 /* main.m in Sources */ = {isa = PBXBuildFile; fileRef = 83893EB618919AD400D36670 /* main.m */; };
		83893EBE18919AD400D36670 /* Main.storyboard in Resources */ = {isa = PBXBuildFile; fileRef = 83893EBC18919AD400D36670 /* Main.storyboard */; };
		83893EC618919AD400D36670 /* Images.xcassets in Resources */ = {isa = PBXBuildFile; fileRef = 83893EC518919AD400D36670 /* Images.xcassets */; };
		83893ECD18919AD400D36670 /* XCTest.framework in Frameworks */ = {isa = PBXBuildFile; fileRef = 83893ECC18919AD400D36670 /* XCTest.framework */; };
		83893ECE18919AD400D36670 /* Foundation.framework in Frameworks */ = {isa = PBXBuildFile; fileRef = 83893EAA18919AD400D36670 /* Foundation.framework */; };
		83893ECF18919AD400D36670 /* UIKit.framework in Frameworks */ = {isa = PBXBuildFile; fileRef = 83893EAE18919AD400D36670 /* UIKit.framework */; };
		83893ED718919AD400D36670 /* InfoPlist.strings in Resources */ = {isa = PBXBuildFile; fileRef = 83893ED518919AD400D36670 /* InfoPlist.strings */; };
		83A61ED118922E4E00269357 /* MapKit.framework in Frameworks */ = {isa = PBXBuildFile; fileRef = 83A61ED018922E4E00269357 /* MapKit.framework */; };
		B027167818A3527D0027BF4E /* MMMockDBFetcherDelegate.m in Sources */ = {isa = PBXBuildFile; fileRef = B027167718A3527D0027BF4E /* MMMockDBFetcherDelegate.m */; };
		B027167A18A3574B0027BF4E /* MMDBFetcherTests.m in Sources */ = {isa = PBXBuildFile; fileRef = B027167918A3574B0027BF4E /* MMDBFetcherTests.m */; };
		B0627E2D18A2CB3700EAA045 /* 125-food.png in Resources */ = {isa = PBXBuildFile; fileRef = B0627E2918A2CB3700EAA045 /* 125-food.png */; };
		B0627E2E18A2CB3700EAA045 /* 172-pricetag.png in Resources */ = {isa = PBXBuildFile; fileRef = B0627E2A18A2CB3700EAA045 /* 172-pricetag.png */; };
		B0627E2F18A2CB3700EAA045 /* 184-warning.png in Resources */ = {isa = PBXBuildFile; fileRef = B0627E2B18A2CB3700EAA045 /* 184-warning.png */; };
		B065BEAD18A40F8700EEA46B /* libPods-SDWebImage.a in Frameworks */ = {isa = PBXBuildFile; fileRef = B065BEAC18A40F8700EEA46B /* libPods-SDWebImage.a */; };
		B068A13418A738F4005E8036 /* Social.framework in Frameworks */ = {isa = PBXBuildFile; fileRef = B068A13318A738F4005E8036 /* Social.framework */; };
		B06B61A8189F4AD300A51A81 /* restriction_placeholder.png in Resources */ = {isa = PBXBuildFile; fileRef = B06B61A7189F4AD300A51A81 /* restriction_placeholder.png */; };
		B09C25EA18A38E3E00E05289 /* libPods-RaptureXML.a in Frameworks */ = {isa = PBXBuildFile; fileRef = B09C25E918A38E3E00E05289 /* libPods-RaptureXML.a */; };
		B09C25EC18A38EE000E05289 /* libPods.a in Frameworks */ = {isa = PBXBuildFile; fileRef = B09C25EB18A38EE000E05289 /* libPods.a */; };
		B0A9906A18CA43E900AC4CBB /* MMAppDelegate.m in Sources */ = {isa = PBXBuildFile; fileRef = B0A98FE518CA43E900AC4CBB /* MMAppDelegate.m */; };
		B0A9906B18CA43E900AC4CBB /* NSArray+MerchantSort.m in Sources */ = {isa = PBXBuildFile; fileRef = B0A98FE818CA43E900AC4CBB /* NSArray+MerchantSort.m */; };
		B0A9906C18CA43E900AC4CBB /* UIColor+MyMenuColors.m in Sources */ = {isa = PBXBuildFile; fileRef = B0A98FEA18CA43E900AC4CBB /* UIColor+MyMenuColors.m */; };
		B0A9906D18CA43E900AC4CBB /* MMAboutViewController.m in Sources */ = {isa = PBXBuildFile; fileRef = B0A98FED18CA43E900AC4CBB /* MMAboutViewController.m */; };
		B0A9906E18CA43E900AC4CBB /* MMAccountViewController.m in Sources */ = {isa = PBXBuildFile; fileRef = B0A98FEF18CA43E900AC4CBB /* MMAccountViewController.m */; };
		B0A9906F18CA43E900AC4CBB /* MMBaseNavigationController.m in Sources */ = {isa = PBXBuildFile; fileRef = B0A98FF118CA43E900AC4CBB /* MMBaseNavigationController.m */; };
		B0A9907018CA43E900AC4CBB /* MMCategoryPopOverViewController.m in Sources */ = {isa = PBXBuildFile; fileRef = B0A98FF318CA43E900AC4CBB /* MMCategoryPopOverViewController.m */; };
		B0A9907118CA43E900AC4CBB /* MMDetailMapViewController.m in Sources */ = {isa = PBXBuildFile; fileRef = B0A98FF518CA43E900AC4CBB /* MMDetailMapViewController.m */; };
		B0A9907218CA43E900AC4CBB /* MMDietaryRestrictionsViewController.m in Sources */ = {isa = PBXBuildFile; fileRef = B0A98FF718CA43E900AC4CBB /* MMDietaryRestrictionsViewController.m */; };
		B0A9907318CA43E900AC4CBB /* MMLoginViewController.m in Sources */ = {isa = PBXBuildFile; fileRef = B0A98FF918CA43E900AC4CBB /* MMLoginViewController.m */; };
		B0A9907418CA43E900AC4CBB /* MMMainTabBarViewController.m in Sources */ = {isa = PBXBuildFile; fileRef = B0A98FFB18CA43E900AC4CBB /* MMMainTabBarViewController.m */; };
		B0A9907518CA43E900AC4CBB /* MMMasterProfileViewController.m in Sources */ = {isa = PBXBuildFile; fileRef = B0A98FFD18CA43E900AC4CBB /* MMMasterProfileViewController.m */; };
		B0A9907618CA43E900AC4CBB /* MMMasterRestaurantTableViewController.m in Sources */ = {isa = PBXBuildFile; fileRef = B0A98FFF18CA43E900AC4CBB /* MMMasterRestaurantTableViewController.m */; };
		B0A9907718CA43E900AC4CBB /* MMMenuItemPopOverViewController.m in Sources */ = {isa = PBXBuildFile; fileRef = B0A9900118CA43E900AC4CBB /* MMMenuItemPopOverViewController.m */; };
		B0A9907818CA43E900AC4CBB /* MMMenuItemViewController.m in Sources */ = {isa = PBXBuildFile; fileRef = B0A9900318CA43E900AC4CBB /* MMMenuItemViewController.m */; };
		B0A9907918CA43E900AC4CBB /* MMProfileSplitViewController.m in Sources */ = {isa = PBXBuildFile; fileRef = B0A9900518CA43E900AC4CBB /* MMProfileSplitViewController.m */; };
		B0A9907A18CA43E900AC4CBB /* MMRatingPopoverViewController.m in Sources */ = {isa = PBXBuildFile; fileRef = B0A9900718CA43E900AC4CBB /* MMRatingPopoverViewController.m */; };
		B0A9907B18CA43E900AC4CBB /* MMRegistrationPopoverViewController.m in Sources */ = {isa = PBXBuildFile; fileRef = B0A9900918CA43E900AC4CBB /* MMRegistrationPopoverViewController.m */; };
		B0A9907C18CA43E900AC4CBB /* MMRegistrationViewController.m in Sources */ = {isa = PBXBuildFile; fileRef = B0A9900B18CA43E900AC4CBB /* MMRegistrationViewController.m */; };
		B0A9907D18CA43E900AC4CBB /* MMRestaurantPopOverViewController.m in Sources */ = {isa = PBXBuildFile; fileRef = B0A9900D18CA43E900AC4CBB /* MMRestaurantPopOverViewController.m */; };
		B0A9907E18CA43E900AC4CBB /* MMRestaurantViewController.m in Sources */ = {isa = PBXBuildFile; fileRef = B0A9900F18CA43E900AC4CBB /* MMRestaurantViewController.m */; };
		B0A9907F18CA43E900AC4CBB /* MMReviewPopOverViewController.m in Sources */ = {isa = PBXBuildFile; fileRef = B0A9901118CA43E900AC4CBB /* MMReviewPopOverViewController.m */; };
		B0A9908118CA43E900AC4CBB /* MMSpecialsCollectionViewController.m in Sources */ = {isa = PBXBuildFile; fileRef = B0A9901518CA43E900AC4CBB /* MMSpecialsCollectionViewController.m */; };
		B0A9908218CA43E900AC4CBB /* MMSpecialsPopOverTableView.m in Sources */ = {isa = PBXBuildFile; fileRef = B0A9901718CA43E900AC4CBB /* MMSpecialsPopOverTableView.m */; };
		B0A9908318CA43E900AC4CBB /* MMSpecialsPopOverWeek.m in Sources */ = {isa = PBXBuildFile; fileRef = B0A9901918CA43E900AC4CBB /* MMSpecialsPopOverWeek.m */; };
		B0A9908418CA43E900AC4CBB /* MMSplitViewController.m in Sources */ = {isa = PBXBuildFile; fileRef = B0A9901B18CA43E900AC4CBB /* MMSplitViewController.m */; };
		B0A9908518CA43E900AC4CBB /* MMRestaurantMapDelegate.m in Sources */ = {isa = PBXBuildFile; fileRef = B0A9901F18CA43E900AC4CBB /* MMRestaurantMapDelegate.m */; };
		B0A9908618CA43E900AC4CBB /* MMDBFetcher.m in Sources */ = {isa = PBXBuildFile; fileRef = B0A9902418CA43E900AC4CBB /* MMDBFetcher.m */; };
		B0A9908718CA43E900AC4CBB /* MMDBFetcherResponse.m in Sources */ = {isa = PBXBuildFile; fileRef = B0A9902718CA43E900AC4CBB /* MMDBFetcherResponse.m */; };
		B0A9908818CA43E900AC4CBB /* MMMenuItem.m in Sources */ = {isa = PBXBuildFile; fileRef = B0A9902918CA43E900AC4CBB /* MMMenuItem.m */; };
		B0A9908918CA43E900AC4CBB /* MMMenuItemFavLink.m in Sources */ = {isa = PBXBuildFile; fileRef = B0A9902B18CA43E900AC4CBB /* MMMenuItemFavLink.m */; };
		B0A9908A18CA43E900AC4CBB /* MMMenuItemRating.m in Sources */ = {isa = PBXBuildFile; fileRef = B0A9902D18CA43E900AC4CBB /* MMMenuItemRating.m */; };
		B0A9908B18CA43E900AC4CBB /* MMMerchant.m in Sources */ = {isa = PBXBuildFile; fileRef = B0A9902F18CA43E900AC4CBB /* MMMerchant.m */; };
		B0A9908C18CA43E900AC4CBB /* MMPopoverDataPair.m in Sources */ = {isa = PBXBuildFile; fileRef = B0A9903118CA43E900AC4CBB /* MMPopoverDataPair.m */; };
		B0A9908D18CA43E900AC4CBB /* MMRestriction.m in Sources */ = {isa = PBXBuildFile; fileRef = B0A9903318CA43E900AC4CBB /* MMRestriction.m */; };
		B0A9908E18CA43E900AC4CBB /* MMSpecial.m in Sources */ = {isa = PBXBuildFile; fileRef = B0A9903518CA43E900AC4CBB /* MMSpecial.m */; };
		B0A9908F18CA43E900AC4CBB /* MMSpecialType.m in Sources */ = {isa = PBXBuildFile; fileRef = B0A9903718CA43E900AC4CBB /* MMSpecialType.m */; };
		B0A9909018CA43E900AC4CBB /* MMUser.m in Sources */ = {isa = PBXBuildFile; fileRef = B0A9903918CA43E900AC4CBB /* MMUser.m */; };
		B0A9909118CA43E900AC4CBB /* MMMainTabViewSegue.m in Sources */ = {isa = PBXBuildFile; fileRef = B0A9903E18CA43E900AC4CBB /* MMMainTabViewSegue.m */; };
		B0A9909218CA43E900AC4CBB /* MMLocationManager.m in Sources */ = {isa = PBXBuildFile; fileRef = B0A9904118CA43E900AC4CBB /* MMLocationManager.m */; };
		B0A9909318CA43E900AC4CBB /* MMLoginManager.m in Sources */ = {isa = PBXBuildFile; fileRef = B0A9904318CA43E900AC4CBB /* MMLoginManager.m */; };
		B0A9909418CA43E900AC4CBB /* MMNetworkClientProxy.m in Sources */ = {isa = PBXBuildFile; fileRef = B0A9904518CA43E900AC4CBB /* MMNetworkClientProxy.m */; };
		B0A9909518CA43E900AC4CBB /* MMSocialMediaService.m in Sources */ = {isa = PBXBuildFile; fileRef = B0A9904718CA43E900AC4CBB /* MMSocialMediaService.m */; };
		B0A9909618CA43E900AC4CBB /* MMCompareTextFieldValidator.m in Sources */ = {isa = PBXBuildFile; fileRef = B0A9904A18CA43E900AC4CBB /* MMCompareTextFieldValidator.m */; };
		B0A9909718CA43E900AC4CBB /* MMMatchingTextFieldValidator.m in Sources */ = {isa = PBXBuildFile; fileRef = B0A9904C18CA43E900AC4CBB /* MMMatchingTextFieldValidator.m */; };
		B0A9909818CA43E900AC4CBB /* MMRegexTextFieldValidator.m in Sources */ = {isa = PBXBuildFile; fileRef = B0A9904E18CA43E900AC4CBB /* MMRegexTextFieldValidator.m */; };
		B0A9909918CA43E900AC4CBB /* MMRequiredTextFieldValidator.m in Sources */ = {isa = PBXBuildFile; fileRef = B0A9905018CA43E900AC4CBB /* MMRequiredTextFieldValidator.m */; };
		B0A9909A18CA43E900AC4CBB /* MMTextFieldValidator.m in Sources */ = {isa = PBXBuildFile; fileRef = B0A9905218CA43E900AC4CBB /* MMTextFieldValidator.m */; };
		B0A9909B18CA43E900AC4CBB /* MMUserNameValidator.m in Sources */ = {isa = PBXBuildFile; fileRef = B0A9905418CA43E900AC4CBB /* MMUserNameValidator.m */; };
		B0A9909C18CA43E900AC4CBB /* MMValidationManager.m in Sources */ = {isa = PBXBuildFile; fileRef = B0A9905618CA43E900AC4CBB /* MMValidationManager.m */; };
		B0A9909D18CA43E900AC4CBB /* MMButton.m in Sources */ = {isa = PBXBuildFile; fileRef = B0A9905B18CA43E900AC4CBB /* MMButton.m */; };
		B0A9909E18CA43E900AC4CBB /* MMDietaryRestrictionCell.m in Sources */ = {isa = PBXBuildFile; fileRef = B0A9905D18CA43E900AC4CBB /* MMDietaryRestrictionCell.m */; };
		B0A9909F18CA43E900AC4CBB /* MMMenuItemCell.m in Sources */ = {isa = PBXBuildFile; fileRef = B0A9905F18CA43E900AC4CBB /* MMMenuItemCell.m */; };
		B0A990A018CA43E900AC4CBB /* MMMenuItemReviewCell.m in Sources */ = {isa = PBXBuildFile; fileRef = B0A9906118CA43E900AC4CBB /* MMMenuItemReviewCell.m */; };
		B0A990A118CA43E900AC4CBB /* MMRatingView.m in Sources */ = {isa = PBXBuildFile; fileRef = B0A9906318CA43E900AC4CBB /* MMRatingView.m */; };
		B0A990A218CA43E900AC4CBB /* MMRestrictionSwitch.m in Sources */ = {isa = PBXBuildFile; fileRef = B0A9906518CA43E900AC4CBB /* MMRestrictionSwitch.m */; };
		B0A990A318CA43E900AC4CBB /* MMRoundedView.m in Sources */ = {isa = PBXBuildFile; fileRef = B0A9906718CA43E900AC4CBB /* MMRoundedView.m */; };
		B0A990A418CA43E900AC4CBB /* RestaurantCell.m in Sources */ = {isa = PBXBuildFile; fileRef = B0A9906918CA43E900AC4CBB /* RestaurantCell.m */; };
		B0B0C4DE18A8245600BA47CB /* CurrentLocation.png in Resources */ = {isa = PBXBuildFile; fileRef = B0B0C4DC18A8245600BA47CB /* CurrentLocation.png */; };
		B0B0C4DF18A8245600BA47CB /* LocationMarker.png in Resources */ = {isa = PBXBuildFile; fileRef = B0B0C4DD18A8245600BA47CB /* LocationMarker.png */; };
		B0B8288D18C904C600FAACAF /* 19-gear.png in Resources */ = {isa = PBXBuildFile; fileRef = B0627E2818A2CB3700EAA045 /* 19-gear.png */; };
		B0DE3FF118CAA68800190F2F /* Profile.storyboard in Resources */ = {isa = PBXBuildFile; fileRef = B0DE3FF018CAA68800190F2F /* Profile.storyboard */; };
		B0DF9BD318AC43C800BB42FA /* FacebookIcon.png in Resources */ = {isa = PBXBuildFile; fileRef = B0DF9BD118AC43C800BB42FA /* FacebookIcon.png */; };
		B0DF9BD418AC43C800BB42FA /* TwitterIcon.png in Resources */ = {isa = PBXBuildFile; fileRef = B0DF9BD218AC43C800BB42FA /* TwitterIcon.png */; };
		B0E7616218CA7C5900D1ABF7 /* libPods-RBStoryboardLink.a in Frameworks */ = {isa = PBXBuildFile; fileRef = B0E7616118CA7C5900D1ABF7 /* libPods-RBStoryboardLink.a */; };
		B0E7616518CA7EB900D1ABF7 /* Specials.storyboard in Resources */ = {isa = PBXBuildFile; fileRef = B0E7616418CA7EB900D1ABF7 /* Specials.storyboard */; };
		B0E7616818CA852D00D1ABF7 /* UIStoryboard+UIStoryboard_MyMenu.m in Sources */ = {isa = PBXBuildFile; fileRef = B0E7616718CA852D00D1ABF7 /* UIStoryboard+UIStoryboard_MyMenu.m */; };
		B0E7616A18CA876600D1ABF7 /* Map.storyboard in Resources */ = {isa = PBXBuildFile; fileRef = B0E7616918CA876600D1ABF7 /* Map.storyboard */; };
		B0E7616C18CA8D2700D1ABF7 /* Menu.storyboard in Resources */ = {isa = PBXBuildFile; fileRef = B0E7616B18CA8D2700D1ABF7 /* Menu.storyboard */; };
		B0EB0C8418A397A200CAAF44 /* MMMockNetworkClient.m in Sources */ = {isa = PBXBuildFile; fileRef = B0EB0C8318A397A200CAAF44 /* MMMockNetworkClient.m */; };
		B0EB0C8718A40E2E00CAAF44 /* libPods-MBProgressHUD.a in Frameworks */ = {isa = PBXBuildFile; fileRef = B0EB0C8618A40E2E00CAAF44 /* libPods-MBProgressHUD.a */; };
/* End PBXBuildFile section */

/* Begin PBXContainerItemProxy section */
		83893ED018919AD400D36670 /* PBXContainerItemProxy */ = {
			isa = PBXContainerItemProxy;
			containerPortal = 83893E9F18919AD400D36670 /* Project object */;
			proxyType = 1;
			remoteGlobalIDString = 83893EA618919AD400D36670;
			remoteInfo = MyMenu;
		};
/* End PBXContainerItemProxy section */

/* Begin PBXFileReference section */
		1722200218C279380022FE8B /* MenuItemReviewCell.xib */ = {isa = PBXFileReference; fileEncoding = 4; lastKnownFileType = file.xib; path = MenuItemReviewCell.xib; sourceTree = "<group>"; };
		1731DFAB18A59B0F008BE05B /* 06-magnify.png */ = {isa = PBXFileReference; lastKnownFileType = image.png; path = "06-magnify.png"; sourceTree = "<group>"; };
		1731DFAD18A6CFB2008BE05B /* MenuItemCell.xib */ = {isa = PBXFileReference; fileEncoding = 4; lastKnownFileType = file.xib; path = MenuItemCell.xib; sourceTree = "<group>"; };
		1744F9BD18C524FD009CCC95 /* upvote.png */ = {isa = PBXFileReference; lastKnownFileType = image.png; path = upvote.png; sourceTree = "<group>"; };
		1744F9BE18C524FD009CCC95 /* upvote@2x.png */ = {isa = PBXFileReference; lastKnownFileType = image.png; path = "upvote@2x.png"; sourceTree = "<group>"; };
		174FE0C318945FE000CB82C0 /* RestaurantTableCell.xib */ = {isa = PBXFileReference; fileEncoding = 4; lastKnownFileType = file.xib; path = RestaurantTableCell.xib; sourceTree = "<group>"; };
		17F9F80C18AC3565006B7DD0 /* facebookshare.jpg */ = {isa = PBXFileReference; lastKnownFileType = image.jpeg; path = facebookshare.jpg; sourceTree = "<group>"; };
		17F9F80E18AC356F006B7DD0 /* twittershare.jpg */ = {isa = PBXFileReference; lastKnownFileType = image.jpeg; path = twittershare.jpg; sourceTree = "<group>"; };
		5C67526E59F84C8AAF4F8411 /* Pods.xcconfig */ = {isa = PBXFileReference; includeInIndex = 1; lastKnownFileType = text.xcconfig; name = Pods.xcconfig; path = Pods/Pods.xcconfig; sourceTree = "<group>"; };
		833C8C82189D9B85007CB562 /* logo.png */ = {isa = PBXFileReference; lastKnownFileType = image.png; path = logo.png; sourceTree = "<group>"; };
		83655A9F1891E2DF005EBF8A /* MapViewToolbar.xib */ = {isa = PBXFileReference; fileEncoding = 4; lastKnownFileType = file.xib; path = MapViewToolbar.xib; sourceTree = "<group>"; };
		83893EA718919AD400D36670 /* MyMenu.app */ = {isa = PBXFileReference; explicitFileType = wrapper.application; includeInIndex = 0; path = MyMenu.app; sourceTree = BUILT_PRODUCTS_DIR; };
		83893EAA18919AD400D36670 /* Foundation.framework */ = {isa = PBXFileReference; lastKnownFileType = wrapper.framework; name = Foundation.framework; path = System/Library/Frameworks/Foundation.framework; sourceTree = SDKROOT; };
		83893EAC18919AD400D36670 /* CoreGraphics.framework */ = {isa = PBXFileReference; lastKnownFileType = wrapper.framework; name = CoreGraphics.framework; path = System/Library/Frameworks/CoreGraphics.framework; sourceTree = SDKROOT; };
		83893EAE18919AD400D36670 /* UIKit.framework */ = {isa = PBXFileReference; lastKnownFileType = wrapper.framework; name = UIKit.framework; path = System/Library/Frameworks/UIKit.framework; sourceTree = SDKROOT; };
		83893EB218919AD400D36670 /* MyMenu-Info.plist */ = {isa = PBXFileReference; lastKnownFileType = text.plist.xml; path = "MyMenu-Info.plist"; sourceTree = "<group>"; };
		83893EB418919AD400D36670 /* en */ = {isa = PBXFileReference; lastKnownFileType = text.plist.strings; name = en; path = en.lproj/InfoPlist.strings; sourceTree = "<group>"; };
		83893EB618919AD400D36670 /* main.m */ = {isa = PBXFileReference; lastKnownFileType = sourcecode.c.objc; path = main.m; sourceTree = "<group>"; };
		83893EB818919AD400D36670 /* MyMenu-Prefix.pch */ = {isa = PBXFileReference; lastKnownFileType = sourcecode.c.h; path = "MyMenu-Prefix.pch"; sourceTree = "<group>"; };
		83893EBD18919AD400D36670 /* Base */ = {isa = PBXFileReference; lastKnownFileType = file.storyboard; name = Base; path = Base.lproj/Main.storyboard; sourceTree = "<group>"; };
		83893EC518919AD400D36670 /* Images.xcassets */ = {isa = PBXFileReference; lastKnownFileType = folder.assetcatalog; path = Images.xcassets; sourceTree = "<group>"; };
		83893ECB18919AD400D36670 /* MyMenuTests.xctest */ = {isa = PBXFileReference; explicitFileType = wrapper.cfbundle; includeInIndex = 0; path = MyMenuTests.xctest; sourceTree = BUILT_PRODUCTS_DIR; };
		83893ECC18919AD400D36670 /* XCTest.framework */ = {isa = PBXFileReference; lastKnownFileType = wrapper.framework; name = XCTest.framework; path = Library/Frameworks/XCTest.framework; sourceTree = DEVELOPER_DIR; };
		83893ED418919AD400D36670 /* MyMenuTests-Info.plist */ = {isa = PBXFileReference; lastKnownFileType = text.plist.xml; path = "MyMenuTests-Info.plist"; sourceTree = "<group>"; };
		83893ED618919AD400D36670 /* en */ = {isa = PBXFileReference; lastKnownFileType = text.plist.strings; name = en; path = en.lproj/InfoPlist.strings; sourceTree = "<group>"; };
		83A61ED018922E4E00269357 /* MapKit.framework */ = {isa = PBXFileReference; lastKnownFileType = wrapper.framework; name = MapKit.framework; path = System/Library/Frameworks/MapKit.framework; sourceTree = SDKROOT; };
		83B88AE518BBFD55002BAF20 /* en */ = {isa = PBXFileReference; lastKnownFileType = text.plist.strings; name = en; path = en.lproj/Main.strings; sourceTree = "<group>"; };
		8FD0A88C83664DE885E9A628 /* libPods.a */ = {isa = PBXFileReference; explicitFileType = archive.ar; includeInIndex = 0; path = libPods.a; sourceTree = BUILT_PRODUCTS_DIR; };
		9B1CFF7F18A46CF600E9F778 /* libPods-NSString-UrlEncode.a */ = {isa = PBXFileReference; lastKnownFileType = archive.ar; name = "libPods-NSString-UrlEncode.a"; path = "Pods/build/Debug-iphoneos/libPods-NSString-UrlEncode.a"; sourceTree = "<group>"; };
		9BBD913F189478CF006DDBCE /* libz.dylib */ = {isa = PBXFileReference; lastKnownFileType = "compiled.mach-o.dylib"; name = libz.dylib; path = usr/lib/libz.dylib; sourceTree = SDKROOT; };
		9BBD9141189478DB006DDBCE /* libxml2.dylib */ = {isa = PBXFileReference; lastKnownFileType = "compiled.mach-o.dylib"; name = libxml2.dylib; path = usr/lib/libxml2.dylib; sourceTree = SDKROOT; };
		B027167618A3527D0027BF4E /* MMMockDBFetcherDelegate.h */ = {isa = PBXFileReference; fileEncoding = 4; lastKnownFileType = sourcecode.c.h; path = MMMockDBFetcherDelegate.h; sourceTree = "<group>"; };
		B027167718A3527D0027BF4E /* MMMockDBFetcherDelegate.m */ = {isa = PBXFileReference; fileEncoding = 4; lastKnownFileType = sourcecode.c.objc; path = MMMockDBFetcherDelegate.m; sourceTree = "<group>"; };
		B027167918A3574B0027BF4E /* MMDBFetcherTests.m */ = {isa = PBXFileReference; fileEncoding = 4; lastKnownFileType = sourcecode.c.objc; path = MMDBFetcherTests.m; sourceTree = "<group>"; };
		B0627E2818A2CB3700EAA045 /* 19-gear.png */ = {isa = PBXFileReference; lastKnownFileType = image.png; path = "19-gear.png"; sourceTree = "<group>"; };
		B0627E2918A2CB3700EAA045 /* 125-food.png */ = {isa = PBXFileReference; lastKnownFileType = image.png; path = "125-food.png"; sourceTree = "<group>"; };
		B0627E2A18A2CB3700EAA045 /* 172-pricetag.png */ = {isa = PBXFileReference; lastKnownFileType = image.png; path = "172-pricetag.png"; sourceTree = "<group>"; };
		B0627E2B18A2CB3700EAA045 /* 184-warning.png */ = {isa = PBXFileReference; lastKnownFileType = image.png; path = "184-warning.png"; sourceTree = "<group>"; };
		B065BEAC18A40F8700EEA46B /* libPods-SDWebImage.a */ = {isa = PBXFileReference; lastKnownFileType = archive.ar; name = "libPods-SDWebImage.a"; path = "Pods/build/Debug-iphoneos/libPods-SDWebImage.a"; sourceTree = "<group>"; };
		B068A13318A738F4005E8036 /* Social.framework */ = {isa = PBXFileReference; lastKnownFileType = wrapper.framework; name = Social.framework; path = System/Library/Frameworks/Social.framework; sourceTree = SDKROOT; };
		B06B61A7189F4AD300A51A81 /* restriction_placeholder.png */ = {isa = PBXFileReference; lastKnownFileType = image.png; path = restriction_placeholder.png; sourceTree = "<group>"; };
		B0760F14189ED18D00C40D15 /* libMBProgressHUD.a */ = {isa = PBXFileReference; lastKnownFileType = archive.ar; name = libMBProgressHUD.a; path = MyMenu/lib/libMBProgressHUD.a; sourceTree = "<group>"; };
		B09C25E718A38DF400E05289 /* libPods-OCMock.a */ = {isa = PBXFileReference; lastKnownFileType = archive.ar; name = "libPods-OCMock.a"; path = "Pods/build/Debug-iphoneos/libPods-OCMock.a"; sourceTree = "<group>"; };
		B09C25E918A38E3E00E05289 /* libPods-RaptureXML.a */ = {isa = PBXFileReference; lastKnownFileType = archive.ar; name = "libPods-RaptureXML.a"; path = "Pods/build/Debug-iphoneos/libPods-RaptureXML.a"; sourceTree = "<group>"; };
		B09C25EB18A38EE000E05289 /* libPods.a */ = {isa = PBXFileReference; lastKnownFileType = archive.ar; name = libPods.a; path = "Pods/build/Debug-iphoneos/libPods.a"; sourceTree = "<group>"; };
		B0A98FE418CA43E900AC4CBB /* MMAppDelegate.h */ = {isa = PBXFileReference; fileEncoding = 4; lastKnownFileType = sourcecode.c.h; path = MMAppDelegate.h; sourceTree = "<group>"; };
		B0A98FE518CA43E900AC4CBB /* MMAppDelegate.m */ = {isa = PBXFileReference; fileEncoding = 4; lastKnownFileType = sourcecode.c.objc; path = MMAppDelegate.m; sourceTree = "<group>"; };
		B0A98FE718CA43E900AC4CBB /* NSArray+MerchantSort.h */ = {isa = PBXFileReference; fileEncoding = 4; lastKnownFileType = sourcecode.c.h; path = "NSArray+MerchantSort.h"; sourceTree = "<group>"; };
		B0A98FE818CA43E900AC4CBB /* NSArray+MerchantSort.m */ = {isa = PBXFileReference; fileEncoding = 4; lastKnownFileType = sourcecode.c.objc; path = "NSArray+MerchantSort.m"; sourceTree = "<group>"; };
		B0A98FE918CA43E900AC4CBB /* UIColor+MyMenuColors.h */ = {isa = PBXFileReference; fileEncoding = 4; lastKnownFileType = sourcecode.c.h; path = "UIColor+MyMenuColors.h"; sourceTree = "<group>"; };
		B0A98FEA18CA43E900AC4CBB /* UIColor+MyMenuColors.m */ = {isa = PBXFileReference; fileEncoding = 4; lastKnownFileType = sourcecode.c.objc; path = "UIColor+MyMenuColors.m"; sourceTree = "<group>"; };
		B0A98FEC18CA43E900AC4CBB /* MMAboutViewController.h */ = {isa = PBXFileReference; fileEncoding = 4; lastKnownFileType = sourcecode.c.h; path = MMAboutViewController.h; sourceTree = "<group>"; };
		B0A98FED18CA43E900AC4CBB /* MMAboutViewController.m */ = {isa = PBXFileReference; fileEncoding = 4; lastKnownFileType = sourcecode.c.objc; path = MMAboutViewController.m; sourceTree = "<group>"; };
		B0A98FEE18CA43E900AC4CBB /* MMAccountViewController.h */ = {isa = PBXFileReference; fileEncoding = 4; lastKnownFileType = sourcecode.c.h; path = MMAccountViewController.h; sourceTree = "<group>"; };
		B0A98FEF18CA43E900AC4CBB /* MMAccountViewController.m */ = {isa = PBXFileReference; fileEncoding = 4; lastKnownFileType = sourcecode.c.objc; path = MMAccountViewController.m; sourceTree = "<group>"; };
		B0A98FF018CA43E900AC4CBB /* MMBaseNavigationController.h */ = {isa = PBXFileReference; fileEncoding = 4; lastKnownFileType = sourcecode.c.h; path = MMBaseNavigationController.h; sourceTree = "<group>"; };
		B0A98FF118CA43E900AC4CBB /* MMBaseNavigationController.m */ = {isa = PBXFileReference; fileEncoding = 4; lastKnownFileType = sourcecode.c.objc; path = MMBaseNavigationController.m; sourceTree = "<group>"; };
		B0A98FF218CA43E900AC4CBB /* MMCategoryPopOverViewController.h */ = {isa = PBXFileReference; fileEncoding = 4; lastKnownFileType = sourcecode.c.h; path = MMCategoryPopOverViewController.h; sourceTree = "<group>"; };
		B0A98FF318CA43E900AC4CBB /* MMCategoryPopOverViewController.m */ = {isa = PBXFileReference; fileEncoding = 4; lastKnownFileType = sourcecode.c.objc; path = MMCategoryPopOverViewController.m; sourceTree = "<group>"; };
		B0A98FF418CA43E900AC4CBB /* MMDetailMapViewController.h */ = {isa = PBXFileReference; fileEncoding = 4; lastKnownFileType = sourcecode.c.h; path = MMDetailMapViewController.h; sourceTree = "<group>"; };
		B0A98FF518CA43E900AC4CBB /* MMDetailMapViewController.m */ = {isa = PBXFileReference; fileEncoding = 4; lastKnownFileType = sourcecode.c.objc; path = MMDetailMapViewController.m; sourceTree = "<group>"; };
		B0A98FF618CA43E900AC4CBB /* MMDietaryRestrictionsViewController.h */ = {isa = PBXFileReference; fileEncoding = 4; lastKnownFileType = sourcecode.c.h; path = MMDietaryRestrictionsViewController.h; sourceTree = "<group>"; };
		B0A98FF718CA43E900AC4CBB /* MMDietaryRestrictionsViewController.m */ = {isa = PBXFileReference; fileEncoding = 4; lastKnownFileType = sourcecode.c.objc; path = MMDietaryRestrictionsViewController.m; sourceTree = "<group>"; };
		B0A98FF818CA43E900AC4CBB /* MMLoginViewController.h */ = {isa = PBXFileReference; fileEncoding = 4; lastKnownFileType = sourcecode.c.h; path = MMLoginViewController.h; sourceTree = "<group>"; };
		B0A98FF918CA43E900AC4CBB /* MMLoginViewController.m */ = {isa = PBXFileReference; fileEncoding = 4; lastKnownFileType = sourcecode.c.objc; path = MMLoginViewController.m; sourceTree = "<group>"; };
		B0A98FFA18CA43E900AC4CBB /* MMMainTabBarViewController.h */ = {isa = PBXFileReference; fileEncoding = 4; lastKnownFileType = sourcecode.c.h; path = MMMainTabBarViewController.h; sourceTree = "<group>"; };
		B0A98FFB18CA43E900AC4CBB /* MMMainTabBarViewController.m */ = {isa = PBXFileReference; fileEncoding = 4; lastKnownFileType = sourcecode.c.objc; path = MMMainTabBarViewController.m; sourceTree = "<group>"; };
		B0A98FFC18CA43E900AC4CBB /* MMMasterProfileViewController.h */ = {isa = PBXFileReference; fileEncoding = 4; lastKnownFileType = sourcecode.c.h; path = MMMasterProfileViewController.h; sourceTree = "<group>"; };
		B0A98FFD18CA43E900AC4CBB /* MMMasterProfileViewController.m */ = {isa = PBXFileReference; fileEncoding = 4; lastKnownFileType = sourcecode.c.objc; path = MMMasterProfileViewController.m; sourceTree = "<group>"; };
		B0A98FFE18CA43E900AC4CBB /* MMMasterRestaurantTableViewController.h */ = {isa = PBXFileReference; fileEncoding = 4; lastKnownFileType = sourcecode.c.h; path = MMMasterRestaurantTableViewController.h; sourceTree = "<group>"; };
		B0A98FFF18CA43E900AC4CBB /* MMMasterRestaurantTableViewController.m */ = {isa = PBXFileReference; fileEncoding = 4; lastKnownFileType = sourcecode.c.objc; path = MMMasterRestaurantTableViewController.m; sourceTree = "<group>"; };
		B0A9900018CA43E900AC4CBB /* MMMenuItemPopOverViewController.h */ = {isa = PBXFileReference; fileEncoding = 4; lastKnownFileType = sourcecode.c.h; path = MMMenuItemPopOverViewController.h; sourceTree = "<group>"; };
		B0A9900118CA43E900AC4CBB /* MMMenuItemPopOverViewController.m */ = {isa = PBXFileReference; fileEncoding = 4; lastKnownFileType = sourcecode.c.objc; path = MMMenuItemPopOverViewController.m; sourceTree = "<group>"; };
		B0A9900218CA43E900AC4CBB /* MMMenuItemViewController.h */ = {isa = PBXFileReference; fileEncoding = 4; lastKnownFileType = sourcecode.c.h; path = MMMenuItemViewController.h; sourceTree = "<group>"; };
		B0A9900318CA43E900AC4CBB /* MMMenuItemViewController.m */ = {isa = PBXFileReference; fileEncoding = 4; lastKnownFileType = sourcecode.c.objc; path = MMMenuItemViewController.m; sourceTree = "<group>"; };
		B0A9900418CA43E900AC4CBB /* MMProfileSplitViewController.h */ = {isa = PBXFileReference; fileEncoding = 4; lastKnownFileType = sourcecode.c.h; path = MMProfileSplitViewController.h; sourceTree = "<group>"; };
		B0A9900518CA43E900AC4CBB /* MMProfileSplitViewController.m */ = {isa = PBXFileReference; fileEncoding = 4; lastKnownFileType = sourcecode.c.objc; path = MMProfileSplitViewController.m; sourceTree = "<group>"; };
		B0A9900618CA43E900AC4CBB /* MMRatingPopoverViewController.h */ = {isa = PBXFileReference; fileEncoding = 4; lastKnownFileType = sourcecode.c.h; path = MMRatingPopoverViewController.h; sourceTree = "<group>"; };
		B0A9900718CA43E900AC4CBB /* MMRatingPopoverViewController.m */ = {isa = PBXFileReference; fileEncoding = 4; lastKnownFileType = sourcecode.c.objc; path = MMRatingPopoverViewController.m; sourceTree = "<group>"; };
		B0A9900818CA43E900AC4CBB /* MMRegistrationPopoverViewController.h */ = {isa = PBXFileReference; fileEncoding = 4; lastKnownFileType = sourcecode.c.h; path = MMRegistrationPopoverViewController.h; sourceTree = "<group>"; };
		B0A9900918CA43E900AC4CBB /* MMRegistrationPopoverViewController.m */ = {isa = PBXFileReference; fileEncoding = 4; lastKnownFileType = sourcecode.c.objc; path = MMRegistrationPopoverViewController.m; sourceTree = "<group>"; };
		B0A9900A18CA43E900AC4CBB /* MMRegistrationViewController.h */ = {isa = PBXFileReference; fileEncoding = 4; lastKnownFileType = sourcecode.c.h; path = MMRegistrationViewController.h; sourceTree = "<group>"; };
		B0A9900B18CA43E900AC4CBB /* MMRegistrationViewController.m */ = {isa = PBXFileReference; fileEncoding = 4; lastKnownFileType = sourcecode.c.objc; path = MMRegistrationViewController.m; sourceTree = "<group>"; };
		B0A9900C18CA43E900AC4CBB /* MMRestaurantPopOverViewController.h */ = {isa = PBXFileReference; fileEncoding = 4; lastKnownFileType = sourcecode.c.h; path = MMRestaurantPopOverViewController.h; sourceTree = "<group>"; };
		B0A9900D18CA43E900AC4CBB /* MMRestaurantPopOverViewController.m */ = {isa = PBXFileReference; fileEncoding = 4; lastKnownFileType = sourcecode.c.objc; path = MMRestaurantPopOverViewController.m; sourceTree = "<group>"; };
		B0A9900E18CA43E900AC4CBB /* MMRestaurantViewController.h */ = {isa = PBXFileReference; fileEncoding = 4; lastKnownFileType = sourcecode.c.h; path = MMRestaurantViewController.h; sourceTree = "<group>"; };
		B0A9900F18CA43E900AC4CBB /* MMRestaurantViewController.m */ = {isa = PBXFileReference; fileEncoding = 4; lastKnownFileType = sourcecode.c.objc; path = MMRestaurantViewController.m; sourceTree = "<group>"; };
		B0A9901018CA43E900AC4CBB /* MMReviewPopOverViewController.h */ = {isa = PBXFileReference; fileEncoding = 4; lastKnownFileType = sourcecode.c.h; path = MMReviewPopOverViewController.h; sourceTree = "<group>"; };
		B0A9901118CA43E900AC4CBB /* MMReviewPopOverViewController.m */ = {isa = PBXFileReference; fileEncoding = 4; lastKnownFileType = sourcecode.c.objc; path = MMReviewPopOverViewController.m; sourceTree = "<group>"; };
		B0A9901418CA43E900AC4CBB /* MMSpecialsCollectionViewController.h */ = {isa = PBXFileReference; fileEncoding = 4; lastKnownFileType = sourcecode.c.h; path = MMSpecialsCollectionViewController.h; sourceTree = "<group>"; };
		B0A9901518CA43E900AC4CBB /* MMSpecialsCollectionViewController.m */ = {isa = PBXFileReference; fileEncoding = 4; lastKnownFileType = sourcecode.c.objc; path = MMSpecialsCollectionViewController.m; sourceTree = "<group>"; };
		B0A9901618CA43E900AC4CBB /* MMSpecialsPopOverTableView.h */ = {isa = PBXFileReference; fileEncoding = 4; lastKnownFileType = sourcecode.c.h; path = MMSpecialsPopOverTableView.h; sourceTree = "<group>"; };
		B0A9901718CA43E900AC4CBB /* MMSpecialsPopOverTableView.m */ = {isa = PBXFileReference; fileEncoding = 4; lastKnownFileType = sourcecode.c.objc; path = MMSpecialsPopOverTableView.m; sourceTree = "<group>"; };
		B0A9901818CA43E900AC4CBB /* MMSpecialsPopOverWeek.h */ = {isa = PBXFileReference; fileEncoding = 4; lastKnownFileType = sourcecode.c.h; path = MMSpecialsPopOverWeek.h; sourceTree = "<group>"; };
		B0A9901918CA43E900AC4CBB /* MMSpecialsPopOverWeek.m */ = {isa = PBXFileReference; fileEncoding = 4; lastKnownFileType = sourcecode.c.objc; path = MMSpecialsPopOverWeek.m; sourceTree = "<group>"; };
		B0A9901A18CA43E900AC4CBB /* MMSplitViewController.h */ = {isa = PBXFileReference; fileEncoding = 4; lastKnownFileType = sourcecode.c.h; path = MMSplitViewController.h; sourceTree = "<group>"; };
		B0A9901B18CA43E900AC4CBB /* MMSplitViewController.m */ = {isa = PBXFileReference; fileEncoding = 4; lastKnownFileType = sourcecode.c.objc; path = MMSplitViewController.m; sourceTree = "<group>"; };
		B0A9901D18CA43E900AC4CBB /* MMRegistrationPopoverDelegate.h */ = {isa = PBXFileReference; fileEncoding = 4; lastKnownFileType = sourcecode.c.h; path = MMRegistrationPopoverDelegate.h; sourceTree = "<group>"; };
		B0A9901E18CA43E900AC4CBB /* MMRestaurantMapDelegate.h */ = {isa = PBXFileReference; fileEncoding = 4; lastKnownFileType = sourcecode.c.h; path = MMRestaurantMapDelegate.h; sourceTree = "<group>"; };
		B0A9901F18CA43E900AC4CBB /* MMRestaurantMapDelegate.m */ = {isa = PBXFileReference; fileEncoding = 4; lastKnownFileType = sourcecode.c.objc; path = MMRestaurantMapDelegate.m; sourceTree = "<group>"; };
		B0A9902018CA43E900AC4CBB /* MMRestaurantPopOverDelegate.h */ = {isa = PBXFileReference; fileEncoding = 4; lastKnownFileType = sourcecode.c.h; path = MMRestaurantPopOverDelegate.h; sourceTree = "<group>"; };
		B0A9902318CA43E900AC4CBB /* MMDBFetcher.h */ = {isa = PBXFileReference; fileEncoding = 4; lastKnownFileType = sourcecode.c.h; path = MMDBFetcher.h; sourceTree = "<group>"; };
		B0A9902418CA43E900AC4CBB /* MMDBFetcher.m */ = {isa = PBXFileReference; fileEncoding = 4; lastKnownFileType = sourcecode.c.objc; path = MMDBFetcher.m; sourceTree = "<group>"; };
		B0A9902518CA43E900AC4CBB /* MMDBFetcherDelegate.h */ = {isa = PBXFileReference; fileEncoding = 4; lastKnownFileType = sourcecode.c.h; path = MMDBFetcherDelegate.h; sourceTree = "<group>"; };
		B0A9902618CA43E900AC4CBB /* MMDBFetcherResponse.h */ = {isa = PBXFileReference; fileEncoding = 4; lastKnownFileType = sourcecode.c.h; path = MMDBFetcherResponse.h; sourceTree = "<group>"; };
		B0A9902718CA43E900AC4CBB /* MMDBFetcherResponse.m */ = {isa = PBXFileReference; fileEncoding = 4; lastKnownFileType = sourcecode.c.objc; path = MMDBFetcherResponse.m; sourceTree = "<group>"; };
		B0A9902818CA43E900AC4CBB /* MMMenuItem.h */ = {isa = PBXFileReference; fileEncoding = 4; lastKnownFileType = sourcecode.c.h; path = MMMenuItem.h; sourceTree = "<group>"; };
		B0A9902918CA43E900AC4CBB /* MMMenuItem.m */ = {isa = PBXFileReference; fileEncoding = 4; lastKnownFileType = sourcecode.c.objc; path = MMMenuItem.m; sourceTree = "<group>"; };
		B0A9902A18CA43E900AC4CBB /* MMMenuItemFavLink.h */ = {isa = PBXFileReference; fileEncoding = 4; lastKnownFileType = sourcecode.c.h; path = MMMenuItemFavLink.h; sourceTree = "<group>"; };
		B0A9902B18CA43E900AC4CBB /* MMMenuItemFavLink.m */ = {isa = PBXFileReference; fileEncoding = 4; lastKnownFileType = sourcecode.c.objc; path = MMMenuItemFavLink.m; sourceTree = "<group>"; };
		B0A9902C18CA43E900AC4CBB /* MMMenuItemRating.h */ = {isa = PBXFileReference; fileEncoding = 4; lastKnownFileType = sourcecode.c.h; path = MMMenuItemRating.h; sourceTree = "<group>"; };
		B0A9902D18CA43E900AC4CBB /* MMMenuItemRating.m */ = {isa = PBXFileReference; fileEncoding = 4; lastKnownFileType = sourcecode.c.objc; path = MMMenuItemRating.m; sourceTree = "<group>"; };
		B0A9902E18CA43E900AC4CBB /* MMMerchant.h */ = {isa = PBXFileReference; fileEncoding = 4; lastKnownFileType = sourcecode.c.h; path = MMMerchant.h; sourceTree = "<group>"; };
		B0A9902F18CA43E900AC4CBB /* MMMerchant.m */ = {isa = PBXFileReference; fileEncoding = 4; lastKnownFileType = sourcecode.c.objc; path = MMMerchant.m; sourceTree = "<group>"; };
		B0A9903018CA43E900AC4CBB /* MMPopoverDataPair.h */ = {isa = PBXFileReference; fileEncoding = 4; lastKnownFileType = sourcecode.c.h; path = MMPopoverDataPair.h; sourceTree = "<group>"; };
		B0A9903118CA43E900AC4CBB /* MMPopoverDataPair.m */ = {isa = PBXFileReference; fileEncoding = 4; lastKnownFileType = sourcecode.c.objc; path = MMPopoverDataPair.m; sourceTree = "<group>"; };
		B0A9903218CA43E900AC4CBB /* MMRestriction.h */ = {isa = PBXFileReference; fileEncoding = 4; lastKnownFileType = sourcecode.c.h; path = MMRestriction.h; sourceTree = "<group>"; };
		B0A9903318CA43E900AC4CBB /* MMRestriction.m */ = {isa = PBXFileReference; fileEncoding = 4; lastKnownFileType = sourcecode.c.objc; path = MMRestriction.m; sourceTree = "<group>"; };
		B0A9903418CA43E900AC4CBB /* MMSpecial.h */ = {isa = PBXFileReference; fileEncoding = 4; lastKnownFileType = sourcecode.c.h; path = MMSpecial.h; sourceTree = "<group>"; };
		B0A9903518CA43E900AC4CBB /* MMSpecial.m */ = {isa = PBXFileReference; fileEncoding = 4; lastKnownFileType = sourcecode.c.objc; path = MMSpecial.m; sourceTree = "<group>"; };
		B0A9903618CA43E900AC4CBB /* MMSpecialType.h */ = {isa = PBXFileReference; fileEncoding = 4; lastKnownFileType = sourcecode.c.h; path = MMSpecialType.h; sourceTree = "<group>"; };
		B0A9903718CA43E900AC4CBB /* MMSpecialType.m */ = {isa = PBXFileReference; fileEncoding = 4; lastKnownFileType = sourcecode.c.objc; path = MMSpecialType.m; sourceTree = "<group>"; };
		B0A9903818CA43E900AC4CBB /* MMUser.h */ = {isa = PBXFileReference; fileEncoding = 4; lastKnownFileType = sourcecode.c.h; path = MMUser.h; sourceTree = "<group>"; };
		B0A9903918CA43E900AC4CBB /* MMUser.m */ = {isa = PBXFileReference; fileEncoding = 4; lastKnownFileType = sourcecode.c.objc; path = MMUser.m; sourceTree = "<group>"; };
		B0A9903B18CA43E900AC4CBB /* MMNetworkClientProtocol.h */ = {isa = PBXFileReference; fileEncoding = 4; lastKnownFileType = sourcecode.c.h; path = MMNetworkClientProtocol.h; sourceTree = "<group>"; };
		B0A9903D18CA43E900AC4CBB /* MMMainTabViewSegue.h */ = {isa = PBXFileReference; fileEncoding = 4; lastKnownFileType = sourcecode.c.h; path = MMMainTabViewSegue.h; sourceTree = "<group>"; };
		B0A9903E18CA43E900AC4CBB /* MMMainTabViewSegue.m */ = {isa = PBXFileReference; fileEncoding = 4; lastKnownFileType = sourcecode.c.objc; path = MMMainTabViewSegue.m; sourceTree = "<group>"; };
		B0A9904018CA43E900AC4CBB /* MMLocationManager.h */ = {isa = PBXFileReference; fileEncoding = 4; lastKnownFileType = sourcecode.c.h; path = MMLocationManager.h; sourceTree = "<group>"; };
		B0A9904118CA43E900AC4CBB /* MMLocationManager.m */ = {isa = PBXFileReference; fileEncoding = 4; lastKnownFileType = sourcecode.c.objc; path = MMLocationManager.m; sourceTree = "<group>"; };
		B0A9904218CA43E900AC4CBB /* MMLoginManager.h */ = {isa = PBXFileReference; fileEncoding = 4; lastKnownFileType = sourcecode.c.h; path = MMLoginManager.h; sourceTree = "<group>"; };
		B0A9904318CA43E900AC4CBB /* MMLoginManager.m */ = {isa = PBXFileReference; fileEncoding = 4; lastKnownFileType = sourcecode.c.objc; path = MMLoginManager.m; sourceTree = "<group>"; };
		B0A9904418CA43E900AC4CBB /* MMNetworkClientProxy.h */ = {isa = PBXFileReference; fileEncoding = 4; lastKnownFileType = sourcecode.c.h; path = MMNetworkClientProxy.h; sourceTree = "<group>"; };
		B0A9904518CA43E900AC4CBB /* MMNetworkClientProxy.m */ = {isa = PBXFileReference; fileEncoding = 4; lastKnownFileType = sourcecode.c.objc; path = MMNetworkClientProxy.m; sourceTree = "<group>"; };
		B0A9904618CA43E900AC4CBB /* MMSocialMediaService.h */ = {isa = PBXFileReference; fileEncoding = 4; lastKnownFileType = sourcecode.c.h; path = MMSocialMediaService.h; sourceTree = "<group>"; };
		B0A9904718CA43E900AC4CBB /* MMSocialMediaService.m */ = {isa = PBXFileReference; fileEncoding = 4; lastKnownFileType = sourcecode.c.objc; path = MMSocialMediaService.m; sourceTree = "<group>"; };
		B0A9904918CA43E900AC4CBB /* MMCompareTextFieldValidator.h */ = {isa = PBXFileReference; fileEncoding = 4; lastKnownFileType = sourcecode.c.h; path = MMCompareTextFieldValidator.h; sourceTree = "<group>"; };
		B0A9904A18CA43E900AC4CBB /* MMCompareTextFieldValidator.m */ = {isa = PBXFileReference; fileEncoding = 4; lastKnownFileType = sourcecode.c.objc; path = MMCompareTextFieldValidator.m; sourceTree = "<group>"; };
		B0A9904B18CA43E900AC4CBB /* MMMatchingTextFieldValidator.h */ = {isa = PBXFileReference; fileEncoding = 4; lastKnownFileType = sourcecode.c.h; path = MMMatchingTextFieldValidator.h; sourceTree = "<group>"; };
		B0A9904C18CA43E900AC4CBB /* MMMatchingTextFieldValidator.m */ = {isa = PBXFileReference; fileEncoding = 4; lastKnownFileType = sourcecode.c.objc; path = MMMatchingTextFieldValidator.m; sourceTree = "<group>"; };
		B0A9904D18CA43E900AC4CBB /* MMRegexTextFieldValidator.h */ = {isa = PBXFileReference; fileEncoding = 4; lastKnownFileType = sourcecode.c.h; path = MMRegexTextFieldValidator.h; sourceTree = "<group>"; };
		B0A9904E18CA43E900AC4CBB /* MMRegexTextFieldValidator.m */ = {isa = PBXFileReference; fileEncoding = 4; lastKnownFileType = sourcecode.c.objc; path = MMRegexTextFieldValidator.m; sourceTree = "<group>"; };
		B0A9904F18CA43E900AC4CBB /* MMRequiredTextFieldValidator.h */ = {isa = PBXFileReference; fileEncoding = 4; lastKnownFileType = sourcecode.c.h; path = MMRequiredTextFieldValidator.h; sourceTree = "<group>"; };
		B0A9905018CA43E900AC4CBB /* MMRequiredTextFieldValidator.m */ = {isa = PBXFileReference; fileEncoding = 4; lastKnownFileType = sourcecode.c.objc; path = MMRequiredTextFieldValidator.m; sourceTree = "<group>"; };
		B0A9905118CA43E900AC4CBB /* MMTextFieldValidator.h */ = {isa = PBXFileReference; fileEncoding = 4; lastKnownFileType = sourcecode.c.h; path = MMTextFieldValidator.h; sourceTree = "<group>"; };
		B0A9905218CA43E900AC4CBB /* MMTextFieldValidator.m */ = {isa = PBXFileReference; fileEncoding = 4; lastKnownFileType = sourcecode.c.objc; path = MMTextFieldValidator.m; sourceTree = "<group>"; };
		B0A9905318CA43E900AC4CBB /* MMUserNameValidator.h */ = {isa = PBXFileReference; fileEncoding = 4; lastKnownFileType = sourcecode.c.h; path = MMUserNameValidator.h; sourceTree = "<group>"; };
		B0A9905418CA43E900AC4CBB /* MMUserNameValidator.m */ = {isa = PBXFileReference; fileEncoding = 4; lastKnownFileType = sourcecode.c.objc; path = MMUserNameValidator.m; sourceTree = "<group>"; };
		B0A9905518CA43E900AC4CBB /* MMValidationManager.h */ = {isa = PBXFileReference; fileEncoding = 4; lastKnownFileType = sourcecode.c.h; path = MMValidationManager.h; sourceTree = "<group>"; };
		B0A9905618CA43E900AC4CBB /* MMValidationManager.m */ = {isa = PBXFileReference; fileEncoding = 4; lastKnownFileType = sourcecode.c.objc; path = MMValidationManager.m; sourceTree = "<group>"; };
		B0A9905718CA43E900AC4CBB /* MMValidator.h */ = {isa = PBXFileReference; fileEncoding = 4; lastKnownFileType = sourcecode.c.h; path = MMValidator.h; sourceTree = "<group>"; };
		B0A9905818CA43E900AC4CBB /* MMValidatorProtocol.h */ = {isa = PBXFileReference; fileEncoding = 4; lastKnownFileType = sourcecode.c.h; path = MMValidatorProtocol.h; sourceTree = "<group>"; };
		B0A9905A18CA43E900AC4CBB /* MMButton.h */ = {isa = PBXFileReference; fileEncoding = 4; lastKnownFileType = sourcecode.c.h; path = MMButton.h; sourceTree = "<group>"; };
		B0A9905B18CA43E900AC4CBB /* MMButton.m */ = {isa = PBXFileReference; fileEncoding = 4; lastKnownFileType = sourcecode.c.objc; path = MMButton.m; sourceTree = "<group>"; };
		B0A9905C18CA43E900AC4CBB /* MMDietaryRestrictionCell.h */ = {isa = PBXFileReference; fileEncoding = 4; lastKnownFileType = sourcecode.c.h; path = MMDietaryRestrictionCell.h; sourceTree = "<group>"; };
		B0A9905D18CA43E900AC4CBB /* MMDietaryRestrictionCell.m */ = {isa = PBXFileReference; fileEncoding = 4; lastKnownFileType = sourcecode.c.objc; path = MMDietaryRestrictionCell.m; sourceTree = "<group>"; };
		B0A9905E18CA43E900AC4CBB /* MMMenuItemCell.h */ = {isa = PBXFileReference; fileEncoding = 4; lastKnownFileType = sourcecode.c.h; path = MMMenuItemCell.h; sourceTree = "<group>"; };
		B0A9905F18CA43E900AC4CBB /* MMMenuItemCell.m */ = {isa = PBXFileReference; fileEncoding = 4; lastKnownFileType = sourcecode.c.objc; path = MMMenuItemCell.m; sourceTree = "<group>"; };
		B0A9906018CA43E900AC4CBB /* MMMenuItemReviewCell.h */ = {isa = PBXFileReference; fileEncoding = 4; lastKnownFileType = sourcecode.c.h; path = MMMenuItemReviewCell.h; sourceTree = "<group>"; };
		B0A9906118CA43E900AC4CBB /* MMMenuItemReviewCell.m */ = {isa = PBXFileReference; fileEncoding = 4; lastKnownFileType = sourcecode.c.objc; path = MMMenuItemReviewCell.m; sourceTree = "<group>"; };
		B0A9906218CA43E900AC4CBB /* MMRatingView.h */ = {isa = PBXFileReference; fileEncoding = 4; lastKnownFileType = sourcecode.c.h; path = MMRatingView.h; sourceTree = "<group>"; };
		B0A9906318CA43E900AC4CBB /* MMRatingView.m */ = {isa = PBXFileReference; fileEncoding = 4; lastKnownFileType = sourcecode.c.objc; path = MMRatingView.m; sourceTree = "<group>"; };
		B0A9906418CA43E900AC4CBB /* MMRestrictionSwitch.h */ = {isa = PBXFileReference; fileEncoding = 4; lastKnownFileType = sourcecode.c.h; path = MMRestrictionSwitch.h; sourceTree = "<group>"; };
		B0A9906518CA43E900AC4CBB /* MMRestrictionSwitch.m */ = {isa = PBXFileReference; fileEncoding = 4; lastKnownFileType = sourcecode.c.objc; path = MMRestrictionSwitch.m; sourceTree = "<group>"; };
		B0A9906618CA43E900AC4CBB /* MMRoundedView.h */ = {isa = PBXFileReference; fileEncoding = 4; lastKnownFileType = sourcecode.c.h; path = MMRoundedView.h; sourceTree = "<group>"; };
		B0A9906718CA43E900AC4CBB /* MMRoundedView.m */ = {isa = PBXFileReference; fileEncoding = 4; lastKnownFileType = sourcecode.c.objc; path = MMRoundedView.m; sourceTree = "<group>"; };
		B0A9906818CA43E900AC4CBB /* RestaurantCell.h */ = {isa = PBXFileReference; fileEncoding = 4; lastKnownFileType = sourcecode.c.h; path = RestaurantCell.h; sourceTree = "<group>"; };
		B0A9906918CA43E900AC4CBB /* RestaurantCell.m */ = {isa = PBXFileReference; fileEncoding = 4; lastKnownFileType = sourcecode.c.objc; path = RestaurantCell.m; sourceTree = "<group>"; };
		B0B0C4DC18A8245600BA47CB /* CurrentLocation.png */ = {isa = PBXFileReference; lastKnownFileType = image.png; path = CurrentLocation.png; sourceTree = "<group>"; };
		B0B0C4DD18A8245600BA47CB /* LocationMarker.png */ = {isa = PBXFileReference; lastKnownFileType = image.png; path = LocationMarker.png; sourceTree = "<group>"; };
		B0DE3FF018CAA68800190F2F /* Profile.storyboard */ = {isa = PBXFileReference; fileEncoding = 4; lastKnownFileType = file.storyboard; path = Profile.storyboard; sourceTree = "<group>"; };
		B0DF9BD118AC43C800BB42FA /* FacebookIcon.png */ = {isa = PBXFileReference; lastKnownFileType = image.png; path = FacebookIcon.png; sourceTree = "<group>"; };
		B0DF9BD218AC43C800BB42FA /* TwitterIcon.png */ = {isa = PBXFileReference; lastKnownFileType = image.png; path = TwitterIcon.png; sourceTree = "<group>"; };
		B0E7616118CA7C5900D1ABF7 /* libPods-RBStoryboardLink.a */ = {isa = PBXFileReference; lastKnownFileType = archive.ar; name = "libPods-RBStoryboardLink.a"; path = "Pods/build/Release-iphoneos/libPods-RBStoryboardLink.a"; sourceTree = "<group>"; };
		B0E7616418CA7EB900D1ABF7 /* Specials.storyboard */ = {isa = PBXFileReference; fileEncoding = 4; lastKnownFileType = file.storyboard; path = Specials.storyboard; sourceTree = "<group>"; };
		B0E7616618CA852D00D1ABF7 /* UIStoryboard+UIStoryboard_MyMenu.h */ = {isa = PBXFileReference; fileEncoding = 4; lastKnownFileType = sourcecode.c.h; path = "UIStoryboard+UIStoryboard_MyMenu.h"; sourceTree = "<group>"; };
		B0E7616718CA852D00D1ABF7 /* UIStoryboard+UIStoryboard_MyMenu.m */ = {isa = PBXFileReference; fileEncoding = 4; lastKnownFileType = sourcecode.c.objc; path = "UIStoryboard+UIStoryboard_MyMenu.m"; sourceTree = "<group>"; };
		B0E7616918CA876600D1ABF7 /* Map.storyboard */ = {isa = PBXFileReference; fileEncoding = 4; lastKnownFileType = file.storyboard; path = Map.storyboard; sourceTree = "<group>"; };
		B0E7616B18CA8D2700D1ABF7 /* Menu.storyboard */ = {isa = PBXFileReference; fileEncoding = 4; lastKnownFileType = file.storyboard; path = Menu.storyboard; sourceTree = "<group>"; };
		B0EB0C8218A397A200CAAF44 /* MMMockNetworkClient.h */ = {isa = PBXFileReference; fileEncoding = 4; lastKnownFileType = sourcecode.c.h; path = MMMockNetworkClient.h; sourceTree = "<group>"; };
		B0EB0C8318A397A200CAAF44 /* MMMockNetworkClient.m */ = {isa = PBXFileReference; fileEncoding = 4; lastKnownFileType = sourcecode.c.objc; path = MMMockNetworkClient.m; sourceTree = "<group>"; };
		B0EB0C8618A40E2E00CAAF44 /* libPods-MBProgressHUD.a */ = {isa = PBXFileReference; lastKnownFileType = archive.ar; name = "libPods-MBProgressHUD.a"; path = "Pods/build/Debug-iphoneos/libPods-MBProgressHUD.a"; sourceTree = "<group>"; };
/* End PBXFileReference section */

/* Begin PBXFrameworksBuildPhase section */
		83893EA418919AD400D36670 /* Frameworks */ = {
			isa = PBXFrameworksBuildPhase;
			buildActionMask = 2147483647;
			files = (
				B0E7616218CA7C5900D1ABF7 /* libPods-RBStoryboardLink.a in Frameworks */,
				B065BEAD18A40F8700EEA46B /* libPods-SDWebImage.a in Frameworks */,
				B0EB0C8718A40E2E00CAAF44 /* libPods-MBProgressHUD.a in Frameworks */,
				B09C25EA18A38E3E00E05289 /* libPods-RaptureXML.a in Frameworks */,
				B068A13418A738F4005E8036 /* Social.framework in Frameworks */,
				83A61ED118922E4E00269357 /* MapKit.framework in Frameworks */,
				83893EAD18919AD400D36670 /* CoreGraphics.framework in Frameworks */,
				83893EAF18919AD400D36670 /* UIKit.framework in Frameworks */,
				83893EAB18919AD400D36670 /* Foundation.framework in Frameworks */,
			);
			runOnlyForDeploymentPostprocessing = 0;
		};
		83893EC818919AD400D36670 /* Frameworks */ = {
			isa = PBXFrameworksBuildPhase;
			buildActionMask = 2147483647;
			files = (
				B09C25EC18A38EE000E05289 /* libPods.a in Frameworks */,
				83893ECD18919AD400D36670 /* XCTest.framework in Frameworks */,
				83893ECF18919AD400D36670 /* UIKit.framework in Frameworks */,
				83893ECE18919AD400D36670 /* Foundation.framework in Frameworks */,
			);
			runOnlyForDeploymentPostprocessing = 0;
		};
/* End PBXFrameworksBuildPhase section */

/* Begin PBXGroup section */
		8333C3EC1894B5680028FFBE /* image_pack */ = {
			isa = PBXGroup;
			children = (
				1744F9BD18C524FD009CCC95 /* upvote.png */,
				1744F9BE18C524FD009CCC95 /* upvote@2x.png */,
				B0DF9BD118AC43C800BB42FA /* FacebookIcon.png */,
				B0DF9BD218AC43C800BB42FA /* TwitterIcon.png */,
				17F9F80E18AC356F006B7DD0 /* twittershare.jpg */,
				17F9F80C18AC3565006B7DD0 /* facebookshare.jpg */,
				1731DFAB18A59B0F008BE05B /* 06-magnify.png */,
				B0B0C4DC18A8245600BA47CB /* CurrentLocation.png */,
				B0B0C4DD18A8245600BA47CB /* LocationMarker.png */,
				B0627E2818A2CB3700EAA045 /* 19-gear.png */,
				B0627E2918A2CB3700EAA045 /* 125-food.png */,
				B0627E2A18A2CB3700EAA045 /* 172-pricetag.png */,
				B0627E2B18A2CB3700EAA045 /* 184-warning.png */,
				B06B61A7189F4AD300A51A81 /* restriction_placeholder.png */,
				833C8C82189D9B85007CB562 /* logo.png */,
			);
			name = image_pack;
			path = simpletable_image_pack;
			sourceTree = "<group>";
		};
		83893E9E18919AD400D36670 = {
			isa = PBXGroup;
			children = (
				83893EB018919AD400D36670 /* MyMenu */,
				83893ED218919AD400D36670 /* MyMenuTests */,
				83893EA918919AD400D36670 /* Frameworks */,
				83893EA818919AD400D36670 /* Products */,
				5C67526E59F84C8AAF4F8411 /* Pods.xcconfig */,
			);
			sourceTree = "<group>";
		};
		83893EA818919AD400D36670 /* Products */ = {
			isa = PBXGroup;
			children = (
				83893EA718919AD400D36670 /* MyMenu.app */,
				83893ECB18919AD400D36670 /* MyMenuTests.xctest */,
			);
			name = Products;
			sourceTree = "<group>";
		};
		83893EA918919AD400D36670 /* Frameworks */ = {
			isa = PBXGroup;
			children = (
				B0E7616118CA7C5900D1ABF7 /* libPods-RBStoryboardLink.a */,
				B068A13318A738F4005E8036 /* Social.framework */,
				9B1CFF7F18A46CF600E9F778 /* libPods-NSString-UrlEncode.a */,
				B065BEAC18A40F8700EEA46B /* libPods-SDWebImage.a */,
				B0EB0C8618A40E2E00CAAF44 /* libPods-MBProgressHUD.a */,
				B09C25EB18A38EE000E05289 /* libPods.a */,
				B09C25E918A38E3E00E05289 /* libPods-RaptureXML.a */,
				B09C25E718A38DF400E05289 /* libPods-OCMock.a */,
				B0760F14189ED18D00C40D15 /* libMBProgressHUD.a */,
				9BBD9141189478DB006DDBCE /* libxml2.dylib */,
				9BBD913F189478CF006DDBCE /* libz.dylib */,
				83A61ED018922E4E00269357 /* MapKit.framework */,
				83893EAA18919AD400D36670 /* Foundation.framework */,
				83893EAC18919AD400D36670 /* CoreGraphics.framework */,
				83893EAE18919AD400D36670 /* UIKit.framework */,
				83893ECC18919AD400D36670 /* XCTest.framework */,
				8FD0A88C83664DE885E9A628 /* libPods.a */,
			);
			name = Frameworks;
			sourceTree = "<group>";
		};
		83893EB018919AD400D36670 /* MyMenu */ = {
			isa = PBXGroup;
			children = (
				B0A98FE218CA43E900AC4CBB /* Classes */,
				B0A98FCA18CA424300AC4CBB /* Resources */,
				83893EB118919AD400D36670 /* Supporting Files */,
			);
			path = MyMenu;
			sourceTree = "<group>";
		};
		83893EB118919AD400D36670 /* Supporting Files */ = {
			isa = PBXGroup;
			children = (
				83893EB218919AD400D36670 /* MyMenu-Info.plist */,
				83893EB318919AD400D36670 /* InfoPlist.strings */,
				83893EB618919AD400D36670 /* main.m */,
				83893EB818919AD400D36670 /* MyMenu-Prefix.pch */,
			);
			name = "Supporting Files";
			sourceTree = "<group>";
		};
		83893ED218919AD400D36670 /* MyMenuTests */ = {
			isa = PBXGroup;
			children = (
				B0EB0C8218A397A200CAAF44 /* MMMockNetworkClient.h */,
				B0EB0C8318A397A200CAAF44 /* MMMockNetworkClient.m */,
				B027167618A3527D0027BF4E /* MMMockDBFetcherDelegate.h */,
				B027167718A3527D0027BF4E /* MMMockDBFetcherDelegate.m */,
				B027167918A3574B0027BF4E /* MMDBFetcherTests.m */,
				83893ED318919AD400D36670 /* Supporting Files */,
			);
			path = MyMenuTests;
			sourceTree = "<group>";
		};
		83893ED318919AD400D36670 /* Supporting Files */ = {
			isa = PBXGroup;
			children = (
				83893ED418919AD400D36670 /* MyMenuTests-Info.plist */,
				83893ED518919AD400D36670 /* InfoPlist.strings */,
			);
			name = "Supporting Files";
			sourceTree = "<group>";
		};
		B0A98FCA18CA424300AC4CBB /* Resources */ = {
			isa = PBXGroup;
			children = (
				B0E7616318CA7C7500D1ABF7 /* Storyboards */,
				B0A98FCC18CA426800AC4CBB /* Images */,
				B0A98FCB18CA425300AC4CBB /* XIB */,
			);
			name = Resources;
			sourceTree = "<group>";
		};
		B0A98FCB18CA425300AC4CBB /* XIB */ = {
			isa = PBXGroup;
			children = (
				1731DFAD18A6CFB2008BE05B /* MenuItemCell.xib */,
				1722200218C279380022FE8B /* MenuItemReviewCell.xib */,
				174FE0C318945FE000CB82C0 /* RestaurantTableCell.xib */,
				83655A9F1891E2DF005EBF8A /* MapViewToolbar.xib */,
			);
			name = XIB;
			sourceTree = "<group>";
		};
		B0A98FCC18CA426800AC4CBB /* Images */ = {
			isa = PBXGroup;
			children = (
				83893EC518919AD400D36670 /* Images.xcassets */,
				8333C3EC1894B5680028FFBE /* image_pack */,
			);
			name = Images;
			sourceTree = "<group>";
		};
		B0A98FE218CA43E900AC4CBB /* Classes */ = {
			isa = PBXGroup;
			children = (
				B0A98FE318CA43E900AC4CBB /* AppDelegate */,
				B0A98FE618CA43E900AC4CBB /* Category */,
				B0A98FEB18CA43E900AC4CBB /* Controller */,
				B0A9901C18CA43E900AC4CBB /* Delegate */,
				B0A9902118CA43E900AC4CBB /* Misc */,
				B0A9902218CA43E900AC4CBB /* Model */,
				B0A9903A18CA43E900AC4CBB /* Protocol */,
				B0A9903C18CA43E900AC4CBB /* Segue */,
				B0A9903F18CA43E900AC4CBB /* Service */,
				B0A9904818CA43E900AC4CBB /* Validators */,
				B0A9905918CA43E900AC4CBB /* View */,
			);
			path = Classes;
			sourceTree = "<group>";
		};
		B0A98FE318CA43E900AC4CBB /* AppDelegate */ = {
			isa = PBXGroup;
			children = (
				B0A98FE418CA43E900AC4CBB /* MMAppDelegate.h */,
				B0A98FE518CA43E900AC4CBB /* MMAppDelegate.m */,
			);
			path = AppDelegate;
			sourceTree = "<group>";
		};
		B0A98FE618CA43E900AC4CBB /* Category */ = {
			isa = PBXGroup;
			children = (
				B0A98FE718CA43E900AC4CBB /* NSArray+MerchantSort.h */,
				B0A98FE818CA43E900AC4CBB /* NSArray+MerchantSort.m */,
				B0A98FE918CA43E900AC4CBB /* UIColor+MyMenuColors.h */,
				B0A98FEA18CA43E900AC4CBB /* UIColor+MyMenuColors.m */,
				B0E7616618CA852D00D1ABF7 /* UIStoryboard+UIStoryboard_MyMenu.h */,
				B0E7616718CA852D00D1ABF7 /* UIStoryboard+UIStoryboard_MyMenu.m */,
			);
			path = Category;
			sourceTree = "<group>";
		};
		B0A98FEB18CA43E900AC4CBB /* Controller */ = {
			isa = PBXGroup;
			children = (
				B0A98FEC18CA43E900AC4CBB /* MMAboutViewController.h */,
				B0A98FED18CA43E900AC4CBB /* MMAboutViewController.m */,
				B0A98FEE18CA43E900AC4CBB /* MMAccountViewController.h */,
				B0A98FEF18CA43E900AC4CBB /* MMAccountViewController.m */,
				B0A98FF018CA43E900AC4CBB /* MMBaseNavigationController.h */,
				B0A98FF118CA43E900AC4CBB /* MMBaseNavigationController.m */,
				B0A98FF218CA43E900AC4CBB /* MMCategoryPopOverViewController.h */,
				B0A98FF318CA43E900AC4CBB /* MMCategoryPopOverViewController.m */,
				B0A98FF418CA43E900AC4CBB /* MMDetailMapViewController.h */,
				B0A98FF518CA43E900AC4CBB /* MMDetailMapViewController.m */,
				B0A98FF618CA43E900AC4CBB /* MMDietaryRestrictionsViewController.h */,
				B0A98FF718CA43E900AC4CBB /* MMDietaryRestrictionsViewController.m */,
				B0A98FF818CA43E900AC4CBB /* MMLoginViewController.h */,
				B0A98FF918CA43E900AC4CBB /* MMLoginViewController.m */,
				B0A98FFA18CA43E900AC4CBB /* MMMainTabBarViewController.h */,
				B0A98FFB18CA43E900AC4CBB /* MMMainTabBarViewController.m */,
				B0A98FFC18CA43E900AC4CBB /* MMMasterProfileViewController.h */,
				B0A98FFD18CA43E900AC4CBB /* MMMasterProfileViewController.m */,
				B0A98FFE18CA43E900AC4CBB /* MMMasterRestaurantTableViewController.h */,
				B0A98FFF18CA43E900AC4CBB /* MMMasterRestaurantTableViewController.m */,
				B0A9900018CA43E900AC4CBB /* MMMenuItemPopOverViewController.h */,
				B0A9900118CA43E900AC4CBB /* MMMenuItemPopOverViewController.m */,
				B0A9900218CA43E900AC4CBB /* MMMenuItemViewController.h */,
				B0A9900318CA43E900AC4CBB /* MMMenuItemViewController.m */,
				B0A9900418CA43E900AC4CBB /* MMProfileSplitViewController.h */,
				B0A9900518CA43E900AC4CBB /* MMProfileSplitViewController.m */,
				B0A9900618CA43E900AC4CBB /* MMRatingPopoverViewController.h */,
				B0A9900718CA43E900AC4CBB /* MMRatingPopoverViewController.m */,
				B0A9900818CA43E900AC4CBB /* MMRegistrationPopoverViewController.h */,
				B0A9900918CA43E900AC4CBB /* MMRegistrationPopoverViewController.m */,
				B0A9900A18CA43E900AC4CBB /* MMRegistrationViewController.h */,
				B0A9900B18CA43E900AC4CBB /* MMRegistrationViewController.m */,
				B0A9900C18CA43E900AC4CBB /* MMRestaurantPopOverViewController.h */,
				B0A9900D18CA43E900AC4CBB /* MMRestaurantPopOverViewController.m */,
				B0A9900E18CA43E900AC4CBB /* MMRestaurantViewController.h */,
				B0A9900F18CA43E900AC4CBB /* MMRestaurantViewController.m */,
				B0A9901018CA43E900AC4CBB /* MMReviewPopOverViewController.h */,
				B0A9901118CA43E900AC4CBB /* MMReviewPopOverViewController.m */,
				B0A9901418CA43E900AC4CBB /* MMSpecialsCollectionViewController.h */,
				B0A9901518CA43E900AC4CBB /* MMSpecialsCollectionViewController.m */,
				B0A9901618CA43E900AC4CBB /* MMSpecialsPopOverTableView.h */,
				B0A9901718CA43E900AC4CBB /* MMSpecialsPopOverTableView.m */,
				B0A9901818CA43E900AC4CBB /* MMSpecialsPopOverWeek.h */,
				B0A9901918CA43E900AC4CBB /* MMSpecialsPopOverWeek.m */,
				B0A9901A18CA43E900AC4CBB /* MMSplitViewController.h */,
				B0A9901B18CA43E900AC4CBB /* MMSplitViewController.m */,
			);
			path = Controller;
			sourceTree = "<group>";
		};
		B0A9901C18CA43E900AC4CBB /* Delegate */ = {
			isa = PBXGroup;
			children = (
				B0A9901D18CA43E900AC4CBB /* MMRegistrationPopoverDelegate.h */,
				B0A9902018CA43E900AC4CBB /* MMRestaurantPopOverDelegate.h */,
				B0A9901E18CA43E900AC4CBB /* MMRestaurantMapDelegate.h */,
				B0A9901F18CA43E900AC4CBB /* MMRestaurantMapDelegate.m */,
			);
			path = Delegate;
			sourceTree = "<group>";
		};
		B0A9902118CA43E900AC4CBB /* Misc */ = {
			isa = PBXGroup;
			children = (
			);
			path = Misc;
			sourceTree = "<group>";
		};
		B0A9902218CA43E900AC4CBB /* Model */ = {
			isa = PBXGroup;
			children = (
				B0A9902318CA43E900AC4CBB /* MMDBFetcher.h */,
				B0A9902418CA43E900AC4CBB /* MMDBFetcher.m */,
				B0A9902518CA43E900AC4CBB /* MMDBFetcherDelegate.h */,
				B0A9902618CA43E900AC4CBB /* MMDBFetcherResponse.h */,
				B0A9902718CA43E900AC4CBB /* MMDBFetcherResponse.m */,
				B0A9902818CA43E900AC4CBB /* MMMenuItem.h */,
				B0A9902918CA43E900AC4CBB /* MMMenuItem.m */,
				B0A9902A18CA43E900AC4CBB /* MMMenuItemFavLink.h */,
				B0A9902B18CA43E900AC4CBB /* MMMenuItemFavLink.m */,
				B0A9902C18CA43E900AC4CBB /* MMMenuItemRating.h */,
				B0A9902D18CA43E900AC4CBB /* MMMenuItemRating.m */,
				B0A9902E18CA43E900AC4CBB /* MMMerchant.h */,
				B0A9902F18CA43E900AC4CBB /* MMMerchant.m */,
				B0A9903018CA43E900AC4CBB /* MMPopoverDataPair.h */,
				B0A9903118CA43E900AC4CBB /* MMPopoverDataPair.m */,
				B0A9903218CA43E900AC4CBB /* MMRestriction.h */,
				B0A9903318CA43E900AC4CBB /* MMRestriction.m */,
				B0A9903418CA43E900AC4CBB /* MMSpecial.h */,
				B0A9903518CA43E900AC4CBB /* MMSpecial.m */,
				B0A9903618CA43E900AC4CBB /* MMSpecialType.h */,
				B0A9903718CA43E900AC4CBB /* MMSpecialType.m */,
				B0A9903818CA43E900AC4CBB /* MMUser.h */,
				B0A9903918CA43E900AC4CBB /* MMUser.m */,
			);
			path = Model;
			sourceTree = "<group>";
		};
		B0A9903A18CA43E900AC4CBB /* Protocol */ = {
			isa = PBXGroup;
			children = (
				B0A9903B18CA43E900AC4CBB /* MMNetworkClientProtocol.h */,
			);
			path = Protocol;
			sourceTree = "<group>";
		};
		B0A9903C18CA43E900AC4CBB /* Segue */ = {
			isa = PBXGroup;
			children = (
				B0A9903D18CA43E900AC4CBB /* MMMainTabViewSegue.h */,
				B0A9903E18CA43E900AC4CBB /* MMMainTabViewSegue.m */,
			);
			path = Segue;
			sourceTree = "<group>";
		};
		B0A9903F18CA43E900AC4CBB /* Service */ = {
			isa = PBXGroup;
			children = (
				B0A9904018CA43E900AC4CBB /* MMLocationManager.h */,
				B0A9904118CA43E900AC4CBB /* MMLocationManager.m */,
				B0A9904218CA43E900AC4CBB /* MMLoginManager.h */,
				B0A9904318CA43E900AC4CBB /* MMLoginManager.m */,
				B0A9904418CA43E900AC4CBB /* MMNetworkClientProxy.h */,
				B0A9904518CA43E900AC4CBB /* MMNetworkClientProxy.m */,
				B0A9904618CA43E900AC4CBB /* MMSocialMediaService.h */,
				B0A9904718CA43E900AC4CBB /* MMSocialMediaService.m */,
			);
			path = Service;
			sourceTree = "<group>";
		};
		B0A9904818CA43E900AC4CBB /* Validators */ = {
			isa = PBXGroup;
			children = (
				B0A9904918CA43E900AC4CBB /* MMCompareTextFieldValidator.h */,
				B0A9904A18CA43E900AC4CBB /* MMCompareTextFieldValidator.m */,
				B0A9904B18CA43E900AC4CBB /* MMMatchingTextFieldValidator.h */,
				B0A9904C18CA43E900AC4CBB /* MMMatchingTextFieldValidator.m */,
				B0A9904D18CA43E900AC4CBB /* MMRegexTextFieldValidator.h */,
				B0A9904E18CA43E900AC4CBB /* MMRegexTextFieldValidator.m */,
				B0A9904F18CA43E900AC4CBB /* MMRequiredTextFieldValidator.h */,
				B0A9905018CA43E900AC4CBB /* MMRequiredTextFieldValidator.m */,
				B0A9905118CA43E900AC4CBB /* MMTextFieldValidator.h */,
				B0A9905218CA43E900AC4CBB /* MMTextFieldValidator.m */,
				B0A9905318CA43E900AC4CBB /* MMUserNameValidator.h */,
				B0A9905418CA43E900AC4CBB /* MMUserNameValidator.m */,
				B0A9905518CA43E900AC4CBB /* MMValidationManager.h */,
				B0A9905618CA43E900AC4CBB /* MMValidationManager.m */,
				B0A9905718CA43E900AC4CBB /* MMValidator.h */,
				B0A9905818CA43E900AC4CBB /* MMValidatorProtocol.h */,
			);
			path = Validators;
			sourceTree = "<group>";
		};
		B0A9905918CA43E900AC4CBB /* View */ = {
			isa = PBXGroup;
			children = (
				B0A9905A18CA43E900AC4CBB /* MMButton.h */,
				B0A9905B18CA43E900AC4CBB /* MMButton.m */,
				B0A9905C18CA43E900AC4CBB /* MMDietaryRestrictionCell.h */,
				B0A9905D18CA43E900AC4CBB /* MMDietaryRestrictionCell.m */,
				B0A9905E18CA43E900AC4CBB /* MMMenuItemCell.h */,
				B0A9905F18CA43E900AC4CBB /* MMMenuItemCell.m */,
				B0A9906018CA43E900AC4CBB /* MMMenuItemReviewCell.h */,
				B0A9906118CA43E900AC4CBB /* MMMenuItemReviewCell.m */,
				B0A9906218CA43E900AC4CBB /* MMRatingView.h */,
				B0A9906318CA43E900AC4CBB /* MMRatingView.m */,
				B0A9906418CA43E900AC4CBB /* MMRestrictionSwitch.h */,
				B0A9906518CA43E900AC4CBB /* MMRestrictionSwitch.m */,
				B0A9906618CA43E900AC4CBB /* MMRoundedView.h */,
				B0A9906718CA43E900AC4CBB /* MMRoundedView.m */,
				B0A9906818CA43E900AC4CBB /* RestaurantCell.h */,
				B0A9906918CA43E900AC4CBB /* RestaurantCell.m */,
			);
			path = View;
			sourceTree = "<group>";
		};
		B0E7616318CA7C7500D1ABF7 /* Storyboards */ = {
			isa = PBXGroup;
			children = (
				83893EBC18919AD400D36670 /* Main.storyboard */,
				B0E7616418CA7EB900D1ABF7 /* Specials.storyboard */,
				B0E7616918CA876600D1ABF7 /* Map.storyboard */,
				B0E7616B18CA8D2700D1ABF7 /* Menu.storyboard */,
				B0DE3FF018CAA68800190F2F /* Profile.storyboard */,
			);
			name = Storyboards;
			sourceTree = "<group>";
		};
/* End PBXGroup section */

/* Begin PBXNativeTarget section */
		83893EA618919AD400D36670 /* MyMenu */ = {
			isa = PBXNativeTarget;
			buildConfigurationList = 83893EDC18919AD400D36670 /* Build configuration list for PBXNativeTarget "MyMenu" */;
			buildPhases = (
				B531E901D50543BAB3F10BB7 /* Check Pods Manifest.lock */,
				83893EA318919AD400D36670 /* Sources */,
				83893EA418919AD400D36670 /* Frameworks */,
				83893EA518919AD400D36670 /* Resources */,
				DE3EA861C8CC4304A8C47F73 /* Copy Pods Resources */,
			);
			buildRules = (
			);
			dependencies = (
			);
			name = MyMenu;
			productName = MyMenu;
			productReference = 83893EA718919AD400D36670 /* MyMenu.app */;
			productType = "com.apple.product-type.application";
		};
		83893ECA18919AD400D36670 /* MyMenuTests */ = {
			isa = PBXNativeTarget;
			buildConfigurationList = 83893EDF18919AD400D36670 /* Build configuration list for PBXNativeTarget "MyMenuTests" */;
			buildPhases = (
				83893EC718919AD400D36670 /* Sources */,
				83893EC818919AD400D36670 /* Frameworks */,
				83893EC918919AD400D36670 /* Resources */,
			);
			buildRules = (
			);
			dependencies = (
				83893ED118919AD400D36670 /* PBXTargetDependency */,
			);
			name = MyMenuTests;
			productName = MyMenuTests;
			productReference = 83893ECB18919AD400D36670 /* MyMenuTests.xctest */;
			productType = "com.apple.product-type.bundle.unit-test";
		};
/* End PBXNativeTarget section */

/* Begin PBXProject section */
		83893E9F18919AD400D36670 /* Project object */ = {
			isa = PBXProject;
			attributes = {
				CLASSPREFIX = MM;
				LastUpgradeCheck = 0500;
				ORGANIZATIONNAME = "";
				TargetAttributes = {
					83893ECA18919AD400D36670 = {
						TestTargetID = 83893EA618919AD400D36670;
					};
				};
			};
			buildConfigurationList = 83893EA218919AD400D36670 /* Build configuration list for PBXProject "MyMenu" */;
			compatibilityVersion = "Xcode 3.2";
			developmentRegion = English;
			hasScannedForEncodings = 0;
			knownRegions = (
				en,
				Base,
			);
			mainGroup = 83893E9E18919AD400D36670;
			productRefGroup = 83893EA818919AD400D36670 /* Products */;
			projectDirPath = "";
			projectRoot = "";
			targets = (
				83893EA618919AD400D36670 /* MyMenu */,
				83893ECA18919AD400D36670 /* MyMenuTests */,
				B023EEAD18A9BF0500A3DBF8 /* Documentation */,
			);
		};
/* End PBXProject section */

/* Begin PBXResourcesBuildPhase section */
		83893EA518919AD400D36670 /* Resources */ = {
			isa = PBXResourcesBuildPhase;
			buildActionMask = 2147483647;
			files = (
				B0B8288D18C904C600FAACAF /* 19-gear.png in Resources */,
				B0627E2D18A2CB3700EAA045 /* 125-food.png in Resources */,
				1722200318C279380022FE8B /* MenuItemReviewCell.xib in Resources */,
				B0DF9BD418AC43C800BB42FA /* TwitterIcon.png in Resources */,
				1731DFAE18A6CFB2008BE05B /* MenuItemCell.xib in Resources */,
				1744F9C018C524FD009CCC95 /* upvote@2x.png in Resources */,
				B0DE3FF118CAA68800190F2F /* Profile.storyboard in Resources */,
				B0627E2E18A2CB3700EAA045 /* 172-pricetag.png in Resources */,
				833C8C83189D9B85007CB562 /* logo.png in Resources */,
				B0DF9BD318AC43C800BB42FA /* FacebookIcon.png in Resources */,
				B0627E2F18A2CB3700EAA045 /* 184-warning.png in Resources */,
				B0B0C4DE18A8245600BA47CB /* CurrentLocation.png in Resources */,
				174FE0C418945FE000CB82C0 /* RestaurantTableCell.xib in Resources */,
				17F9F80F18AC356F006B7DD0 /* twittershare.jpg in Resources */,
				83893EC618919AD400D36670 /* Images.xcassets in Resources */,
				83893EC618919AD400D36670 /* Images.xcassets in Resources */,
				B0E7616C18CA8D2700D1ABF7 /* Menu.storyboard in Resources */,
				17F9F80D18AC3565006B7DD0 /* facebookshare.jpg in Resources */,
				B06B61A8189F4AD300A51A81 /* restriction_placeholder.png in Resources */,
				1731DFAC18A59B0F008BE05B /* 06-magnify.png in Resources */,
				83893EB518919AD400D36670 /* InfoPlist.strings in Resources */,
				1744F9BF18C524FD009CCC95 /* upvote.png in Resources */,
				B0E7616518CA7EB900D1ABF7 /* Specials.storyboard in Resources */,
				83893EBE18919AD400D36670 /* Main.storyboard in Resources */,
				B0E7616A18CA876600D1ABF7 /* Map.storyboard in Resources */,
				83655AA01891E2DF005EBF8A /* MapViewToolbar.xib in Resources */,
				B0B0C4DF18A8245600BA47CB /* LocationMarker.png in Resources */,
			);
			runOnlyForDeploymentPostprocessing = 0;
		};
		83893EC918919AD400D36670 /* Resources */ = {
			isa = PBXResourcesBuildPhase;
			buildActionMask = 2147483647;
			files = (
				83893ED718919AD400D36670 /* InfoPlist.strings in Resources */,
			);
			runOnlyForDeploymentPostprocessing = 0;
		};
/* End PBXResourcesBuildPhase section */

/* Begin PBXShellScriptBuildPhase section */
		B023EEB118A9BF8100A3DBF8 /* ShellScript */ = {
			isa = PBXShellScriptBuildPhase;
			buildActionMask = 2147483647;
			files = (
			);
			inputPaths = (
			);
			outputPaths = (
			);
			runOnlyForDeploymentPostprocessing = 0;
			shellPath = /bin/sh;
			shellScript = "# Start constants\ncompany=\"MyMenu\";\ncompanyID=\"ca.mymenu\";\ncompanyURL=\"http://mymenuapp.ca\";\ntarget=\"iphoneos\";\noutputPath=\"../website/docs/ios\";\n\n# End constants\n./appledoc/bin/appledoc \\\n--project-name \"${PROJECT_NAME}\" \\\n--project-company \"${company}\" \\\n--company-id \"${companyID}\" \\\n--docset-atom-filename \"${company}.atom\" \\\n--docset-feed-url \"${companyURL}/${company}/%DOCSETATOMFILENAME\" \\\n--docset-package-url \"${companyURL}/${company}/%DOCSETPACKAGEFILENAME\" \\\n--docset-fallback-url \"${companyURL}/${company}\" \\\n--output \"${outputPath}\" \\\n--publish-docset \\\n--docset-platform-family \"${target}\" \\\n--logformat xcode \\\n--keep-intermediate-files \\\n--no-repeat-first-par \\\n--no-warn-invalid-crossref \\\n--exit-threshold 2 \\\n\"${PROJECT_DIR}\"";
		};
		B531E901D50543BAB3F10BB7 /* Check Pods Manifest.lock */ = {
			isa = PBXShellScriptBuildPhase;
			buildActionMask = 2147483647;
			files = (
			);
			inputPaths = (
			);
			name = "Check Pods Manifest.lock";
			outputPaths = (
			);
			runOnlyForDeploymentPostprocessing = 0;
			shellPath = /bin/sh;
			shellScript = "diff \"${PODS_ROOT}/../Podfile.lock\" \"${PODS_ROOT}/Manifest.lock\" > /dev/null\nif [[ $? != 0 ]] ; then\n    cat << EOM\nerror: The sandbox is not in sync with the Podfile.lock. Run 'pod install' or update your CocoaPods installation.\nEOM\n    exit 1\nfi\n";
			showEnvVarsInLog = 0;
		};
		DE3EA861C8CC4304A8C47F73 /* Copy Pods Resources */ = {
			isa = PBXShellScriptBuildPhase;
			buildActionMask = 2147483647;
			files = (
			);
			inputPaths = (
			);
			name = "Copy Pods Resources";
			outputPaths = (
			);
			runOnlyForDeploymentPostprocessing = 0;
			shellPath = /bin/sh;
			shellScript = "\"${SRCROOT}/Pods/Pods-resources.sh\"\n";
			showEnvVarsInLog = 0;
		};
/* End PBXShellScriptBuildPhase section */

/* Begin PBXSourcesBuildPhase section */
		83893EA318919AD400D36670 /* Sources */ = {
			isa = PBXSourcesBuildPhase;
			buildActionMask = 2147483647;
			files = (
				B0A9909918CA43E900AC4CBB /* MMRequiredTextFieldValidator.m in Sources */,
				B0A9907618CA43E900AC4CBB /* MMMasterRestaurantTableViewController.m in Sources */,
				B0A9909318CA43E900AC4CBB /* MMLoginManager.m in Sources */,
				B0A9909F18CA43E900AC4CBB /* MMMenuItemCell.m in Sources */,
				B0A9909B18CA43E900AC4CBB /* MMUserNameValidator.m in Sources */,
				B0A9907218CA43E900AC4CBB /* MMDietaryRestrictionsViewController.m in Sources */,
				B0A9908D18CA43E900AC4CBB /* MMRestriction.m in Sources */,
				B0A9907818CA43E900AC4CBB /* MMMenuItemViewController.m in Sources */,
				B0A990A118CA43E900AC4CBB /* MMRatingView.m in Sources */,
				B0A9909018CA43E900AC4CBB /* MMUser.m in Sources */,
				B0A9908718CA43E900AC4CBB /* MMDBFetcherResponse.m in Sources */,
				B0A9908B18CA43E900AC4CBB /* MMMerchant.m in Sources */,
				B0A9909518CA43E900AC4CBB /* MMSocialMediaService.m in Sources */,
				B0A9908C18CA43E900AC4CBB /* MMPopoverDataPair.m in Sources */,
				B0A9909C18CA43E900AC4CBB /* MMValidationManager.m in Sources */,
				B0A9908318CA43E900AC4CBB /* MMSpecialsPopOverWeek.m in Sources */,
				B0A9908818CA43E900AC4CBB /* MMMenuItem.m in Sources */,
				B0A9908218CA43E900AC4CBB /* MMSpecialsPopOverTableView.m in Sources */,
				B0A9908118CA43E900AC4CBB /* MMSpecialsCollectionViewController.m in Sources */,
				B0A9908F18CA43E900AC4CBB /* MMSpecialType.m in Sources */,
				B0A990A418CA43E900AC4CBB /* RestaurantCell.m in Sources */,
				B0A9908E18CA43E900AC4CBB /* MMSpecial.m in Sources */,
				B0A9908518CA43E900AC4CBB /* MMRestaurantMapDelegate.m in Sources */,
				B0A9907918CA43E900AC4CBB /* MMProfileSplitViewController.m in Sources */,
				B0A9906B18CA43E900AC4CBB /* NSArray+MerchantSort.m in Sources */,
				B0A9907A18CA43E900AC4CBB /* MMRatingPopoverViewController.m in Sources */,
				B0A9906D18CA43E900AC4CBB /* MMAboutViewController.m in Sources */,
				B0A9909D18CA43E900AC4CBB /* MMButton.m in Sources */,
				B0A9909E18CA43E900AC4CBB /* MMDietaryRestrictionCell.m in Sources */,
				B0A9908418CA43E900AC4CBB /* MMSplitViewController.m in Sources */,
				B0A9909A18CA43E900AC4CBB /* MMTextFieldValidator.m in Sources */,
				B0A9907018CA43E900AC4CBB /* MMCategoryPopOverViewController.m in Sources */,
				B0A9909218CA43E900AC4CBB /* MMLocationManager.m in Sources */,
				B0A9907D18CA43E900AC4CBB /* MMRestaurantPopOverViewController.m in Sources */,
				B0E7616818CA852D00D1ABF7 /* UIStoryboard+UIStoryboard_MyMenu.m in Sources */,
				B0A9907318CA43E900AC4CBB /* MMLoginViewController.m in Sources */,
				B0A9906E18CA43E900AC4CBB /* MMAccountViewController.m in Sources */,
				B0A9906A18CA43E900AC4CBB /* MMAppDelegate.m in Sources */,
				B0A9906C18CA43E900AC4CBB /* UIColor+MyMenuColors.m in Sources */,
				B0A9907B18CA43E900AC4CBB /* MMRegistrationPopoverViewController.m in Sources */,
				B0A9908A18CA43E900AC4CBB /* MMMenuItemRating.m in Sources */,
				B0A9907C18CA43E900AC4CBB /* MMRegistrationViewController.m in Sources */,
				B0A9907E18CA43E900AC4CBB /* MMRestaurantViewController.m in Sources */,
				B0A9909618CA43E900AC4CBB /* MMCompareTextFieldValidator.m in Sources */,
				B0A9907518CA43E900AC4CBB /* MMMasterProfileViewController.m in Sources */,
				B0A9909418CA43E900AC4CBB /* MMNetworkClientProxy.m in Sources */,
				83893EB718919AD400D36670 /* main.m in Sources */,
				B0A9907418CA43E900AC4CBB /* MMMainTabBarViewController.m in Sources */,
				B0A9906F18CA43E900AC4CBB /* MMBaseNavigationController.m in Sources */,
				B0A9907718CA43E900AC4CBB /* MMMenuItemPopOverViewController.m in Sources */,
				B0A990A318CA43E900AC4CBB /* MMRoundedView.m in Sources */,
				B0A9907118CA43E900AC4CBB /* MMDetailMapViewController.m in Sources */,
				B0A990A018CA43E900AC4CBB /* MMMenuItemReviewCell.m in Sources */,
				B0A9909818CA43E900AC4CBB /* MMRegexTextFieldValidator.m in Sources */,
				B0A990A218CA43E900AC4CBB /* MMRestrictionSwitch.m in Sources */,
				B0A9908918CA43E900AC4CBB /* MMMenuItemFavLink.m in Sources */,
				B0A9909718CA43E900AC4CBB /* MMMatchingTextFieldValidator.m in Sources */,
				B0A9907F18CA43E900AC4CBB /* MMReviewPopOverViewController.m in Sources */,
				B0A9909118CA43E900AC4CBB /* MMMainTabViewSegue.m in Sources */,
				B0A9908618CA43E900AC4CBB /* MMDBFetcher.m in Sources */,
			);
			runOnlyForDeploymentPostprocessing = 0;
		};
		83893EC718919AD400D36670 /* Sources */ = {
			isa = PBXSourcesBuildPhase;
			buildActionMask = 2147483647;
			files = (
				B027167A18A3574B0027BF4E /* MMDBFetcherTests.m in Sources */,
				B0EB0C8418A397A200CAAF44 /* MMMockNetworkClient.m in Sources */,
				B027167818A3527D0027BF4E /* MMMockDBFetcherDelegate.m in Sources */,
			);
			runOnlyForDeploymentPostprocessing = 0;
		};
/* End PBXSourcesBuildPhase section */

/* Begin PBXTargetDependency section */
		83893ED118919AD400D36670 /* PBXTargetDependency */ = {
			isa = PBXTargetDependency;
			target = 83893EA618919AD400D36670 /* MyMenu */;
			targetProxy = 83893ED018919AD400D36670 /* PBXContainerItemProxy */;
		};
/* End PBXTargetDependency section */

/* Begin PBXVariantGroup section */
		83893EB318919AD400D36670 /* InfoPlist.strings */ = {
			isa = PBXVariantGroup;
			children = (
				83893EB418919AD400D36670 /* en */,
			);
			name = InfoPlist.strings;
			sourceTree = "<group>";
		};
		83893EBC18919AD400D36670 /* Main.storyboard */ = {
			isa = PBXVariantGroup;
			children = (
				83893EBD18919AD400D36670 /* Base */,
				83B88AE518BBFD55002BAF20 /* en */,
			);
			name = Main.storyboard;
			sourceTree = "<group>";
		};
		83893ED518919AD400D36670 /* InfoPlist.strings */ = {
			isa = PBXVariantGroup;
			children = (
				83893ED618919AD400D36670 /* en */,
			);
			name = InfoPlist.strings;
			sourceTree = "<group>";
		};
/* End PBXVariantGroup section */

/* Begin XCBuildConfiguration section */
		83893EDA18919AD400D36670 /* Debug */ = {
			isa = XCBuildConfiguration;
			buildSettings = {
				ALWAYS_SEARCH_USER_PATHS = YES;
				ARCHS = "$(ARCHS_STANDARD_INCLUDING_64_BIT)";
				ASSETCATALOG_COMPILER_APPICON_NAME = "";
				CLANG_CXX_LANGUAGE_STANDARD = "gnu++0x";
				CLANG_CXX_LIBRARY = "libc++";
				CLANG_ENABLE_MODULES = YES;
				CLANG_ENABLE_OBJC_ARC = YES;
				CLANG_WARN_BOOL_CONVERSION = YES;
				CLANG_WARN_CONSTANT_CONVERSION = YES;
				CLANG_WARN_DIRECT_OBJC_ISA_USAGE = YES_ERROR;
				CLANG_WARN_EMPTY_BODY = YES;
				CLANG_WARN_ENUM_CONVERSION = YES;
				CLANG_WARN_INT_CONVERSION = YES;
				CLANG_WARN_OBJC_ROOT_CLASS = YES_ERROR;
				CLANG_WARN__DUPLICATE_METHOD_MATCH = YES;
				"CODE_SIGN_IDENTITY[sdk=iphoneos*]" = "iPhone Developer: Louis Lim (F9XGHU68GK)";
				COPY_PHASE_STRIP = NO;
				DEPLOYMENT_LOCATION = YES;
				GCC_C_LANGUAGE_STANDARD = gnu99;
				GCC_DYNAMIC_NO_PIC = NO;
				GCC_OPTIMIZATION_LEVEL = 0;
				GCC_PREPROCESSOR_DEFINITIONS = (
					"DEBUG=1",
					"$(inherited)",
				);
				GCC_SYMBOLS_PRIVATE_EXTERN = NO;
				GCC_WARN_64_TO_32_BIT_CONVERSION = YES;
				GCC_WARN_ABOUT_RETURN_TYPE = YES_ERROR;
				GCC_WARN_UNDECLARED_SELECTOR = YES;
				GCC_WARN_UNINITIALIZED_AUTOS = YES;
				GCC_WARN_UNUSED_FUNCTION = YES;
				GCC_WARN_UNUSED_VARIABLE = YES;
				HEADER_SEARCH_PATHS = (
					"$(inherited)",
					/Applications/Xcode.app/Contents/Developer/Toolchains/XcodeDefault.xctoolchain/usr/include,
				);
				IPHONEOS_DEPLOYMENT_TARGET = 7.0;
				ONLY_ACTIVE_ARCH = YES;
				PROVISIONING_PROFILE = "C242E115-B748-4086-BF5D-14FDBE4FF357";
				SDKROOT = iphoneos;
				TARGETED_DEVICE_FAMILY = 2;
			};
			name = Debug;
		};
		83893EDB18919AD400D36670 /* Release */ = {
			isa = XCBuildConfiguration;
			buildSettings = {
				ALWAYS_SEARCH_USER_PATHS = YES;
				ARCHS = "$(ARCHS_STANDARD_INCLUDING_64_BIT)";
				CLANG_CXX_LANGUAGE_STANDARD = "gnu++0x";
				CLANG_CXX_LIBRARY = "libc++";
				CLANG_ENABLE_MODULES = YES;
				CLANG_ENABLE_OBJC_ARC = YES;
				CLANG_WARN_BOOL_CONVERSION = YES;
				CLANG_WARN_CONSTANT_CONVERSION = YES;
				CLANG_WARN_DIRECT_OBJC_ISA_USAGE = YES_ERROR;
				CLANG_WARN_EMPTY_BODY = YES;
				CLANG_WARN_ENUM_CONVERSION = YES;
				CLANG_WARN_INT_CONVERSION = YES;
				CLANG_WARN_OBJC_ROOT_CLASS = YES_ERROR;
				CLANG_WARN__DUPLICATE_METHOD_MATCH = YES;
				"CODE_SIGN_IDENTITY[sdk=iphoneos*]" = "iPhone Developer: Louis Lim (F9XGHU68GK)";
				COPY_PHASE_STRIP = YES;
				DEPLOYMENT_LOCATION = YES;
				ENABLE_NS_ASSERTIONS = NO;
				GCC_C_LANGUAGE_STANDARD = gnu99;
				GCC_WARN_64_TO_32_BIT_CONVERSION = YES;
				GCC_WARN_ABOUT_RETURN_TYPE = YES_ERROR;
				GCC_WARN_UNDECLARED_SELECTOR = YES;
				GCC_WARN_UNINITIALIZED_AUTOS = YES;
				GCC_WARN_UNUSED_FUNCTION = YES;
				GCC_WARN_UNUSED_VARIABLE = YES;
				HEADER_SEARCH_PATHS = (
					"$(inherited)",
					/Applications/Xcode.app/Contents/Developer/Toolchains/XcodeDefault.xctoolchain/usr/include,
				);
				IPHONEOS_DEPLOYMENT_TARGET = 7.0;
				PROVISIONING_PROFILE = "C242E115-B748-4086-BF5D-14FDBE4FF357";
				SDKROOT = iphoneos;
				TARGETED_DEVICE_FAMILY = 2;
				VALIDATE_PRODUCT = YES;
			};
			name = Release;
		};
		83893EDD18919AD400D36670 /* Debug */ = {
			isa = XCBuildConfiguration;
			baseConfigurationReference = 5C67526E59F84C8AAF4F8411 /* Pods.xcconfig */;
			buildSettings = {
				ASSETCATALOG_COMPILER_LAUNCHIMAGE_NAME = LaunchImage;
				GCC_PRECOMPILE_PREFIX_HEADER = YES;
				GCC_PREFIX_HEADER = "MyMenu/MyMenu-Prefix.pch";
				HEADER_SEARCH_PATHS = (
					"$(inherited)",
					/Applications/Xcode.app/Contents/Developer/Toolchains/XcodeDefault.xctoolchain/usr/include,
				);
				INFOPLIST_FILE = "MyMenu/MyMenu-Info.plist";
				IPHONEOS_DEPLOYMENT_TARGET = 7.0;
				LIBRARY_SEARCH_PATHS = "$(inherited)";
				PRODUCT_NAME = "$(TARGET_NAME)";
				WRAPPER_EXTENSION = app;
			};
			name = Debug;
		};
		83893EDE18919AD400D36670 /* Release */ = {
			isa = XCBuildConfiguration;
			baseConfigurationReference = 5C67526E59F84C8AAF4F8411 /* Pods.xcconfig */;
			buildSettings = {
				ASSETCATALOG_COMPILER_LAUNCHIMAGE_NAME = LaunchImage;
				GCC_PRECOMPILE_PREFIX_HEADER = YES;
				GCC_PREFIX_HEADER = "MyMenu/MyMenu-Prefix.pch";
				HEADER_SEARCH_PATHS = (
					"$(inherited)",
					/Applications/Xcode.app/Contents/Developer/Toolchains/XcodeDefault.xctoolchain/usr/include,
				);
				INFOPLIST_FILE = "MyMenu/MyMenu-Info.plist";
				IPHONEOS_DEPLOYMENT_TARGET = 7.0;
				LIBRARY_SEARCH_PATHS = "$(inherited)";
				PRODUCT_NAME = "$(TARGET_NAME)";
				WRAPPER_EXTENSION = app;
			};
			name = Release;
		};
		83893EE018919AD400D36670 /* Debug */ = {
			isa = XCBuildConfiguration;
			baseConfigurationReference = 5C67526E59F84C8AAF4F8411 /* Pods.xcconfig */;
			buildSettings = {
				ALWAYS_SEARCH_USER_PATHS = YES;
				ARCHS = "$(ARCHS_STANDARD_INCLUDING_64_BIT)";
				BUNDLE_LOADER = "$(BUILT_PRODUCTS_DIR)/MyMenu.app/MyMenu";
				FRAMEWORK_SEARCH_PATHS = (
					"$(SDKROOT)/Developer/Library/Frameworks",
					"$(inherited)",
					"$(DEVELOPER_FRAMEWORKS_DIR)",
				);
				GCC_PRECOMPILE_PREFIX_HEADER = YES;
				GCC_PREFIX_HEADER = "MyMenu/MyMenu-Prefix.pch";
				GCC_PREPROCESSOR_DEFINITIONS = (
					"DEBUG=1",
					"$(inherited)",
				);
				INFOPLIST_FILE = "MyMenuTests/MyMenuTests-Info.plist";
				PRODUCT_NAME = "$(TARGET_NAME)";
				TEST_HOST = "$(BUNDLE_LOADER)";
				WRAPPER_EXTENSION = xctest;
			};
			name = Debug;
		};
		83893EE118919AD400D36670 /* Release */ = {
			isa = XCBuildConfiguration;
			baseConfigurationReference = 5C67526E59F84C8AAF4F8411 /* Pods.xcconfig */;
			buildSettings = {
				ALWAYS_SEARCH_USER_PATHS = YES;
				ARCHS = "$(ARCHS_STANDARD_INCLUDING_64_BIT)";
				BUNDLE_LOADER = "$(BUILT_PRODUCTS_DIR)/MyMenu.app/MyMenu";
				FRAMEWORK_SEARCH_PATHS = (
					"$(SDKROOT)/Developer/Library/Frameworks",
					"$(inherited)",
					"$(DEVELOPER_FRAMEWORKS_DIR)",
				);
				GCC_PRECOMPILE_PREFIX_HEADER = YES;
				GCC_PREFIX_HEADER = "MyMenu/MyMenu-Prefix.pch";
				INFOPLIST_FILE = "MyMenuTests/MyMenuTests-Info.plist";
				PRODUCT_NAME = "$(TARGET_NAME)";
				TEST_HOST = "$(BUNDLE_LOADER)";
				WRAPPER_EXTENSION = xctest;
			};
			name = Release;
		};
		B023EEAE18A9BF0500A3DBF8 /* Debug */ = {
			isa = XCBuildConfiguration;
			buildSettings = {
				PRODUCT_NAME = "$(TARGET_NAME)";
			};
			name = Debug;
		};
		B023EEAF18A9BF0500A3DBF8 /* Release */ = {
			isa = XCBuildConfiguration;
			buildSettings = {
				PRODUCT_NAME = "$(TARGET_NAME)";
			};
			name = Release;
		};
/* End XCBuildConfiguration section */

/* Begin XCConfigurationList section */
		83893EA218919AD400D36670 /* Build configuration list for PBXProject "MyMenu" */ = {
			isa = XCConfigurationList;
			buildConfigurations = (
				83893EDA18919AD400D36670 /* Debug */,
				83893EDB18919AD400D36670 /* Release */,
			);
			defaultConfigurationIsVisible = 0;
			defaultConfigurationName = Release;
		};
		83893EDC18919AD400D36670 /* Build configuration list for PBXNativeTarget "MyMenu" */ = {
			isa = XCConfigurationList;
			buildConfigurations = (
				83893EDD18919AD400D36670 /* Debug */,
				83893EDE18919AD400D36670 /* Release */,
			);
			defaultConfigurationIsVisible = 0;
			defaultConfigurationName = Release;
		};
		83893EDF18919AD400D36670 /* Build configuration list for PBXNativeTarget "MyMenuTests" */ = {
			isa = XCConfigurationList;
			buildConfigurations = (
				83893EE018919AD400D36670 /* Debug */,
				83893EE118919AD400D36670 /* Release */,
			);
			defaultConfigurationIsVisible = 0;
			defaultConfigurationName = Release;
		};
		B023EEB018A9BF0500A3DBF8 /* Build configuration list for PBXAggregateTarget "Documentation" */ = {
			isa = XCConfigurationList;
			buildConfigurations = (
				B023EEAE18A9BF0500A3DBF8 /* Debug */,
				B023EEAF18A9BF0500A3DBF8 /* Release */,
			);
			defaultConfigurationIsVisible = 0;
			defaultConfigurationName = Release;
		};
/* End XCConfigurationList section */
	};
	rootObject = 83893E9F18919AD400D36670 /* Project object */;
}
